
Microsoft Visual Studio Solution File, Format Version 12.00
# Visual Studio Version 16
VisualStudioVersion = 16.0.30413.136
MinimumVisualStudioVersion = 10.0.40219.1
Project("{FAE04EC0-301F-11D3-BF4B-00C04F79EFBC}") = "Process", "Process\Process.csproj", "{EA60F26B-6F88-4F75-846B-5F79EBDA3CBA}"
EndProject
Project("{FAE04EC0-301F-11D3-BF4B-00C04F79EFBC}") = "SocketClient", "SocketClient\SocketClient.csproj", "{6BD5297F-A1B9-49D4-9C51-35BA5786CB3A}"
EndProject
Project("{FAE04EC0-301F-11D3-BF4B-00C04F79EFBC}") = "SocketServer", "SocketServer\SocketServer.csproj", "{19226A97-188F-4F1A-A074-958AEB1ACD5E}"
EndProject
Project("{FAE04EC0-301F-11D3-BF4B-00C04F79EFBC}") = "PCCHAT", "PCCHAT\PCCHAT.csproj", "{FAA3FB6F-2EBA-4D6A-9CFF-A0E10FBD8B66}"
EndProject
Project("{FAE04EC0-301F-11D3-BF4B-00C04F79EFBC}") = "Observer", "Observer\Observer.csproj", "{E24C20DD-B3D6-440E-B33B-EA0593F93F04}"
EndProject
Project("{2150E333-8FDC-42A3-9474-1A3956D46DE8}") = "23", "23", "{070EF366-2D8B-4B1C-BCFD-790FE7A3B272}"
EndProject
Project("{FAE04EC0-301F-11D3-BF4B-00C04F79EFBC}") = "Builder", "Builder\Builder.csproj", "{EC893986-9FC4-4EE1-AD9E-0A25419A5254}"
EndProject
Project("{FAE04EC0-301F-11D3-BF4B-00C04F79EFBC}") = "Prototype", "Prototype\Prototype.csproj", "{2AE06B83-C426-45E5-9EA5-61C09D245407}"
EndProject
Project("{FAE04EC0-301F-11D3-BF4B-00C04F79EFBC}") = "Adapter", "Adapter\Adapter.csproj", "{CC41A1D9-28A3-4D2E-BC9F-C5C575BF40AB}"
EndProject
Project("{FAE04EC0-301F-11D3-BF4B-00C04F79EFBC}") = "Remote", "Remote\Remote.csproj", "{F01F0F60-3672-436D-AAAA-AD068E1FCB12}"
EndProject
Project("{FAE04EC0-301F-11D3-BF4B-00C04F79EFBC}") = "Decorator", "Decorator\Decorator.csproj", "{D74ED08A-F51E-40EC-89A8-7531F33B1435}"
EndProject
Project("{FAE04EC0-301F-11D3-BF4B-00C04F79EFBC}") = "Composite", "Composite\Composite.csproj", "{F31D0C38-5719-4914-A8E9-7A4DD7FD57BF}"
EndProject
Project("{FAE04EC0-301F-11D3-BF4B-00C04F79EFBC}") = "Facade", "Facade\Facade.csproj", "{A368CBF9-7CA2-448A-AD3C-16EDCA991395}"
EndProject
Project("{FAE04EC0-301F-11D3-BF4B-00C04F79EFBC}") = "FlyWeight", "FlyWeight\FlyWeight.csproj", "{776BE8E4-FC5F-4413-993B-A96F26F8E844}"
EndProject
Project("{FAE04EC0-301F-11D3-BF4B-00C04F79EFBC}") = "Proxy", "Proxy\Proxy.csproj", "{27EAD967-36B3-4E18-AEB6-4CFA03E8F1C9}"
EndProject
Project("{FAE04EC0-301F-11D3-BF4B-00C04F79EFBC}") = "Template", "Template\Template.csproj", "{84420EB4-60A1-407A-80CA-12E55404F92E}"
EndProject
Project("{FAE04EC0-301F-11D3-BF4B-00C04F79EFBC}") = "Command", "Command\Command.csproj", "{7CEE3373-0A98-4F3A-881E-86B7E0ED03C9}"
EndProject
Project("{FAE04EC0-301F-11D3-BF4B-00C04F79EFBC}") = "Iterator", "Iterator\Iterator.csproj", "{CEA88A85-862A-416F-B624-A045A852726D}"
EndProject
Project("{FAE04EC0-301F-11D3-BF4B-00C04F79EFBC}") = "Mediator", "Mediator\Mediator.csproj", "{F9D24A8B-DD68-4C93-9D34-3C07C82C916A}"
EndProject
Project("{FAE04EC0-301F-11D3-BF4B-00C04F79EFBC}") = "State", "State\State.csproj", "{45E8A2AE-9BCB-4B94-ABB2-453B201C3E1E}"
EndProject
Project("{FAE04EC0-301F-11D3-BF4B-00C04F79EFBC}") = "Strategy", "Strategy\Strategy.csproj", "{933C2786-C7A8-492D-80FD-74DA856B6C7F}"
EndProject
Project("{FAE04EC0-301F-11D3-BF4B-00C04F79EFBC}") = "ChainOfResponsibility", "ChainOfResponsibility\ChainOfResponsibility.csproj", "{D2740F77-B659-4185-8A0B-9AE046C0E976}"
EndProject
Project("{FAE04EC0-301F-11D3-BF4B-00C04F79EFBC}") = "Vistor", "Vistor\Vistor.csproj", "{98B44678-5D38-40FE-9745-9B8DFC8E7388}"
EndProject
Project("{FAE04EC0-301F-11D3-BF4B-00C04F79EFBC}") = "Memento", "Memento\Memento.csproj", "{0FF4C2A5-CEA1-474F-B9AB-95B09D5DAF61}"
EndProject
Project("{2150E333-8FDC-42A3-9474-1A3956D46DE8}") = "DDD", "DDD", "{4297B82F-50AD-4C59-9981-BF550C9CC59A}"
EndProject
Project("{FAE04EC0-301F-11D3-BF4B-00C04F79EFBC}") = "WCFServer", "WCFServer\WCFServer.csproj", "{C35A00E6-4C6F-4FE0-926D-847245D471BE}"
EndProject
Project("{2150E333-8FDC-42A3-9474-1A3956D46DE8}") = "Socket", "Socket", "{BD568057-A36E-4FD8-BADD-9F5DFC27170E}"
EndProject
Project("{2150E333-8FDC-42A3-9474-1A3956D46DE8}") = "WCF", "WCF", "{B2EBB4AE-F2C0-4718-9BFD-3D784468E300}"
EndProject
Project("{FAE04EC0-301F-11D3-BF4B-00C04F79EFBC}") = "WCFClient", "WCFClient\WCFClient.csproj", "{0133378E-ACF3-48A5-9CF9-4010B7BA7C55}"
	ProjectSection(ProjectDependencies) = postProject
		{C35A00E6-4C6F-4FE0-926D-847245D471BE} = {C35A00E6-4C6F-4FE0-926D-847245D471BE}
	EndProjectSection
EndProject
Project("{2150E333-8FDC-42A3-9474-1A3956D46DE8}") = "WF", "WF", "{A60F1FA1-4D8E-4522-B99C-97055D5495D1}"
EndProject
Project("{FAE04EC0-301F-11D3-BF4B-00C04F79EFBC}") = "WFConsole", "WFConsole\WFConsole.csproj", "{EB9C94B9-91B4-4F66-9763-6CE637901145}"
EndProject
Project("{2150E333-8FDC-42A3-9474-1A3956D46DE8}") = "WPF", "WPF", "{A614CD30-DBA5-4586-AE81-7E7701644F43}"
EndProject
Project("{FAE04EC0-301F-11D3-BF4B-00C04F79EFBC}") = "WcfDemo", "WcfDemo\WcfDemo.csproj", "{D035B064-E2F3-4885-8604-D0D8F6409CD7}"
EndProject
Project("{2150E333-8FDC-42A3-9474-1A3956D46DE8}") = "MSMQ", "MSMQ", "{65D654D0-15D3-4222-A5D2-0AE0C7053D17}"
EndProject
Project("{2150E333-8FDC-42A3-9474-1A3956D46DE8}") = "Mongdb", "Mongdb", "{B75CB631-8429-4639-A8F4-4487455FA3A6}"
EndProject
Project("{FAE04EC0-301F-11D3-BF4B-00C04F79EFBC}") = "Mongdb", "Mongdb\Mongdb.csproj", "{1D97FB53-04EE-47CA-B789-ABAA5165B9FA}"
EndProject
Project("{2150E333-8FDC-42A3-9474-1A3956D46DE8}") = "frame", "frame", "{C3A27FDB-C590-4EAF-8666-40EC6786538C}"
EndProject
Project("{FAE04EC0-301F-11D3-BF4B-00C04F79EFBC}") = "Singleton", "Singleton\Singleton.csproj", "{EF8D737D-D7AD-417A-9081-F74A63F06643}"
EndProject
Project("{FAE04EC0-301F-11D3-BF4B-00C04F79EFBC}") = "Common", "Common\Common.csproj", "{96D20A96-2AC3-4C9F-80D6-E70E27B672D9}"
EndProject
Project("{2150E333-8FDC-42A3-9474-1A3956D46DE8}") = "RabbitMQ", "RabbitMQ", "{807E34C1-EC7B-4FB7-BD8A-A151469C9F9E}"
EndProject
Project("{FAE04EC0-301F-11D3-BF4B-00C04F79EFBC}") = "RabbitMQSend", "RabbitMQ\RabbitMQSend.csproj", "{AB606E4F-F0ED-469D-AB3D-63C3EE05492E}"
EndProject
Project("{FAE04EC0-301F-11D3-BF4B-00C04F79EFBC}") = "RabbitMQReceiving", "RabbitMQReceiving\RabbitMQReceiving.csproj", "{2FF5BF37-DFD0-4EB0-9DDD-BF8253ABAE81}"
EndProject
Project("{FAE04EC0-301F-11D3-BF4B-00C04F79EFBC}") = "Test", "Test\Test.csproj", "{1F6C377E-9745-43A3-BBD1-0ACF6902A1D0}"
EndProject
Project("{9A19103F-16F7-4668-BE54-9A1E7A4F7556}") = "ThreadAsync", "Thread\ThreadAsync.csproj", "{003A388F-8D78-43AA-8703-9C107D2EF7F4}"
EndProject
Project("{FAE04EC0-301F-11D3-BF4B-00C04F79EFBC}") = "WindowsFormsApp", "WindowsFormsApp\WindowsFormsApp.csproj", "{D4437B00-489A-496C-A521-CB77D9EF6F48}"
EndProject
Project("{9A19103F-16F7-4668-BE54-9A1E7A4F7556}") = "RedisOperate", "RedisOperate\RedisOperate.csproj", "{F225181C-C68B-42B0-868B-35CF9EE2EC9E}"
EndProject
Project("{FAE04EC0-301F-11D3-BF4B-00C04F79EFBC}") = "Phone.Android", "Phone\Phone.Android\Phone.Android.csproj", "{1A7D6030-3307-40F4-B83C-87626BE09EF2}"
EndProject
Project("{FAE04EC0-301F-11D3-BF4B-00C04F79EFBC}") = "Phone.iOS", "Phone\Phone.iOS\Phone.iOS.csproj", "{82DCC446-9B30-4076-8993-A529A5CEC8EE}"
EndProject
Project("{FAE04EC0-301F-11D3-BF4B-00C04F79EFBC}") = "Phone", "Phone\Phone\Phone.csproj", "{3F4232CA-8E37-4FE3-890C-84197178786D}"
EndProject
Global
	GlobalSection(SolutionConfigurationPlatforms) = preSolution
		Debug|Any CPU = Debug|Any CPU
		Debug|ARM = Debug|ARM
		Debug|iPhone = Debug|iPhone
		Debug|iPhoneSimulator = Debug|iPhoneSimulator
		Debug|x86 = Debug|x86
		Release|Any CPU = Release|Any CPU
		Release|ARM = Release|ARM
		Release|iPhone = Release|iPhone
		Release|iPhoneSimulator = Release|iPhoneSimulator
		Release|x86 = Release|x86
	EndGlobalSection
	GlobalSection(ProjectConfigurationPlatforms) = postSolution
		{EA60F26B-6F88-4F75-846B-5F79EBDA3CBA}.Debug|Any CPU.ActiveCfg = Debug|Any CPU
		{EA60F26B-6F88-4F75-846B-5F79EBDA3CBA}.Debug|Any CPU.Build.0 = Debug|Any CPU
		{EA60F26B-6F88-4F75-846B-5F79EBDA3CBA}.Debug|ARM.ActiveCfg = Debug|Any CPU
		{EA60F26B-6F88-4F75-846B-5F79EBDA3CBA}.Debug|ARM.Build.0 = Debug|Any CPU
		{EA60F26B-6F88-4F75-846B-5F79EBDA3CBA}.Debug|iPhone.ActiveCfg = Debug|Any CPU
		{EA60F26B-6F88-4F75-846B-5F79EBDA3CBA}.Debug|iPhone.Build.0 = Debug|Any CPU
		{EA60F26B-6F88-4F75-846B-5F79EBDA3CBA}.Debug|iPhoneSimulator.ActiveCfg = Debug|Any CPU
		{EA60F26B-6F88-4F75-846B-5F79EBDA3CBA}.Debug|iPhoneSimulator.Build.0 = Debug|Any CPU
		{EA60F26B-6F88-4F75-846B-5F79EBDA3CBA}.Debug|x86.ActiveCfg = Debug|Any CPU
		{EA60F26B-6F88-4F75-846B-5F79EBDA3CBA}.Debug|x86.Build.0 = Debug|Any CPU
		{EA60F26B-6F88-4F75-846B-5F79EBDA3CBA}.Release|Any CPU.ActiveCfg = Release|Any CPU
		{EA60F26B-6F88-4F75-846B-5F79EBDA3CBA}.Release|Any CPU.Build.0 = Release|Any CPU
		{EA60F26B-6F88-4F75-846B-5F79EBDA3CBA}.Release|ARM.ActiveCfg = Release|Any CPU
		{EA60F26B-6F88-4F75-846B-5F79EBDA3CBA}.Release|ARM.Build.0 = Release|Any CPU
		{EA60F26B-6F88-4F75-846B-5F79EBDA3CBA}.Release|iPhone.ActiveCfg = Release|Any CPU
		{EA60F26B-6F88-4F75-846B-5F79EBDA3CBA}.Release|iPhone.Build.0 = Release|Any CPU
		{EA60F26B-6F88-4F75-846B-5F79EBDA3CBA}.Release|iPhoneSimulator.ActiveCfg = Release|Any CPU
		{EA60F26B-6F88-4F75-846B-5F79EBDA3CBA}.Release|iPhoneSimulator.Build.0 = Release|Any CPU
		{EA60F26B-6F88-4F75-846B-5F79EBDA3CBA}.Release|x86.ActiveCfg = Release|Any CPU
		{EA60F26B-6F88-4F75-846B-5F79EBDA3CBA}.Release|x86.Build.0 = Release|Any CPU
		{6BD5297F-A1B9-49D4-9C51-35BA5786CB3A}.Debug|Any CPU.ActiveCfg = Debug|Any CPU
		{6BD5297F-A1B9-49D4-9C51-35BA5786CB3A}.Debug|Any CPU.Build.0 = Debug|Any CPU
		{6BD5297F-A1B9-49D4-9C51-35BA5786CB3A}.Debug|ARM.ActiveCfg = Debug|Any CPU
		{6BD5297F-A1B9-49D4-9C51-35BA5786CB3A}.Debug|ARM.Build.0 = Debug|Any CPU
		{6BD5297F-A1B9-49D4-9C51-35BA5786CB3A}.Debug|iPhone.ActiveCfg = Debug|Any CPU
		{6BD5297F-A1B9-49D4-9C51-35BA5786CB3A}.Debug|iPhone.Build.0 = Debug|Any CPU
		{6BD5297F-A1B9-49D4-9C51-35BA5786CB3A}.Debug|iPhoneSimulator.ActiveCfg = Debug|Any CPU
		{6BD5297F-A1B9-49D4-9C51-35BA5786CB3A}.Debug|iPhoneSimulator.Build.0 = Debug|Any CPU
		{6BD5297F-A1B9-49D4-9C51-35BA5786CB3A}.Debug|x86.ActiveCfg = Debug|Any CPU
		{6BD5297F-A1B9-49D4-9C51-35BA5786CB3A}.Debug|x86.Build.0 = Debug|Any CPU
		{6BD5297F-A1B9-49D4-9C51-35BA5786CB3A}.Release|Any CPU.ActiveCfg = Release|Any CPU
		{6BD5297F-A1B9-49D4-9C51-35BA5786CB3A}.Release|Any CPU.Build.0 = Release|Any CPU
		{6BD5297F-A1B9-49D4-9C51-35BA5786CB3A}.Release|ARM.ActiveCfg = Release|Any CPU
		{6BD5297F-A1B9-49D4-9C51-35BA5786CB3A}.Release|ARM.Build.0 = Release|Any CPU
		{6BD5297F-A1B9-49D4-9C51-35BA5786CB3A}.Release|iPhone.ActiveCfg = Release|Any CPU
		{6BD5297F-A1B9-49D4-9C51-35BA5786CB3A}.Release|iPhone.Build.0 = Release|Any CPU
		{6BD5297F-A1B9-49D4-9C51-35BA5786CB3A}.Release|iPhoneSimulator.ActiveCfg = Release|Any CPU
		{6BD5297F-A1B9-49D4-9C51-35BA5786CB3A}.Release|iPhoneSimulator.Build.0 = Release|Any CPU
		{6BD5297F-A1B9-49D4-9C51-35BA5786CB3A}.Release|x86.ActiveCfg = Release|Any CPU
		{6BD5297F-A1B9-49D4-9C51-35BA5786CB3A}.Release|x86.Build.0 = Release|Any CPU
		{19226A97-188F-4F1A-A074-958AEB1ACD5E}.Debug|Any CPU.ActiveCfg = Debug|Any CPU
		{19226A97-188F-4F1A-A074-958AEB1ACD5E}.Debug|Any CPU.Build.0 = Debug|Any CPU
		{19226A97-188F-4F1A-A074-958AEB1ACD5E}.Debug|ARM.ActiveCfg = Debug|Any CPU
		{19226A97-188F-4F1A-A074-958AEB1ACD5E}.Debug|ARM.Build.0 = Debug|Any CPU
		{19226A97-188F-4F1A-A074-958AEB1ACD5E}.Debug|iPhone.ActiveCfg = Debug|Any CPU
		{19226A97-188F-4F1A-A074-958AEB1ACD5E}.Debug|iPhone.Build.0 = Debug|Any CPU
		{19226A97-188F-4F1A-A074-958AEB1ACD5E}.Debug|iPhoneSimulator.ActiveCfg = Debug|Any CPU
		{19226A97-188F-4F1A-A074-958AEB1ACD5E}.Debug|iPhoneSimulator.Build.0 = Debug|Any CPU
		{19226A97-188F-4F1A-A074-958AEB1ACD5E}.Debug|x86.ActiveCfg = Debug|Any CPU
		{19226A97-188F-4F1A-A074-958AEB1ACD5E}.Debug|x86.Build.0 = Debug|Any CPU
		{19226A97-188F-4F1A-A074-958AEB1ACD5E}.Release|Any CPU.ActiveCfg = Release|Any CPU
		{19226A97-188F-4F1A-A074-958AEB1ACD5E}.Release|Any CPU.Build.0 = Release|Any CPU
		{19226A97-188F-4F1A-A074-958AEB1ACD5E}.Release|ARM.ActiveCfg = Release|Any CPU
		{19226A97-188F-4F1A-A074-958AEB1ACD5E}.Release|ARM.Build.0 = Release|Any CPU
		{19226A97-188F-4F1A-A074-958AEB1ACD5E}.Release|iPhone.ActiveCfg = Release|Any CPU
		{19226A97-188F-4F1A-A074-958AEB1ACD5E}.Release|iPhone.Build.0 = Release|Any CPU
		{19226A97-188F-4F1A-A074-958AEB1ACD5E}.Release|iPhoneSimulator.ActiveCfg = Release|Any CPU
		{19226A97-188F-4F1A-A074-958AEB1ACD5E}.Release|iPhoneSimulator.Build.0 = Release|Any CPU
		{19226A97-188F-4F1A-A074-958AEB1ACD5E}.Release|x86.ActiveCfg = Release|Any CPU
		{19226A97-188F-4F1A-A074-958AEB1ACD5E}.Release|x86.Build.0 = Release|Any CPU
		{FAA3FB6F-2EBA-4D6A-9CFF-A0E10FBD8B66}.Debug|Any CPU.ActiveCfg = Debug|Any CPU
		{FAA3FB6F-2EBA-4D6A-9CFF-A0E10FBD8B66}.Debug|Any CPU.Build.0 = Debug|Any CPU
		{FAA3FB6F-2EBA-4D6A-9CFF-A0E10FBD8B66}.Debug|ARM.ActiveCfg = Debug|Any CPU
		{FAA3FB6F-2EBA-4D6A-9CFF-A0E10FBD8B66}.Debug|ARM.Build.0 = Debug|Any CPU
		{FAA3FB6F-2EBA-4D6A-9CFF-A0E10FBD8B66}.Debug|iPhone.ActiveCfg = Debug|Any CPU
		{FAA3FB6F-2EBA-4D6A-9CFF-A0E10FBD8B66}.Debug|iPhone.Build.0 = Debug|Any CPU
		{FAA3FB6F-2EBA-4D6A-9CFF-A0E10FBD8B66}.Debug|iPhoneSimulator.ActiveCfg = Debug|Any CPU
		{FAA3FB6F-2EBA-4D6A-9CFF-A0E10FBD8B66}.Debug|iPhoneSimulator.Build.0 = Debug|Any CPU
		{FAA3FB6F-2EBA-4D6A-9CFF-A0E10FBD8B66}.Debug|x86.ActiveCfg = Debug|Any CPU
		{FAA3FB6F-2EBA-4D6A-9CFF-A0E10FBD8B66}.Debug|x86.Build.0 = Debug|Any CPU
		{FAA3FB6F-2EBA-4D6A-9CFF-A0E10FBD8B66}.Release|Any CPU.ActiveCfg = Release|Any CPU
		{FAA3FB6F-2EBA-4D6A-9CFF-A0E10FBD8B66}.Release|Any CPU.Build.0 = Release|Any CPU
		{FAA3FB6F-2EBA-4D6A-9CFF-A0E10FBD8B66}.Release|ARM.ActiveCfg = Release|Any CPU
		{FAA3FB6F-2EBA-4D6A-9CFF-A0E10FBD8B66}.Release|ARM.Build.0 = Release|Any CPU
		{FAA3FB6F-2EBA-4D6A-9CFF-A0E10FBD8B66}.Release|iPhone.ActiveCfg = Release|Any CPU
		{FAA3FB6F-2EBA-4D6A-9CFF-A0E10FBD8B66}.Release|iPhone.Build.0 = Release|Any CPU
		{FAA3FB6F-2EBA-4D6A-9CFF-A0E10FBD8B66}.Release|iPhoneSimulator.ActiveCfg = Release|Any CPU
		{FAA3FB6F-2EBA-4D6A-9CFF-A0E10FBD8B66}.Release|iPhoneSimulator.Build.0 = Release|Any CPU
		{FAA3FB6F-2EBA-4D6A-9CFF-A0E10FBD8B66}.Release|x86.ActiveCfg = Release|Any CPU
		{FAA3FB6F-2EBA-4D6A-9CFF-A0E10FBD8B66}.Release|x86.Build.0 = Release|Any CPU
		{E24C20DD-B3D6-440E-B33B-EA0593F93F04}.Debug|Any CPU.ActiveCfg = Debug|Any CPU
		{E24C20DD-B3D6-440E-B33B-EA0593F93F04}.Debug|Any CPU.Build.0 = Debug|Any CPU
		{E24C20DD-B3D6-440E-B33B-EA0593F93F04}.Debug|ARM.ActiveCfg = Debug|Any CPU
		{E24C20DD-B3D6-440E-B33B-EA0593F93F04}.Debug|ARM.Build.0 = Debug|Any CPU
		{E24C20DD-B3D6-440E-B33B-EA0593F93F04}.Debug|iPhone.ActiveCfg = Debug|Any CPU
		{E24C20DD-B3D6-440E-B33B-EA0593F93F04}.Debug|iPhone.Build.0 = Debug|Any CPU
		{E24C20DD-B3D6-440E-B33B-EA0593F93F04}.Debug|iPhoneSimulator.ActiveCfg = Debug|Any CPU
		{E24C20DD-B3D6-440E-B33B-EA0593F93F04}.Debug|iPhoneSimulator.Build.0 = Debug|Any CPU
		{E24C20DD-B3D6-440E-B33B-EA0593F93F04}.Debug|x86.ActiveCfg = Debug|Any CPU
		{E24C20DD-B3D6-440E-B33B-EA0593F93F04}.Debug|x86.Build.0 = Debug|Any CPU
		{E24C20DD-B3D6-440E-B33B-EA0593F93F04}.Release|Any CPU.ActiveCfg = Release|Any CPU
		{E24C20DD-B3D6-440E-B33B-EA0593F93F04}.Release|Any CPU.Build.0 = Release|Any CPU
		{E24C20DD-B3D6-440E-B33B-EA0593F93F04}.Release|ARM.ActiveCfg = Release|Any CPU
		{E24C20DD-B3D6-440E-B33B-EA0593F93F04}.Release|ARM.Build.0 = Release|Any CPU
		{E24C20DD-B3D6-440E-B33B-EA0593F93F04}.Release|iPhone.ActiveCfg = Release|Any CPU
		{E24C20DD-B3D6-440E-B33B-EA0593F93F04}.Release|iPhone.Build.0 = Release|Any CPU
		{E24C20DD-B3D6-440E-B33B-EA0593F93F04}.Release|iPhoneSimulator.ActiveCfg = Release|Any CPU
		{E24C20DD-B3D6-440E-B33B-EA0593F93F04}.Release|iPhoneSimulator.Build.0 = Release|Any CPU
		{E24C20DD-B3D6-440E-B33B-EA0593F93F04}.Release|x86.ActiveCfg = Release|Any CPU
		{E24C20DD-B3D6-440E-B33B-EA0593F93F04}.Release|x86.Build.0 = Release|Any CPU
		{EC893986-9FC4-4EE1-AD9E-0A25419A5254}.Debug|Any CPU.ActiveCfg = Debug|Any CPU
		{EC893986-9FC4-4EE1-AD9E-0A25419A5254}.Debug|Any CPU.Build.0 = Debug|Any CPU
		{EC893986-9FC4-4EE1-AD9E-0A25419A5254}.Debug|ARM.ActiveCfg = Debug|Any CPU
		{EC893986-9FC4-4EE1-AD9E-0A25419A5254}.Debug|ARM.Build.0 = Debug|Any CPU
		{EC893986-9FC4-4EE1-AD9E-0A25419A5254}.Debug|iPhone.ActiveCfg = Debug|Any CPU
		{EC893986-9FC4-4EE1-AD9E-0A25419A5254}.Debug|iPhone.Build.0 = Debug|Any CPU
		{EC893986-9FC4-4EE1-AD9E-0A25419A5254}.Debug|iPhoneSimulator.ActiveCfg = Debug|Any CPU
		{EC893986-9FC4-4EE1-AD9E-0A25419A5254}.Debug|iPhoneSimulator.Build.0 = Debug|Any CPU
		{EC893986-9FC4-4EE1-AD9E-0A25419A5254}.Debug|x86.ActiveCfg = Debug|Any CPU
		{EC893986-9FC4-4EE1-AD9E-0A25419A5254}.Debug|x86.Build.0 = Debug|Any CPU
		{EC893986-9FC4-4EE1-AD9E-0A25419A5254}.Release|Any CPU.ActiveCfg = Release|Any CPU
		{EC893986-9FC4-4EE1-AD9E-0A25419A5254}.Release|Any CPU.Build.0 = Release|Any CPU
		{EC893986-9FC4-4EE1-AD9E-0A25419A5254}.Release|ARM.ActiveCfg = Release|Any CPU
		{EC893986-9FC4-4EE1-AD9E-0A25419A5254}.Release|ARM.Build.0 = Release|Any CPU
		{EC893986-9FC4-4EE1-AD9E-0A25419A5254}.Release|iPhone.ActiveCfg = Release|Any CPU
		{EC893986-9FC4-4EE1-AD9E-0A25419A5254}.Release|iPhone.Build.0 = Release|Any CPU
		{EC893986-9FC4-4EE1-AD9E-0A25419A5254}.Release|iPhoneSimulator.ActiveCfg = Release|Any CPU
		{EC893986-9FC4-4EE1-AD9E-0A25419A5254}.Release|iPhoneSimulator.Build.0 = Release|Any CPU
		{EC893986-9FC4-4EE1-AD9E-0A25419A5254}.Release|x86.ActiveCfg = Release|Any CPU
		{EC893986-9FC4-4EE1-AD9E-0A25419A5254}.Release|x86.Build.0 = Release|Any CPU
		{2AE06B83-C426-45E5-9EA5-61C09D245407}.Debug|Any CPU.ActiveCfg = Debug|Any CPU
		{2AE06B83-C426-45E5-9EA5-61C09D245407}.Debug|Any CPU.Build.0 = Debug|Any CPU
		{2AE06B83-C426-45E5-9EA5-61C09D245407}.Debug|ARM.ActiveCfg = Debug|Any CPU
		{2AE06B83-C426-45E5-9EA5-61C09D245407}.Debug|ARM.Build.0 = Debug|Any CPU
		{2AE06B83-C426-45E5-9EA5-61C09D245407}.Debug|iPhone.ActiveCfg = Debug|Any CPU
		{2AE06B83-C426-45E5-9EA5-61C09D245407}.Debug|iPhone.Build.0 = Debug|Any CPU
		{2AE06B83-C426-45E5-9EA5-61C09D245407}.Debug|iPhoneSimulator.ActiveCfg = Debug|Any CPU
		{2AE06B83-C426-45E5-9EA5-61C09D245407}.Debug|iPhoneSimulator.Build.0 = Debug|Any CPU
		{2AE06B83-C426-45E5-9EA5-61C09D245407}.Debug|x86.ActiveCfg = Debug|Any CPU
		{2AE06B83-C426-45E5-9EA5-61C09D245407}.Debug|x86.Build.0 = Debug|Any CPU
		{2AE06B83-C426-45E5-9EA5-61C09D245407}.Release|Any CPU.ActiveCfg = Release|Any CPU
		{2AE06B83-C426-45E5-9EA5-61C09D245407}.Release|Any CPU.Build.0 = Release|Any CPU
		{2AE06B83-C426-45E5-9EA5-61C09D245407}.Release|ARM.ActiveCfg = Release|Any CPU
		{2AE06B83-C426-45E5-9EA5-61C09D245407}.Release|ARM.Build.0 = Release|Any CPU
		{2AE06B83-C426-45E5-9EA5-61C09D245407}.Release|iPhone.ActiveCfg = Release|Any CPU
		{2AE06B83-C426-45E5-9EA5-61C09D245407}.Release|iPhone.Build.0 = Release|Any CPU
		{2AE06B83-C426-45E5-9EA5-61C09D245407}.Release|iPhoneSimulator.ActiveCfg = Release|Any CPU
		{2AE06B83-C426-45E5-9EA5-61C09D245407}.Release|iPhoneSimulator.Build.0 = Release|Any CPU
		{2AE06B83-C426-45E5-9EA5-61C09D245407}.Release|x86.ActiveCfg = Release|Any CPU
		{2AE06B83-C426-45E5-9EA5-61C09D245407}.Release|x86.Build.0 = Release|Any CPU
		{CC41A1D9-28A3-4D2E-BC9F-C5C575BF40AB}.Debug|Any CPU.ActiveCfg = Debug|Any CPU
		{CC41A1D9-28A3-4D2E-BC9F-C5C575BF40AB}.Debug|Any CPU.Build.0 = Debug|Any CPU
		{CC41A1D9-28A3-4D2E-BC9F-C5C575BF40AB}.Debug|ARM.ActiveCfg = Debug|Any CPU
		{CC41A1D9-28A3-4D2E-BC9F-C5C575BF40AB}.Debug|ARM.Build.0 = Debug|Any CPU
		{CC41A1D9-28A3-4D2E-BC9F-C5C575BF40AB}.Debug|iPhone.ActiveCfg = Debug|Any CPU
		{CC41A1D9-28A3-4D2E-BC9F-C5C575BF40AB}.Debug|iPhone.Build.0 = Debug|Any CPU
		{CC41A1D9-28A3-4D2E-BC9F-C5C575BF40AB}.Debug|iPhoneSimulator.ActiveCfg = Debug|Any CPU
		{CC41A1D9-28A3-4D2E-BC9F-C5C575BF40AB}.Debug|iPhoneSimulator.Build.0 = Debug|Any CPU
		{CC41A1D9-28A3-4D2E-BC9F-C5C575BF40AB}.Debug|x86.ActiveCfg = Debug|Any CPU
		{CC41A1D9-28A3-4D2E-BC9F-C5C575BF40AB}.Debug|x86.Build.0 = Debug|Any CPU
		{CC41A1D9-28A3-4D2E-BC9F-C5C575BF40AB}.Release|Any CPU.ActiveCfg = Release|Any CPU
		{CC41A1D9-28A3-4D2E-BC9F-C5C575BF40AB}.Release|Any CPU.Build.0 = Release|Any CPU
		{CC41A1D9-28A3-4D2E-BC9F-C5C575BF40AB}.Release|ARM.ActiveCfg = Release|Any CPU
		{CC41A1D9-28A3-4D2E-BC9F-C5C575BF40AB}.Release|ARM.Build.0 = Release|Any CPU
		{CC41A1D9-28A3-4D2E-BC9F-C5C575BF40AB}.Release|iPhone.ActiveCfg = Release|Any CPU
		{CC41A1D9-28A3-4D2E-BC9F-C5C575BF40AB}.Release|iPhone.Build.0 = Release|Any CPU
		{CC41A1D9-28A3-4D2E-BC9F-C5C575BF40AB}.Release|iPhoneSimulator.ActiveCfg = Release|Any CPU
		{CC41A1D9-28A3-4D2E-BC9F-C5C575BF40AB}.Release|iPhoneSimulator.Build.0 = Release|Any CPU
		{CC41A1D9-28A3-4D2E-BC9F-C5C575BF40AB}.Release|x86.ActiveCfg = Release|Any CPU
		{CC41A1D9-28A3-4D2E-BC9F-C5C575BF40AB}.Release|x86.Build.0 = Release|Any CPU
		{F01F0F60-3672-436D-AAAA-AD068E1FCB12}.Debug|Any CPU.ActiveCfg = Debug|Any CPU
		{F01F0F60-3672-436D-AAAA-AD068E1FCB12}.Debug|Any CPU.Build.0 = Debug|Any CPU
		{F01F0F60-3672-436D-AAAA-AD068E1FCB12}.Debug|ARM.ActiveCfg = Debug|Any CPU
		{F01F0F60-3672-436D-AAAA-AD068E1FCB12}.Debug|ARM.Build.0 = Debug|Any CPU
		{F01F0F60-3672-436D-AAAA-AD068E1FCB12}.Debug|iPhone.ActiveCfg = Debug|Any CPU
		{F01F0F60-3672-436D-AAAA-AD068E1FCB12}.Debug|iPhone.Build.0 = Debug|Any CPU
		{F01F0F60-3672-436D-AAAA-AD068E1FCB12}.Debug|iPhoneSimulator.ActiveCfg = Debug|Any CPU
		{F01F0F60-3672-436D-AAAA-AD068E1FCB12}.Debug|iPhoneSimulator.Build.0 = Debug|Any CPU
		{F01F0F60-3672-436D-AAAA-AD068E1FCB12}.Debug|x86.ActiveCfg = Debug|Any CPU
		{F01F0F60-3672-436D-AAAA-AD068E1FCB12}.Debug|x86.Build.0 = Debug|Any CPU
		{F01F0F60-3672-436D-AAAA-AD068E1FCB12}.Release|Any CPU.ActiveCfg = Release|Any CPU
		{F01F0F60-3672-436D-AAAA-AD068E1FCB12}.Release|Any CPU.Build.0 = Release|Any CPU
		{F01F0F60-3672-436D-AAAA-AD068E1FCB12}.Release|ARM.ActiveCfg = Release|Any CPU
		{F01F0F60-3672-436D-AAAA-AD068E1FCB12}.Release|ARM.Build.0 = Release|Any CPU
		{F01F0F60-3672-436D-AAAA-AD068E1FCB12}.Release|iPhone.ActiveCfg = Release|Any CPU
		{F01F0F60-3672-436D-AAAA-AD068E1FCB12}.Release|iPhone.Build.0 = Release|Any CPU
		{F01F0F60-3672-436D-AAAA-AD068E1FCB12}.Release|iPhoneSimulator.ActiveCfg = Release|Any CPU
		{F01F0F60-3672-436D-AAAA-AD068E1FCB12}.Release|iPhoneSimulator.Build.0 = Release|Any CPU
		{F01F0F60-3672-436D-AAAA-AD068E1FCB12}.Release|x86.ActiveCfg = Release|Any CPU
		{F01F0F60-3672-436D-AAAA-AD068E1FCB12}.Release|x86.Build.0 = Release|Any CPU
		{D74ED08A-F51E-40EC-89A8-7531F33B1435}.Debug|Any CPU.ActiveCfg = Debug|Any CPU
		{D74ED08A-F51E-40EC-89A8-7531F33B1435}.Debug|Any CPU.Build.0 = Debug|Any CPU
		{D74ED08A-F51E-40EC-89A8-7531F33B1435}.Debug|ARM.ActiveCfg = Debug|Any CPU
		{D74ED08A-F51E-40EC-89A8-7531F33B1435}.Debug|ARM.Build.0 = Debug|Any CPU
		{D74ED08A-F51E-40EC-89A8-7531F33B1435}.Debug|iPhone.ActiveCfg = Debug|Any CPU
		{D74ED08A-F51E-40EC-89A8-7531F33B1435}.Debug|iPhone.Build.0 = Debug|Any CPU
		{D74ED08A-F51E-40EC-89A8-7531F33B1435}.Debug|iPhoneSimulator.ActiveCfg = Debug|Any CPU
		{D74ED08A-F51E-40EC-89A8-7531F33B1435}.Debug|iPhoneSimulator.Build.0 = Debug|Any CPU
		{D74ED08A-F51E-40EC-89A8-7531F33B1435}.Debug|x86.ActiveCfg = Debug|Any CPU
		{D74ED08A-F51E-40EC-89A8-7531F33B1435}.Debug|x86.Build.0 = Debug|Any CPU
		{D74ED08A-F51E-40EC-89A8-7531F33B1435}.Release|Any CPU.ActiveCfg = Release|Any CPU
		{D74ED08A-F51E-40EC-89A8-7531F33B1435}.Release|Any CPU.Build.0 = Release|Any CPU
		{D74ED08A-F51E-40EC-89A8-7531F33B1435}.Release|ARM.ActiveCfg = Release|Any CPU
		{D74ED08A-F51E-40EC-89A8-7531F33B1435}.Release|ARM.Build.0 = Release|Any CPU
		{D74ED08A-F51E-40EC-89A8-7531F33B1435}.Release|iPhone.ActiveCfg = Release|Any CPU
		{D74ED08A-F51E-40EC-89A8-7531F33B1435}.Release|iPhone.Build.0 = Release|Any CPU
		{D74ED08A-F51E-40EC-89A8-7531F33B1435}.Release|iPhoneSimulator.ActiveCfg = Release|Any CPU
		{D74ED08A-F51E-40EC-89A8-7531F33B1435}.Release|iPhoneSimulator.Build.0 = Release|Any CPU
		{D74ED08A-F51E-40EC-89A8-7531F33B1435}.Release|x86.ActiveCfg = Release|Any CPU
		{D74ED08A-F51E-40EC-89A8-7531F33B1435}.Release|x86.Build.0 = Release|Any CPU
		{F31D0C38-5719-4914-A8E9-7A4DD7FD57BF}.Debug|Any CPU.ActiveCfg = Debug|Any CPU
		{F31D0C38-5719-4914-A8E9-7A4DD7FD57BF}.Debug|Any CPU.Build.0 = Debug|Any CPU
		{F31D0C38-5719-4914-A8E9-7A4DD7FD57BF}.Debug|ARM.ActiveCfg = Debug|Any CPU
		{F31D0C38-5719-4914-A8E9-7A4DD7FD57BF}.Debug|ARM.Build.0 = Debug|Any CPU
		{F31D0C38-5719-4914-A8E9-7A4DD7FD57BF}.Debug|iPhone.ActiveCfg = Debug|Any CPU
		{F31D0C38-5719-4914-A8E9-7A4DD7FD57BF}.Debug|iPhone.Build.0 = Debug|Any CPU
		{F31D0C38-5719-4914-A8E9-7A4DD7FD57BF}.Debug|iPhoneSimulator.ActiveCfg = Debug|Any CPU
		{F31D0C38-5719-4914-A8E9-7A4DD7FD57BF}.Debug|iPhoneSimulator.Build.0 = Debug|Any CPU
		{F31D0C38-5719-4914-A8E9-7A4DD7FD57BF}.Debug|x86.ActiveCfg = Debug|Any CPU
		{F31D0C38-5719-4914-A8E9-7A4DD7FD57BF}.Debug|x86.Build.0 = Debug|Any CPU
		{F31D0C38-5719-4914-A8E9-7A4DD7FD57BF}.Release|Any CPU.ActiveCfg = Release|Any CPU
		{F31D0C38-5719-4914-A8E9-7A4DD7FD57BF}.Release|Any CPU.Build.0 = Release|Any CPU
		{F31D0C38-5719-4914-A8E9-7A4DD7FD57BF}.Release|ARM.ActiveCfg = Release|Any CPU
		{F31D0C38-5719-4914-A8E9-7A4DD7FD57BF}.Release|ARM.Build.0 = Release|Any CPU
		{F31D0C38-5719-4914-A8E9-7A4DD7FD57BF}.Release|iPhone.ActiveCfg = Release|Any CPU
		{F31D0C38-5719-4914-A8E9-7A4DD7FD57BF}.Release|iPhone.Build.0 = Release|Any CPU
		{F31D0C38-5719-4914-A8E9-7A4DD7FD57BF}.Release|iPhoneSimulator.ActiveCfg = Release|Any CPU
		{F31D0C38-5719-4914-A8E9-7A4DD7FD57BF}.Release|iPhoneSimulator.Build.0 = Release|Any CPU
		{F31D0C38-5719-4914-A8E9-7A4DD7FD57BF}.Release|x86.ActiveCfg = Release|Any CPU
		{F31D0C38-5719-4914-A8E9-7A4DD7FD57BF}.Release|x86.Build.0 = Release|Any CPU
		{A368CBF9-7CA2-448A-AD3C-16EDCA991395}.Debug|Any CPU.ActiveCfg = Debug|Any CPU
		{A368CBF9-7CA2-448A-AD3C-16EDCA991395}.Debug|Any CPU.Build.0 = Debug|Any CPU
		{A368CBF9-7CA2-448A-AD3C-16EDCA991395}.Debug|ARM.ActiveCfg = Debug|Any CPU
		{A368CBF9-7CA2-448A-AD3C-16EDCA991395}.Debug|ARM.Build.0 = Debug|Any CPU
		{A368CBF9-7CA2-448A-AD3C-16EDCA991395}.Debug|iPhone.ActiveCfg = Debug|Any CPU
		{A368CBF9-7CA2-448A-AD3C-16EDCA991395}.Debug|iPhone.Build.0 = Debug|Any CPU
		{A368CBF9-7CA2-448A-AD3C-16EDCA991395}.Debug|iPhoneSimulator.ActiveCfg = Debug|Any CPU
		{A368CBF9-7CA2-448A-AD3C-16EDCA991395}.Debug|iPhoneSimulator.Build.0 = Debug|Any CPU
		{A368CBF9-7CA2-448A-AD3C-16EDCA991395}.Debug|x86.ActiveCfg = Debug|Any CPU
		{A368CBF9-7CA2-448A-AD3C-16EDCA991395}.Debug|x86.Build.0 = Debug|Any CPU
		{A368CBF9-7CA2-448A-AD3C-16EDCA991395}.Release|Any CPU.ActiveCfg = Release|Any CPU
		{A368CBF9-7CA2-448A-AD3C-16EDCA991395}.Release|Any CPU.Build.0 = Release|Any CPU
		{A368CBF9-7CA2-448A-AD3C-16EDCA991395}.Release|ARM.ActiveCfg = Release|Any CPU
		{A368CBF9-7CA2-448A-AD3C-16EDCA991395}.Release|ARM.Build.0 = Release|Any CPU
		{A368CBF9-7CA2-448A-AD3C-16EDCA991395}.Release|iPhone.ActiveCfg = Release|Any CPU
		{A368CBF9-7CA2-448A-AD3C-16EDCA991395}.Release|iPhone.Build.0 = Release|Any CPU
		{A368CBF9-7CA2-448A-AD3C-16EDCA991395}.Release|iPhoneSimulator.ActiveCfg = Release|Any CPU
		{A368CBF9-7CA2-448A-AD3C-16EDCA991395}.Release|iPhoneSimulator.Build.0 = Release|Any CPU
		{A368CBF9-7CA2-448A-AD3C-16EDCA991395}.Release|x86.ActiveCfg = Release|Any CPU
		{A368CBF9-7CA2-448A-AD3C-16EDCA991395}.Release|x86.Build.0 = Release|Any CPU
		{776BE8E4-FC5F-4413-993B-A96F26F8E844}.Debug|Any CPU.ActiveCfg = Debug|Any CPU
		{776BE8E4-FC5F-4413-993B-A96F26F8E844}.Debug|Any CPU.Build.0 = Debug|Any CPU
		{776BE8E4-FC5F-4413-993B-A96F26F8E844}.Debug|ARM.ActiveCfg = Debug|Any CPU
		{776BE8E4-FC5F-4413-993B-A96F26F8E844}.Debug|ARM.Build.0 = Debug|Any CPU
		{776BE8E4-FC5F-4413-993B-A96F26F8E844}.Debug|iPhone.ActiveCfg = Debug|Any CPU
		{776BE8E4-FC5F-4413-993B-A96F26F8E844}.Debug|iPhone.Build.0 = Debug|Any CPU
		{776BE8E4-FC5F-4413-993B-A96F26F8E844}.Debug|iPhoneSimulator.ActiveCfg = Debug|Any CPU
		{776BE8E4-FC5F-4413-993B-A96F26F8E844}.Debug|iPhoneSimulator.Build.0 = Debug|Any CPU
		{776BE8E4-FC5F-4413-993B-A96F26F8E844}.Debug|x86.ActiveCfg = Debug|Any CPU
		{776BE8E4-FC5F-4413-993B-A96F26F8E844}.Debug|x86.Build.0 = Debug|Any CPU
		{776BE8E4-FC5F-4413-993B-A96F26F8E844}.Release|Any CPU.ActiveCfg = Release|Any CPU
		{776BE8E4-FC5F-4413-993B-A96F26F8E844}.Release|Any CPU.Build.0 = Release|Any CPU
		{776BE8E4-FC5F-4413-993B-A96F26F8E844}.Release|ARM.ActiveCfg = Release|Any CPU
		{776BE8E4-FC5F-4413-993B-A96F26F8E844}.Release|ARM.Build.0 = Release|Any CPU
		{776BE8E4-FC5F-4413-993B-A96F26F8E844}.Release|iPhone.ActiveCfg = Release|Any CPU
		{776BE8E4-FC5F-4413-993B-A96F26F8E844}.Release|iPhone.Build.0 = Release|Any CPU
		{776BE8E4-FC5F-4413-993B-A96F26F8E844}.Release|iPhoneSimulator.ActiveCfg = Release|Any CPU
		{776BE8E4-FC5F-4413-993B-A96F26F8E844}.Release|iPhoneSimulator.Build.0 = Release|Any CPU
		{776BE8E4-FC5F-4413-993B-A96F26F8E844}.Release|x86.ActiveCfg = Release|Any CPU
		{776BE8E4-FC5F-4413-993B-A96F26F8E844}.Release|x86.Build.0 = Release|Any CPU
		{27EAD967-36B3-4E18-AEB6-4CFA03E8F1C9}.Debug|Any CPU.ActiveCfg = Debug|Any CPU
		{27EAD967-36B3-4E18-AEB6-4CFA03E8F1C9}.Debug|Any CPU.Build.0 = Debug|Any CPU
		{27EAD967-36B3-4E18-AEB6-4CFA03E8F1C9}.Debug|ARM.ActiveCfg = Debug|Any CPU
		{27EAD967-36B3-4E18-AEB6-4CFA03E8F1C9}.Debug|ARM.Build.0 = Debug|Any CPU
		{27EAD967-36B3-4E18-AEB6-4CFA03E8F1C9}.Debug|iPhone.ActiveCfg = Debug|Any CPU
		{27EAD967-36B3-4E18-AEB6-4CFA03E8F1C9}.Debug|iPhone.Build.0 = Debug|Any CPU
		{27EAD967-36B3-4E18-AEB6-4CFA03E8F1C9}.Debug|iPhoneSimulator.ActiveCfg = Debug|Any CPU
		{27EAD967-36B3-4E18-AEB6-4CFA03E8F1C9}.Debug|iPhoneSimulator.Build.0 = Debug|Any CPU
		{27EAD967-36B3-4E18-AEB6-4CFA03E8F1C9}.Debug|x86.ActiveCfg = Debug|Any CPU
		{27EAD967-36B3-4E18-AEB6-4CFA03E8F1C9}.Debug|x86.Build.0 = Debug|Any CPU
		{27EAD967-36B3-4E18-AEB6-4CFA03E8F1C9}.Release|Any CPU.ActiveCfg = Release|Any CPU
		{27EAD967-36B3-4E18-AEB6-4CFA03E8F1C9}.Release|Any CPU.Build.0 = Release|Any CPU
		{27EAD967-36B3-4E18-AEB6-4CFA03E8F1C9}.Release|ARM.ActiveCfg = Release|Any CPU
		{27EAD967-36B3-4E18-AEB6-4CFA03E8F1C9}.Release|ARM.Build.0 = Release|Any CPU
		{27EAD967-36B3-4E18-AEB6-4CFA03E8F1C9}.Release|iPhone.ActiveCfg = Release|Any CPU
		{27EAD967-36B3-4E18-AEB6-4CFA03E8F1C9}.Release|iPhone.Build.0 = Release|Any CPU
		{27EAD967-36B3-4E18-AEB6-4CFA03E8F1C9}.Release|iPhoneSimulator.ActiveCfg = Release|Any CPU
		{27EAD967-36B3-4E18-AEB6-4CFA03E8F1C9}.Release|iPhoneSimulator.Build.0 = Release|Any CPU
		{27EAD967-36B3-4E18-AEB6-4CFA03E8F1C9}.Release|x86.ActiveCfg = Release|Any CPU
		{27EAD967-36B3-4E18-AEB6-4CFA03E8F1C9}.Release|x86.Build.0 = Release|Any CPU
		{84420EB4-60A1-407A-80CA-12E55404F92E}.Debug|Any CPU.ActiveCfg = Debug|Any CPU
		{84420EB4-60A1-407A-80CA-12E55404F92E}.Debug|Any CPU.Build.0 = Debug|Any CPU
		{84420EB4-60A1-407A-80CA-12E55404F92E}.Debug|ARM.ActiveCfg = Debug|Any CPU
		{84420EB4-60A1-407A-80CA-12E55404F92E}.Debug|ARM.Build.0 = Debug|Any CPU
		{84420EB4-60A1-407A-80CA-12E55404F92E}.Debug|iPhone.ActiveCfg = Debug|Any CPU
		{84420EB4-60A1-407A-80CA-12E55404F92E}.Debug|iPhone.Build.0 = Debug|Any CPU
		{84420EB4-60A1-407A-80CA-12E55404F92E}.Debug|iPhoneSimulator.ActiveCfg = Debug|Any CPU
		{84420EB4-60A1-407A-80CA-12E55404F92E}.Debug|iPhoneSimulator.Build.0 = Debug|Any CPU
		{84420EB4-60A1-407A-80CA-12E55404F92E}.Debug|x86.ActiveCfg = Debug|Any CPU
		{84420EB4-60A1-407A-80CA-12E55404F92E}.Debug|x86.Build.0 = Debug|Any CPU
		{84420EB4-60A1-407A-80CA-12E55404F92E}.Release|Any CPU.ActiveCfg = Release|Any CPU
		{84420EB4-60A1-407A-80CA-12E55404F92E}.Release|Any CPU.Build.0 = Release|Any CPU
		{84420EB4-60A1-407A-80CA-12E55404F92E}.Release|ARM.ActiveCfg = Release|Any CPU
		{84420EB4-60A1-407A-80CA-12E55404F92E}.Release|ARM.Build.0 = Release|Any CPU
		{84420EB4-60A1-407A-80CA-12E55404F92E}.Release|iPhone.ActiveCfg = Release|Any CPU
		{84420EB4-60A1-407A-80CA-12E55404F92E}.Release|iPhone.Build.0 = Release|Any CPU
		{84420EB4-60A1-407A-80CA-12E55404F92E}.Release|iPhoneSimulator.ActiveCfg = Release|Any CPU
		{84420EB4-60A1-407A-80CA-12E55404F92E}.Release|iPhoneSimulator.Build.0 = Release|Any CPU
		{84420EB4-60A1-407A-80CA-12E55404F92E}.Release|x86.ActiveCfg = Release|Any CPU
		{84420EB4-60A1-407A-80CA-12E55404F92E}.Release|x86.Build.0 = Release|Any CPU
		{7CEE3373-0A98-4F3A-881E-86B7E0ED03C9}.Debug|Any CPU.ActiveCfg = Debug|Any CPU
		{7CEE3373-0A98-4F3A-881E-86B7E0ED03C9}.Debug|Any CPU.Build.0 = Debug|Any CPU
		{7CEE3373-0A98-4F3A-881E-86B7E0ED03C9}.Debug|ARM.ActiveCfg = Debug|Any CPU
		{7CEE3373-0A98-4F3A-881E-86B7E0ED03C9}.Debug|ARM.Build.0 = Debug|Any CPU
		{7CEE3373-0A98-4F3A-881E-86B7E0ED03C9}.Debug|iPhone.ActiveCfg = Debug|Any CPU
		{7CEE3373-0A98-4F3A-881E-86B7E0ED03C9}.Debug|iPhone.Build.0 = Debug|Any CPU
		{7CEE3373-0A98-4F3A-881E-86B7E0ED03C9}.Debug|iPhoneSimulator.ActiveCfg = Debug|Any CPU
		{7CEE3373-0A98-4F3A-881E-86B7E0ED03C9}.Debug|iPhoneSimulator.Build.0 = Debug|Any CPU
		{7CEE3373-0A98-4F3A-881E-86B7E0ED03C9}.Debug|x86.ActiveCfg = Debug|Any CPU
		{7CEE3373-0A98-4F3A-881E-86B7E0ED03C9}.Debug|x86.Build.0 = Debug|Any CPU
		{7CEE3373-0A98-4F3A-881E-86B7E0ED03C9}.Release|Any CPU.ActiveCfg = Release|Any CPU
		{7CEE3373-0A98-4F3A-881E-86B7E0ED03C9}.Release|Any CPU.Build.0 = Release|Any CPU
		{7CEE3373-0A98-4F3A-881E-86B7E0ED03C9}.Release|ARM.ActiveCfg = Release|Any CPU
		{7CEE3373-0A98-4F3A-881E-86B7E0ED03C9}.Release|ARM.Build.0 = Release|Any CPU
		{7CEE3373-0A98-4F3A-881E-86B7E0ED03C9}.Release|iPhone.ActiveCfg = Release|Any CPU
		{7CEE3373-0A98-4F3A-881E-86B7E0ED03C9}.Release|iPhone.Build.0 = Release|Any CPU
		{7CEE3373-0A98-4F3A-881E-86B7E0ED03C9}.Release|iPhoneSimulator.ActiveCfg = Release|Any CPU
		{7CEE3373-0A98-4F3A-881E-86B7E0ED03C9}.Release|iPhoneSimulator.Build.0 = Release|Any CPU
		{7CEE3373-0A98-4F3A-881E-86B7E0ED03C9}.Release|x86.ActiveCfg = Release|Any CPU
		{7CEE3373-0A98-4F3A-881E-86B7E0ED03C9}.Release|x86.Build.0 = Release|Any CPU
		{CEA88A85-862A-416F-B624-A045A852726D}.Debug|Any CPU.ActiveCfg = Debug|Any CPU
		{CEA88A85-862A-416F-B624-A045A852726D}.Debug|Any CPU.Build.0 = Debug|Any CPU
		{CEA88A85-862A-416F-B624-A045A852726D}.Debug|ARM.ActiveCfg = Debug|Any CPU
		{CEA88A85-862A-416F-B624-A045A852726D}.Debug|ARM.Build.0 = Debug|Any CPU
		{CEA88A85-862A-416F-B624-A045A852726D}.Debug|iPhone.ActiveCfg = Debug|Any CPU
		{CEA88A85-862A-416F-B624-A045A852726D}.Debug|iPhone.Build.0 = Debug|Any CPU
		{CEA88A85-862A-416F-B624-A045A852726D}.Debug|iPhoneSimulator.ActiveCfg = Debug|Any CPU
		{CEA88A85-862A-416F-B624-A045A852726D}.Debug|iPhoneSimulator.Build.0 = Debug|Any CPU
		{CEA88A85-862A-416F-B624-A045A852726D}.Debug|x86.ActiveCfg = Debug|Any CPU
		{CEA88A85-862A-416F-B624-A045A852726D}.Debug|x86.Build.0 = Debug|Any CPU
		{CEA88A85-862A-416F-B624-A045A852726D}.Release|Any CPU.ActiveCfg = Release|Any CPU
		{CEA88A85-862A-416F-B624-A045A852726D}.Release|Any CPU.Build.0 = Release|Any CPU
		{CEA88A85-862A-416F-B624-A045A852726D}.Release|ARM.ActiveCfg = Release|Any CPU
		{CEA88A85-862A-416F-B624-A045A852726D}.Release|ARM.Build.0 = Release|Any CPU
		{CEA88A85-862A-416F-B624-A045A852726D}.Release|iPhone.ActiveCfg = Release|Any CPU
		{CEA88A85-862A-416F-B624-A045A852726D}.Release|iPhone.Build.0 = Release|Any CPU
		{CEA88A85-862A-416F-B624-A045A852726D}.Release|iPhoneSimulator.ActiveCfg = Release|Any CPU
		{CEA88A85-862A-416F-B624-A045A852726D}.Release|iPhoneSimulator.Build.0 = Release|Any CPU
		{CEA88A85-862A-416F-B624-A045A852726D}.Release|x86.ActiveCfg = Release|Any CPU
		{CEA88A85-862A-416F-B624-A045A852726D}.Release|x86.Build.0 = Release|Any CPU
		{F9D24A8B-DD68-4C93-9D34-3C07C82C916A}.Debug|Any CPU.ActiveCfg = Debug|Any CPU
		{F9D24A8B-DD68-4C93-9D34-3C07C82C916A}.Debug|Any CPU.Build.0 = Debug|Any CPU
		{F9D24A8B-DD68-4C93-9D34-3C07C82C916A}.Debug|ARM.ActiveCfg = Debug|Any CPU
		{F9D24A8B-DD68-4C93-9D34-3C07C82C916A}.Debug|ARM.Build.0 = Debug|Any CPU
		{F9D24A8B-DD68-4C93-9D34-3C07C82C916A}.Debug|iPhone.ActiveCfg = Debug|Any CPU
		{F9D24A8B-DD68-4C93-9D34-3C07C82C916A}.Debug|iPhone.Build.0 = Debug|Any CPU
		{F9D24A8B-DD68-4C93-9D34-3C07C82C916A}.Debug|iPhoneSimulator.ActiveCfg = Debug|Any CPU
		{F9D24A8B-DD68-4C93-9D34-3C07C82C916A}.Debug|iPhoneSimulator.Build.0 = Debug|Any CPU
		{F9D24A8B-DD68-4C93-9D34-3C07C82C916A}.Debug|x86.ActiveCfg = Debug|Any CPU
		{F9D24A8B-DD68-4C93-9D34-3C07C82C916A}.Debug|x86.Build.0 = Debug|Any CPU
		{F9D24A8B-DD68-4C93-9D34-3C07C82C916A}.Release|Any CPU.ActiveCfg = Release|Any CPU
		{F9D24A8B-DD68-4C93-9D34-3C07C82C916A}.Release|Any CPU.Build.0 = Release|Any CPU
		{F9D24A8B-DD68-4C93-9D34-3C07C82C916A}.Release|ARM.ActiveCfg = Release|Any CPU
		{F9D24A8B-DD68-4C93-9D34-3C07C82C916A}.Release|ARM.Build.0 = Release|Any CPU
		{F9D24A8B-DD68-4C93-9D34-3C07C82C916A}.Release|iPhone.ActiveCfg = Release|Any CPU
		{F9D24A8B-DD68-4C93-9D34-3C07C82C916A}.Release|iPhone.Build.0 = Release|Any CPU
		{F9D24A8B-DD68-4C93-9D34-3C07C82C916A}.Release|iPhoneSimulator.ActiveCfg = Release|Any CPU
		{F9D24A8B-DD68-4C93-9D34-3C07C82C916A}.Release|iPhoneSimulator.Build.0 = Release|Any CPU
		{F9D24A8B-DD68-4C93-9D34-3C07C82C916A}.Release|x86.ActiveCfg = Release|Any CPU
		{F9D24A8B-DD68-4C93-9D34-3C07C82C916A}.Release|x86.Build.0 = Release|Any CPU
		{45E8A2AE-9BCB-4B94-ABB2-453B201C3E1E}.Debug|Any CPU.ActiveCfg = Debug|Any CPU
		{45E8A2AE-9BCB-4B94-ABB2-453B201C3E1E}.Debug|Any CPU.Build.0 = Debug|Any CPU
		{45E8A2AE-9BCB-4B94-ABB2-453B201C3E1E}.Debug|ARM.ActiveCfg = Debug|Any CPU
		{45E8A2AE-9BCB-4B94-ABB2-453B201C3E1E}.Debug|ARM.Build.0 = Debug|Any CPU
		{45E8A2AE-9BCB-4B94-ABB2-453B201C3E1E}.Debug|iPhone.ActiveCfg = Debug|Any CPU
		{45E8A2AE-9BCB-4B94-ABB2-453B201C3E1E}.Debug|iPhone.Build.0 = Debug|Any CPU
		{45E8A2AE-9BCB-4B94-ABB2-453B201C3E1E}.Debug|iPhoneSimulator.ActiveCfg = Debug|Any CPU
		{45E8A2AE-9BCB-4B94-ABB2-453B201C3E1E}.Debug|iPhoneSimulator.Build.0 = Debug|Any CPU
		{45E8A2AE-9BCB-4B94-ABB2-453B201C3E1E}.Debug|x86.ActiveCfg = Debug|Any CPU
		{45E8A2AE-9BCB-4B94-ABB2-453B201C3E1E}.Debug|x86.Build.0 = Debug|Any CPU
		{45E8A2AE-9BCB-4B94-ABB2-453B201C3E1E}.Release|Any CPU.ActiveCfg = Release|Any CPU
		{45E8A2AE-9BCB-4B94-ABB2-453B201C3E1E}.Release|Any CPU.Build.0 = Release|Any CPU
		{45E8A2AE-9BCB-4B94-ABB2-453B201C3E1E}.Release|ARM.ActiveCfg = Release|Any CPU
		{45E8A2AE-9BCB-4B94-ABB2-453B201C3E1E}.Release|ARM.Build.0 = Release|Any CPU
		{45E8A2AE-9BCB-4B94-ABB2-453B201C3E1E}.Release|iPhone.ActiveCfg = Release|Any CPU
		{45E8A2AE-9BCB-4B94-ABB2-453B201C3E1E}.Release|iPhone.Build.0 = Release|Any CPU
		{45E8A2AE-9BCB-4B94-ABB2-453B201C3E1E}.Release|iPhoneSimulator.ActiveCfg = Release|Any CPU
		{45E8A2AE-9BCB-4B94-ABB2-453B201C3E1E}.Release|iPhoneSimulator.Build.0 = Release|Any CPU
		{45E8A2AE-9BCB-4B94-ABB2-453B201C3E1E}.Release|x86.ActiveCfg = Release|Any CPU
		{45E8A2AE-9BCB-4B94-ABB2-453B201C3E1E}.Release|x86.Build.0 = Release|Any CPU
		{933C2786-C7A8-492D-80FD-74DA856B6C7F}.Debug|Any CPU.ActiveCfg = Debug|Any CPU
		{933C2786-C7A8-492D-80FD-74DA856B6C7F}.Debug|Any CPU.Build.0 = Debug|Any CPU
		{933C2786-C7A8-492D-80FD-74DA856B6C7F}.Debug|ARM.ActiveCfg = Debug|Any CPU
		{933C2786-C7A8-492D-80FD-74DA856B6C7F}.Debug|ARM.Build.0 = Debug|Any CPU
		{933C2786-C7A8-492D-80FD-74DA856B6C7F}.Debug|iPhone.ActiveCfg = Debug|Any CPU
		{933C2786-C7A8-492D-80FD-74DA856B6C7F}.Debug|iPhone.Build.0 = Debug|Any CPU
		{933C2786-C7A8-492D-80FD-74DA856B6C7F}.Debug|iPhoneSimulator.ActiveCfg = Debug|Any CPU
		{933C2786-C7A8-492D-80FD-74DA856B6C7F}.Debug|iPhoneSimulator.Build.0 = Debug|Any CPU
		{933C2786-C7A8-492D-80FD-74DA856B6C7F}.Debug|x86.ActiveCfg = Debug|Any CPU
		{933C2786-C7A8-492D-80FD-74DA856B6C7F}.Debug|x86.Build.0 = Debug|Any CPU
		{933C2786-C7A8-492D-80FD-74DA856B6C7F}.Release|Any CPU.ActiveCfg = Release|Any CPU
		{933C2786-C7A8-492D-80FD-74DA856B6C7F}.Release|Any CPU.Build.0 = Release|Any CPU
		{933C2786-C7A8-492D-80FD-74DA856B6C7F}.Release|ARM.ActiveCfg = Release|Any CPU
		{933C2786-C7A8-492D-80FD-74DA856B6C7F}.Release|ARM.Build.0 = Release|Any CPU
		{933C2786-C7A8-492D-80FD-74DA856B6C7F}.Release|iPhone.ActiveCfg = Release|Any CPU
		{933C2786-C7A8-492D-80FD-74DA856B6C7F}.Release|iPhone.Build.0 = Release|Any CPU
		{933C2786-C7A8-492D-80FD-74DA856B6C7F}.Release|iPhoneSimulator.ActiveCfg = Release|Any CPU
		{933C2786-C7A8-492D-80FD-74DA856B6C7F}.Release|iPhoneSimulator.Build.0 = Release|Any CPU
		{933C2786-C7A8-492D-80FD-74DA856B6C7F}.Release|x86.ActiveCfg = Release|Any CPU
		{933C2786-C7A8-492D-80FD-74DA856B6C7F}.Release|x86.Build.0 = Release|Any CPU
		{D2740F77-B659-4185-8A0B-9AE046C0E976}.Debug|Any CPU.ActiveCfg = Debug|Any CPU
		{D2740F77-B659-4185-8A0B-9AE046C0E976}.Debug|Any CPU.Build.0 = Debug|Any CPU
		{D2740F77-B659-4185-8A0B-9AE046C0E976}.Debug|ARM.ActiveCfg = Debug|Any CPU
		{D2740F77-B659-4185-8A0B-9AE046C0E976}.Debug|ARM.Build.0 = Debug|Any CPU
		{D2740F77-B659-4185-8A0B-9AE046C0E976}.Debug|iPhone.ActiveCfg = Debug|Any CPU
		{D2740F77-B659-4185-8A0B-9AE046C0E976}.Debug|iPhone.Build.0 = Debug|Any CPU
		{D2740F77-B659-4185-8A0B-9AE046C0E976}.Debug|iPhoneSimulator.ActiveCfg = Debug|Any CPU
		{D2740F77-B659-4185-8A0B-9AE046C0E976}.Debug|iPhoneSimulator.Build.0 = Debug|Any CPU
		{D2740F77-B659-4185-8A0B-9AE046C0E976}.Debug|x86.ActiveCfg = Debug|Any CPU
		{D2740F77-B659-4185-8A0B-9AE046C0E976}.Debug|x86.Build.0 = Debug|Any CPU
		{D2740F77-B659-4185-8A0B-9AE046C0E976}.Release|Any CPU.ActiveCfg = Release|Any CPU
		{D2740F77-B659-4185-8A0B-9AE046C0E976}.Release|Any CPU.Build.0 = Release|Any CPU
		{D2740F77-B659-4185-8A0B-9AE046C0E976}.Release|ARM.ActiveCfg = Release|Any CPU
		{D2740F77-B659-4185-8A0B-9AE046C0E976}.Release|ARM.Build.0 = Release|Any CPU
		{D2740F77-B659-4185-8A0B-9AE046C0E976}.Release|iPhone.ActiveCfg = Release|Any CPU
		{D2740F77-B659-4185-8A0B-9AE046C0E976}.Release|iPhone.Build.0 = Release|Any CPU
		{D2740F77-B659-4185-8A0B-9AE046C0E976}.Release|iPhoneSimulator.ActiveCfg = Release|Any CPU
		{D2740F77-B659-4185-8A0B-9AE046C0E976}.Release|iPhoneSimulator.Build.0 = Release|Any CPU
		{D2740F77-B659-4185-8A0B-9AE046C0E976}.Release|x86.ActiveCfg = Release|Any CPU
		{D2740F77-B659-4185-8A0B-9AE046C0E976}.Release|x86.Build.0 = Release|Any CPU
		{98B44678-5D38-40FE-9745-9B8DFC8E7388}.Debug|Any CPU.ActiveCfg = Debug|Any CPU
		{98B44678-5D38-40FE-9745-9B8DFC8E7388}.Debug|Any CPU.Build.0 = Debug|Any CPU
		{98B44678-5D38-40FE-9745-9B8DFC8E7388}.Debug|ARM.ActiveCfg = Debug|Any CPU
		{98B44678-5D38-40FE-9745-9B8DFC8E7388}.Debug|ARM.Build.0 = Debug|Any CPU
		{98B44678-5D38-40FE-9745-9B8DFC8E7388}.Debug|iPhone.ActiveCfg = Debug|Any CPU
		{98B44678-5D38-40FE-9745-9B8DFC8E7388}.Debug|iPhone.Build.0 = Debug|Any CPU
		{98B44678-5D38-40FE-9745-9B8DFC8E7388}.Debug|iPhoneSimulator.ActiveCfg = Debug|Any CPU
		{98B44678-5D38-40FE-9745-9B8DFC8E7388}.Debug|iPhoneSimulator.Build.0 = Debug|Any CPU
		{98B44678-5D38-40FE-9745-9B8DFC8E7388}.Debug|x86.ActiveCfg = Debug|Any CPU
		{98B44678-5D38-40FE-9745-9B8DFC8E7388}.Debug|x86.Build.0 = Debug|Any CPU
		{98B44678-5D38-40FE-9745-9B8DFC8E7388}.Release|Any CPU.ActiveCfg = Release|Any CPU
		{98B44678-5D38-40FE-9745-9B8DFC8E7388}.Release|Any CPU.Build.0 = Release|Any CPU
		{98B44678-5D38-40FE-9745-9B8DFC8E7388}.Release|ARM.ActiveCfg = Release|Any CPU
		{98B44678-5D38-40FE-9745-9B8DFC8E7388}.Release|ARM.Build.0 = Release|Any CPU
		{98B44678-5D38-40FE-9745-9B8DFC8E7388}.Release|iPhone.ActiveCfg = Release|Any CPU
		{98B44678-5D38-40FE-9745-9B8DFC8E7388}.Release|iPhone.Build.0 = Release|Any CPU
		{98B44678-5D38-40FE-9745-9B8DFC8E7388}.Release|iPhoneSimulator.ActiveCfg = Release|Any CPU
		{98B44678-5D38-40FE-9745-9B8DFC8E7388}.Release|iPhoneSimulator.Build.0 = Release|Any CPU
		{98B44678-5D38-40FE-9745-9B8DFC8E7388}.Release|x86.ActiveCfg = Release|Any CPU
		{98B44678-5D38-40FE-9745-9B8DFC8E7388}.Release|x86.Build.0 = Release|Any CPU
		{0FF4C2A5-CEA1-474F-B9AB-95B09D5DAF61}.Debug|Any CPU.ActiveCfg = Debug|Any CPU
		{0FF4C2A5-CEA1-474F-B9AB-95B09D5DAF61}.Debug|Any CPU.Build.0 = Debug|Any CPU
		{0FF4C2A5-CEA1-474F-B9AB-95B09D5DAF61}.Debug|ARM.ActiveCfg = Debug|Any CPU
		{0FF4C2A5-CEA1-474F-B9AB-95B09D5DAF61}.Debug|ARM.Build.0 = Debug|Any CPU
		{0FF4C2A5-CEA1-474F-B9AB-95B09D5DAF61}.Debug|iPhone.ActiveCfg = Debug|Any CPU
		{0FF4C2A5-CEA1-474F-B9AB-95B09D5DAF61}.Debug|iPhone.Build.0 = Debug|Any CPU
		{0FF4C2A5-CEA1-474F-B9AB-95B09D5DAF61}.Debug|iPhoneSimulator.ActiveCfg = Debug|Any CPU
		{0FF4C2A5-CEA1-474F-B9AB-95B09D5DAF61}.Debug|iPhoneSimulator.Build.0 = Debug|Any CPU
		{0FF4C2A5-CEA1-474F-B9AB-95B09D5DAF61}.Debug|x86.ActiveCfg = Debug|Any CPU
		{0FF4C2A5-CEA1-474F-B9AB-95B09D5DAF61}.Debug|x86.Build.0 = Debug|Any CPU
		{0FF4C2A5-CEA1-474F-B9AB-95B09D5DAF61}.Release|Any CPU.ActiveCfg = Release|Any CPU
		{0FF4C2A5-CEA1-474F-B9AB-95B09D5DAF61}.Release|Any CPU.Build.0 = Release|Any CPU
		{0FF4C2A5-CEA1-474F-B9AB-95B09D5DAF61}.Release|ARM.ActiveCfg = Release|Any CPU
		{0FF4C2A5-CEA1-474F-B9AB-95B09D5DAF61}.Release|ARM.Build.0 = Release|Any CPU
		{0FF4C2A5-CEA1-474F-B9AB-95B09D5DAF61}.Release|iPhone.ActiveCfg = Release|Any CPU
		{0FF4C2A5-CEA1-474F-B9AB-95B09D5DAF61}.Release|iPhone.Build.0 = Release|Any CPU
		{0FF4C2A5-CEA1-474F-B9AB-95B09D5DAF61}.Release|iPhoneSimulator.ActiveCfg = Release|Any CPU
		{0FF4C2A5-CEA1-474F-B9AB-95B09D5DAF61}.Release|iPhoneSimulator.Build.0 = Release|Any CPU
		{0FF4C2A5-CEA1-474F-B9AB-95B09D5DAF61}.Release|x86.ActiveCfg = Release|Any CPU
		{0FF4C2A5-CEA1-474F-B9AB-95B09D5DAF61}.Release|x86.Build.0 = Release|Any CPU
		{C35A00E6-4C6F-4FE0-926D-847245D471BE}.Debug|Any CPU.ActiveCfg = Debug|Any CPU
		{C35A00E6-4C6F-4FE0-926D-847245D471BE}.Debug|Any CPU.Build.0 = Debug|Any CPU
		{C35A00E6-4C6F-4FE0-926D-847245D471BE}.Debug|ARM.ActiveCfg = Debug|Any CPU
		{C35A00E6-4C6F-4FE0-926D-847245D471BE}.Debug|ARM.Build.0 = Debug|Any CPU
		{C35A00E6-4C6F-4FE0-926D-847245D471BE}.Debug|iPhone.ActiveCfg = Debug|Any CPU
		{C35A00E6-4C6F-4FE0-926D-847245D471BE}.Debug|iPhone.Build.0 = Debug|Any CPU
		{C35A00E6-4C6F-4FE0-926D-847245D471BE}.Debug|iPhoneSimulator.ActiveCfg = Debug|Any CPU
		{C35A00E6-4C6F-4FE0-926D-847245D471BE}.Debug|iPhoneSimulator.Build.0 = Debug|Any CPU
		{C35A00E6-4C6F-4FE0-926D-847245D471BE}.Debug|x86.ActiveCfg = Debug|Any CPU
		{C35A00E6-4C6F-4FE0-926D-847245D471BE}.Debug|x86.Build.0 = Debug|Any CPU
		{C35A00E6-4C6F-4FE0-926D-847245D471BE}.Release|Any CPU.ActiveCfg = Release|Any CPU
		{C35A00E6-4C6F-4FE0-926D-847245D471BE}.Release|Any CPU.Build.0 = Release|Any CPU
		{C35A00E6-4C6F-4FE0-926D-847245D471BE}.Release|ARM.ActiveCfg = Release|Any CPU
		{C35A00E6-4C6F-4FE0-926D-847245D471BE}.Release|ARM.Build.0 = Release|Any CPU
		{C35A00E6-4C6F-4FE0-926D-847245D471BE}.Release|iPhone.ActiveCfg = Release|Any CPU
		{C35A00E6-4C6F-4FE0-926D-847245D471BE}.Release|iPhone.Build.0 = Release|Any CPU
		{C35A00E6-4C6F-4FE0-926D-847245D471BE}.Release|iPhoneSimulator.ActiveCfg = Release|Any CPU
		{C35A00E6-4C6F-4FE0-926D-847245D471BE}.Release|iPhoneSimulator.Build.0 = Release|Any CPU
		{C35A00E6-4C6F-4FE0-926D-847245D471BE}.Release|x86.ActiveCfg = Release|Any CPU
		{C35A00E6-4C6F-4FE0-926D-847245D471BE}.Release|x86.Build.0 = Release|Any CPU
		{0133378E-ACF3-48A5-9CF9-4010B7BA7C55}.Debug|Any CPU.ActiveCfg = Debug|Any CPU
		{0133378E-ACF3-48A5-9CF9-4010B7BA7C55}.Debug|Any CPU.Build.0 = Debug|Any CPU
		{0133378E-ACF3-48A5-9CF9-4010B7BA7C55}.Debug|ARM.ActiveCfg = Debug|Any CPU
		{0133378E-ACF3-48A5-9CF9-4010B7BA7C55}.Debug|ARM.Build.0 = Debug|Any CPU
		{0133378E-ACF3-48A5-9CF9-4010B7BA7C55}.Debug|iPhone.ActiveCfg = Debug|Any CPU
		{0133378E-ACF3-48A5-9CF9-4010B7BA7C55}.Debug|iPhone.Build.0 = Debug|Any CPU
		{0133378E-ACF3-48A5-9CF9-4010B7BA7C55}.Debug|iPhoneSimulator.ActiveCfg = Debug|Any CPU
		{0133378E-ACF3-48A5-9CF9-4010B7BA7C55}.Debug|iPhoneSimulator.Build.0 = Debug|Any CPU
		{0133378E-ACF3-48A5-9CF9-4010B7BA7C55}.Debug|x86.ActiveCfg = Debug|Any CPU
		{0133378E-ACF3-48A5-9CF9-4010B7BA7C55}.Debug|x86.Build.0 = Debug|Any CPU
		{0133378E-ACF3-48A5-9CF9-4010B7BA7C55}.Release|Any CPU.ActiveCfg = Release|Any CPU
		{0133378E-ACF3-48A5-9CF9-4010B7BA7C55}.Release|Any CPU.Build.0 = Release|Any CPU
		{0133378E-ACF3-48A5-9CF9-4010B7BA7C55}.Release|ARM.ActiveCfg = Release|Any CPU
		{0133378E-ACF3-48A5-9CF9-4010B7BA7C55}.Release|ARM.Build.0 = Release|Any CPU
		{0133378E-ACF3-48A5-9CF9-4010B7BA7C55}.Release|iPhone.ActiveCfg = Release|Any CPU
		{0133378E-ACF3-48A5-9CF9-4010B7BA7C55}.Release|iPhone.Build.0 = Release|Any CPU
		{0133378E-ACF3-48A5-9CF9-4010B7BA7C55}.Release|iPhoneSimulator.ActiveCfg = Release|Any CPU
		{0133378E-ACF3-48A5-9CF9-4010B7BA7C55}.Release|iPhoneSimulator.Build.0 = Release|Any CPU
		{0133378E-ACF3-48A5-9CF9-4010B7BA7C55}.Release|x86.ActiveCfg = Release|Any CPU
		{0133378E-ACF3-48A5-9CF9-4010B7BA7C55}.Release|x86.Build.0 = Release|Any CPU
		{EB9C94B9-91B4-4F66-9763-6CE637901145}.Debug|Any CPU.ActiveCfg = Debug|x86
		{EB9C94B9-91B4-4F66-9763-6CE637901145}.Debug|ARM.ActiveCfg = Debug|x86
		{EB9C94B9-91B4-4F66-9763-6CE637901145}.Debug|iPhone.ActiveCfg = Debug|x86
		{EB9C94B9-91B4-4F66-9763-6CE637901145}.Debug|iPhoneSimulator.ActiveCfg = Debug|x86
		{EB9C94B9-91B4-4F66-9763-6CE637901145}.Debug|x86.ActiveCfg = Debug|x86
		{EB9C94B9-91B4-4F66-9763-6CE637901145}.Debug|x86.Build.0 = Debug|x86
		{EB9C94B9-91B4-4F66-9763-6CE637901145}.Release|Any CPU.ActiveCfg = Release|x86
		{EB9C94B9-91B4-4F66-9763-6CE637901145}.Release|ARM.ActiveCfg = Release|x86
		{EB9C94B9-91B4-4F66-9763-6CE637901145}.Release|iPhone.ActiveCfg = Release|x86
		{EB9C94B9-91B4-4F66-9763-6CE637901145}.Release|iPhoneSimulator.ActiveCfg = Release|x86
		{EB9C94B9-91B4-4F66-9763-6CE637901145}.Release|x86.ActiveCfg = Release|x86
		{EB9C94B9-91B4-4F66-9763-6CE637901145}.Release|x86.Build.0 = Release|x86
		{D035B064-E2F3-4885-8604-D0D8F6409CD7}.Debug|Any CPU.ActiveCfg = Debug|Any CPU
		{D035B064-E2F3-4885-8604-D0D8F6409CD7}.Debug|Any CPU.Build.0 = Debug|Any CPU
		{D035B064-E2F3-4885-8604-D0D8F6409CD7}.Debug|ARM.ActiveCfg = Debug|Any CPU
		{D035B064-E2F3-4885-8604-D0D8F6409CD7}.Debug|ARM.Build.0 = Debug|Any CPU
		{D035B064-E2F3-4885-8604-D0D8F6409CD7}.Debug|iPhone.ActiveCfg = Debug|Any CPU
		{D035B064-E2F3-4885-8604-D0D8F6409CD7}.Debug|iPhone.Build.0 = Debug|Any CPU
		{D035B064-E2F3-4885-8604-D0D8F6409CD7}.Debug|iPhoneSimulator.ActiveCfg = Debug|Any CPU
		{D035B064-E2F3-4885-8604-D0D8F6409CD7}.Debug|iPhoneSimulator.Build.0 = Debug|Any CPU
		{D035B064-E2F3-4885-8604-D0D8F6409CD7}.Debug|x86.ActiveCfg = Debug|Any CPU
		{D035B064-E2F3-4885-8604-D0D8F6409CD7}.Debug|x86.Build.0 = Debug|Any CPU
		{D035B064-E2F3-4885-8604-D0D8F6409CD7}.Release|Any CPU.ActiveCfg = Release|Any CPU
		{D035B064-E2F3-4885-8604-D0D8F6409CD7}.Release|Any CPU.Build.0 = Release|Any CPU
		{D035B064-E2F3-4885-8604-D0D8F6409CD7}.Release|ARM.ActiveCfg = Release|Any CPU
		{D035B064-E2F3-4885-8604-D0D8F6409CD7}.Release|ARM.Build.0 = Release|Any CPU
		{D035B064-E2F3-4885-8604-D0D8F6409CD7}.Release|iPhone.ActiveCfg = Release|Any CPU
		{D035B064-E2F3-4885-8604-D0D8F6409CD7}.Release|iPhone.Build.0 = Release|Any CPU
		{D035B064-E2F3-4885-8604-D0D8F6409CD7}.Release|iPhoneSimulator.ActiveCfg = Release|Any CPU
		{D035B064-E2F3-4885-8604-D0D8F6409CD7}.Release|iPhoneSimulator.Build.0 = Release|Any CPU
		{D035B064-E2F3-4885-8604-D0D8F6409CD7}.Release|x86.ActiveCfg = Release|Any CPU
		{D035B064-E2F3-4885-8604-D0D8F6409CD7}.Release|x86.Build.0 = Release|Any CPU
		{1D97FB53-04EE-47CA-B789-ABAA5165B9FA}.Debug|Any CPU.ActiveCfg = Debug|Any CPU
		{1D97FB53-04EE-47CA-B789-ABAA5165B9FA}.Debug|Any CPU.Build.0 = Debug|Any CPU
		{1D97FB53-04EE-47CA-B789-ABAA5165B9FA}.Debug|ARM.ActiveCfg = Debug|Any CPU
		{1D97FB53-04EE-47CA-B789-ABAA5165B9FA}.Debug|ARM.Build.0 = Debug|Any CPU
		{1D97FB53-04EE-47CA-B789-ABAA5165B9FA}.Debug|iPhone.ActiveCfg = Debug|Any CPU
		{1D97FB53-04EE-47CA-B789-ABAA5165B9FA}.Debug|iPhone.Build.0 = Debug|Any CPU
		{1D97FB53-04EE-47CA-B789-ABAA5165B9FA}.Debug|iPhoneSimulator.ActiveCfg = Debug|Any CPU
		{1D97FB53-04EE-47CA-B789-ABAA5165B9FA}.Debug|iPhoneSimulator.Build.0 = Debug|Any CPU
		{1D97FB53-04EE-47CA-B789-ABAA5165B9FA}.Debug|x86.ActiveCfg = Debug|Any CPU
		{1D97FB53-04EE-47CA-B789-ABAA5165B9FA}.Debug|x86.Build.0 = Debug|Any CPU
		{1D97FB53-04EE-47CA-B789-ABAA5165B9FA}.Release|Any CPU.ActiveCfg = Release|Any CPU
		{1D97FB53-04EE-47CA-B789-ABAA5165B9FA}.Release|Any CPU.Build.0 = Release|Any CPU
		{1D97FB53-04EE-47CA-B789-ABAA5165B9FA}.Release|ARM.ActiveCfg = Release|Any CPU
		{1D97FB53-04EE-47CA-B789-ABAA5165B9FA}.Release|ARM.Build.0 = Release|Any CPU
		{1D97FB53-04EE-47CA-B789-ABAA5165B9FA}.Release|iPhone.ActiveCfg = Release|Any CPU
		{1D97FB53-04EE-47CA-B789-ABAA5165B9FA}.Release|iPhone.Build.0 = Release|Any CPU
		{1D97FB53-04EE-47CA-B789-ABAA5165B9FA}.Release|iPhoneSimulator.ActiveCfg = Release|Any CPU
		{1D97FB53-04EE-47CA-B789-ABAA5165B9FA}.Release|iPhoneSimulator.Build.0 = Release|Any CPU
		{1D97FB53-04EE-47CA-B789-ABAA5165B9FA}.Release|x86.ActiveCfg = Release|Any CPU
		{1D97FB53-04EE-47CA-B789-ABAA5165B9FA}.Release|x86.Build.0 = Release|Any CPU
		{EF8D737D-D7AD-417A-9081-F74A63F06643}.Debug|Any CPU.ActiveCfg = Debug|Any CPU
		{EF8D737D-D7AD-417A-9081-F74A63F06643}.Debug|Any CPU.Build.0 = Debug|Any CPU
		{EF8D737D-D7AD-417A-9081-F74A63F06643}.Debug|ARM.ActiveCfg = Debug|Any CPU
		{EF8D737D-D7AD-417A-9081-F74A63F06643}.Debug|ARM.Build.0 = Debug|Any CPU
		{EF8D737D-D7AD-417A-9081-F74A63F06643}.Debug|iPhone.ActiveCfg = Debug|Any CPU
		{EF8D737D-D7AD-417A-9081-F74A63F06643}.Debug|iPhone.Build.0 = Debug|Any CPU
		{EF8D737D-D7AD-417A-9081-F74A63F06643}.Debug|iPhoneSimulator.ActiveCfg = Debug|Any CPU
		{EF8D737D-D7AD-417A-9081-F74A63F06643}.Debug|iPhoneSimulator.Build.0 = Debug|Any CPU
		{EF8D737D-D7AD-417A-9081-F74A63F06643}.Debug|x86.ActiveCfg = Debug|Any CPU
		{EF8D737D-D7AD-417A-9081-F74A63F06643}.Debug|x86.Build.0 = Debug|Any CPU
		{EF8D737D-D7AD-417A-9081-F74A63F06643}.Release|Any CPU.ActiveCfg = Release|Any CPU
		{EF8D737D-D7AD-417A-9081-F74A63F06643}.Release|Any CPU.Build.0 = Release|Any CPU
		{EF8D737D-D7AD-417A-9081-F74A63F06643}.Release|ARM.ActiveCfg = Release|Any CPU
		{EF8D737D-D7AD-417A-9081-F74A63F06643}.Release|ARM.Build.0 = Release|Any CPU
		{EF8D737D-D7AD-417A-9081-F74A63F06643}.Release|iPhone.ActiveCfg = Release|Any CPU
		{EF8D737D-D7AD-417A-9081-F74A63F06643}.Release|iPhone.Build.0 = Release|Any CPU
		{EF8D737D-D7AD-417A-9081-F74A63F06643}.Release|iPhoneSimulator.ActiveCfg = Release|Any CPU
		{EF8D737D-D7AD-417A-9081-F74A63F06643}.Release|iPhoneSimulator.Build.0 = Release|Any CPU
		{EF8D737D-D7AD-417A-9081-F74A63F06643}.Release|x86.ActiveCfg = Release|Any CPU
		{EF8D737D-D7AD-417A-9081-F74A63F06643}.Release|x86.Build.0 = Release|Any CPU
		{96D20A96-2AC3-4C9F-80D6-E70E27B672D9}.Debug|Any CPU.ActiveCfg = Debug|Any CPU
		{96D20A96-2AC3-4C9F-80D6-E70E27B672D9}.Debug|Any CPU.Build.0 = Debug|Any CPU
		{96D20A96-2AC3-4C9F-80D6-E70E27B672D9}.Debug|ARM.ActiveCfg = Debug|Any CPU
		{96D20A96-2AC3-4C9F-80D6-E70E27B672D9}.Debug|ARM.Build.0 = Debug|Any CPU
		{96D20A96-2AC3-4C9F-80D6-E70E27B672D9}.Debug|iPhone.ActiveCfg = Debug|Any CPU
		{96D20A96-2AC3-4C9F-80D6-E70E27B672D9}.Debug|iPhone.Build.0 = Debug|Any CPU
		{96D20A96-2AC3-4C9F-80D6-E70E27B672D9}.Debug|iPhoneSimulator.ActiveCfg = Debug|Any CPU
		{96D20A96-2AC3-4C9F-80D6-E70E27B672D9}.Debug|iPhoneSimulator.Build.0 = Debug|Any CPU
		{96D20A96-2AC3-4C9F-80D6-E70E27B672D9}.Debug|x86.ActiveCfg = Debug|Any CPU
		{96D20A96-2AC3-4C9F-80D6-E70E27B672D9}.Debug|x86.Build.0 = Debug|Any CPU
		{96D20A96-2AC3-4C9F-80D6-E70E27B672D9}.Release|Any CPU.ActiveCfg = Release|Any CPU
		{96D20A96-2AC3-4C9F-80D6-E70E27B672D9}.Release|Any CPU.Build.0 = Release|Any CPU
		{96D20A96-2AC3-4C9F-80D6-E70E27B672D9}.Release|ARM.ActiveCfg = Release|Any CPU
		{96D20A96-2AC3-4C9F-80D6-E70E27B672D9}.Release|ARM.Build.0 = Release|Any CPU
		{96D20A96-2AC3-4C9F-80D6-E70E27B672D9}.Release|iPhone.ActiveCfg = Release|Any CPU
		{96D20A96-2AC3-4C9F-80D6-E70E27B672D9}.Release|iPhone.Build.0 = Release|Any CPU
		{96D20A96-2AC3-4C9F-80D6-E70E27B672D9}.Release|iPhoneSimulator.ActiveCfg = Release|Any CPU
		{96D20A96-2AC3-4C9F-80D6-E70E27B672D9}.Release|iPhoneSimulator.Build.0 = Release|Any CPU
		{96D20A96-2AC3-4C9F-80D6-E70E27B672D9}.Release|x86.ActiveCfg = Release|Any CPU
		{96D20A96-2AC3-4C9F-80D6-E70E27B672D9}.Release|x86.Build.0 = Release|Any CPU
		{AB606E4F-F0ED-469D-AB3D-63C3EE05492E}.Debug|Any CPU.ActiveCfg = Debug|Any CPU
		{AB606E4F-F0ED-469D-AB3D-63C3EE05492E}.Debug|Any CPU.Build.0 = Debug|Any CPU
		{AB606E4F-F0ED-469D-AB3D-63C3EE05492E}.Debug|ARM.ActiveCfg = Debug|Any CPU
		{AB606E4F-F0ED-469D-AB3D-63C3EE05492E}.Debug|ARM.Build.0 = Debug|Any CPU
		{AB606E4F-F0ED-469D-AB3D-63C3EE05492E}.Debug|iPhone.ActiveCfg = Debug|Any CPU
		{AB606E4F-F0ED-469D-AB3D-63C3EE05492E}.Debug|iPhone.Build.0 = Debug|Any CPU
		{AB606E4F-F0ED-469D-AB3D-63C3EE05492E}.Debug|iPhoneSimulator.ActiveCfg = Debug|Any CPU
		{AB606E4F-F0ED-469D-AB3D-63C3EE05492E}.Debug|iPhoneSimulator.Build.0 = Debug|Any CPU
		{AB606E4F-F0ED-469D-AB3D-63C3EE05492E}.Debug|x86.ActiveCfg = Debug|Any CPU
		{AB606E4F-F0ED-469D-AB3D-63C3EE05492E}.Debug|x86.Build.0 = Debug|Any CPU
		{AB606E4F-F0ED-469D-AB3D-63C3EE05492E}.Release|Any CPU.ActiveCfg = Release|Any CPU
		{AB606E4F-F0ED-469D-AB3D-63C3EE05492E}.Release|Any CPU.Build.0 = Release|Any CPU
		{AB606E4F-F0ED-469D-AB3D-63C3EE05492E}.Release|ARM.ActiveCfg = Release|Any CPU
		{AB606E4F-F0ED-469D-AB3D-63C3EE05492E}.Release|ARM.Build.0 = Release|Any CPU
		{AB606E4F-F0ED-469D-AB3D-63C3EE05492E}.Release|iPhone.ActiveCfg = Release|Any CPU
		{AB606E4F-F0ED-469D-AB3D-63C3EE05492E}.Release|iPhone.Build.0 = Release|Any CPU
		{AB606E4F-F0ED-469D-AB3D-63C3EE05492E}.Release|iPhoneSimulator.ActiveCfg = Release|Any CPU
		{AB606E4F-F0ED-469D-AB3D-63C3EE05492E}.Release|iPhoneSimulator.Build.0 = Release|Any CPU
		{AB606E4F-F0ED-469D-AB3D-63C3EE05492E}.Release|x86.ActiveCfg = Release|Any CPU
		{AB606E4F-F0ED-469D-AB3D-63C3EE05492E}.Release|x86.Build.0 = Release|Any CPU
		{2FF5BF37-DFD0-4EB0-9DDD-BF8253ABAE81}.Debug|Any CPU.ActiveCfg = Debug|Any CPU
		{2FF5BF37-DFD0-4EB0-9DDD-BF8253ABAE81}.Debug|Any CPU.Build.0 = Debug|Any CPU
		{2FF5BF37-DFD0-4EB0-9DDD-BF8253ABAE81}.Debug|ARM.ActiveCfg = Debug|Any CPU
		{2FF5BF37-DFD0-4EB0-9DDD-BF8253ABAE81}.Debug|ARM.Build.0 = Debug|Any CPU
		{2FF5BF37-DFD0-4EB0-9DDD-BF8253ABAE81}.Debug|iPhone.ActiveCfg = Debug|Any CPU
		{2FF5BF37-DFD0-4EB0-9DDD-BF8253ABAE81}.Debug|iPhone.Build.0 = Debug|Any CPU
		{2FF5BF37-DFD0-4EB0-9DDD-BF8253ABAE81}.Debug|iPhoneSimulator.ActiveCfg = Debug|Any CPU
		{2FF5BF37-DFD0-4EB0-9DDD-BF8253ABAE81}.Debug|iPhoneSimulator.Build.0 = Debug|Any CPU
		{2FF5BF37-DFD0-4EB0-9DDD-BF8253ABAE81}.Debug|x86.ActiveCfg = Debug|Any CPU
		{2FF5BF37-DFD0-4EB0-9DDD-BF8253ABAE81}.Debug|x86.Build.0 = Debug|Any CPU
		{2FF5BF37-DFD0-4EB0-9DDD-BF8253ABAE81}.Release|Any CPU.ActiveCfg = Release|Any CPU
		{2FF5BF37-DFD0-4EB0-9DDD-BF8253ABAE81}.Release|Any CPU.Build.0 = Release|Any CPU
		{2FF5BF37-DFD0-4EB0-9DDD-BF8253ABAE81}.Release|ARM.ActiveCfg = Release|Any CPU
		{2FF5BF37-DFD0-4EB0-9DDD-BF8253ABAE81}.Release|ARM.Build.0 = Release|Any CPU
		{2FF5BF37-DFD0-4EB0-9DDD-BF8253ABAE81}.Release|iPhone.ActiveCfg = Release|Any CPU
		{2FF5BF37-DFD0-4EB0-9DDD-BF8253ABAE81}.Release|iPhone.Build.0 = Release|Any CPU
		{2FF5BF37-DFD0-4EB0-9DDD-BF8253ABAE81}.Release|iPhoneSimulator.ActiveCfg = Release|Any CPU
		{2FF5BF37-DFD0-4EB0-9DDD-BF8253ABAE81}.Release|iPhoneSimulator.Build.0 = Release|Any CPU
		{2FF5BF37-DFD0-4EB0-9DDD-BF8253ABAE81}.Release|x86.ActiveCfg = Release|Any CPU
		{2FF5BF37-DFD0-4EB0-9DDD-BF8253ABAE81}.Release|x86.Build.0 = Release|Any CPU
		{1F6C377E-9745-43A3-BBD1-0ACF6902A1D0}.Debug|Any CPU.ActiveCfg = Debug|Any CPU
		{1F6C377E-9745-43A3-BBD1-0ACF6902A1D0}.Debug|Any CPU.Build.0 = Debug|Any CPU
		{1F6C377E-9745-43A3-BBD1-0ACF6902A1D0}.Debug|ARM.ActiveCfg = Debug|Any CPU
		{1F6C377E-9745-43A3-BBD1-0ACF6902A1D0}.Debug|ARM.Build.0 = Debug|Any CPU
		{1F6C377E-9745-43A3-BBD1-0ACF6902A1D0}.Debug|iPhone.ActiveCfg = Debug|Any CPU
		{1F6C377E-9745-43A3-BBD1-0ACF6902A1D0}.Debug|iPhone.Build.0 = Debug|Any CPU
		{1F6C377E-9745-43A3-BBD1-0ACF6902A1D0}.Debug|iPhoneSimulator.ActiveCfg = Debug|Any CPU
		{1F6C377E-9745-43A3-BBD1-0ACF6902A1D0}.Debug|iPhoneSimulator.Build.0 = Debug|Any CPU
		{1F6C377E-9745-43A3-BBD1-0ACF6902A1D0}.Debug|x86.ActiveCfg = Debug|Any CPU
		{1F6C377E-9745-43A3-BBD1-0ACF6902A1D0}.Debug|x86.Build.0 = Debug|Any CPU
		{1F6C377E-9745-43A3-BBD1-0ACF6902A1D0}.Release|Any CPU.ActiveCfg = Release|Any CPU
		{1F6C377E-9745-43A3-BBD1-0ACF6902A1D0}.Release|Any CPU.Build.0 = Release|Any CPU
		{1F6C377E-9745-43A3-BBD1-0ACF6902A1D0}.Release|ARM.ActiveCfg = Release|Any CPU
		{1F6C377E-9745-43A3-BBD1-0ACF6902A1D0}.Release|ARM.Build.0 = Release|Any CPU
		{1F6C377E-9745-43A3-BBD1-0ACF6902A1D0}.Release|iPhone.ActiveCfg = Release|Any CPU
		{1F6C377E-9745-43A3-BBD1-0ACF6902A1D0}.Release|iPhone.Build.0 = Release|Any CPU
		{1F6C377E-9745-43A3-BBD1-0ACF6902A1D0}.Release|iPhoneSimulator.ActiveCfg = Release|Any CPU
		{1F6C377E-9745-43A3-BBD1-0ACF6902A1D0}.Release|iPhoneSimulator.Build.0 = Release|Any CPU
		{1F6C377E-9745-43A3-BBD1-0ACF6902A1D0}.Release|x86.ActiveCfg = Release|Any CPU
		{1F6C377E-9745-43A3-BBD1-0ACF6902A1D0}.Release|x86.Build.0 = Release|Any CPU
		{003A388F-8D78-43AA-8703-9C107D2EF7F4}.Debug|Any CPU.ActiveCfg = Debug|Any CPU
		{003A388F-8D78-43AA-8703-9C107D2EF7F4}.Debug|Any CPU.Build.0 = Debug|Any CPU
		{003A388F-8D78-43AA-8703-9C107D2EF7F4}.Debug|ARM.ActiveCfg = Debug|Any CPU
		{003A388F-8D78-43AA-8703-9C107D2EF7F4}.Debug|ARM.Build.0 = Debug|Any CPU
		{003A388F-8D78-43AA-8703-9C107D2EF7F4}.Debug|iPhone.ActiveCfg = Debug|Any CPU
		{003A388F-8D78-43AA-8703-9C107D2EF7F4}.Debug|iPhone.Build.0 = Debug|Any CPU
		{003A388F-8D78-43AA-8703-9C107D2EF7F4}.Debug|iPhoneSimulator.ActiveCfg = Debug|Any CPU
		{003A388F-8D78-43AA-8703-9C107D2EF7F4}.Debug|iPhoneSimulator.Build.0 = Debug|Any CPU
		{003A388F-8D78-43AA-8703-9C107D2EF7F4}.Debug|x86.ActiveCfg = Debug|Any CPU
		{003A388F-8D78-43AA-8703-9C107D2EF7F4}.Debug|x86.Build.0 = Debug|Any CPU
		{003A388F-8D78-43AA-8703-9C107D2EF7F4}.Release|Any CPU.ActiveCfg = Release|Any CPU
		{003A388F-8D78-43AA-8703-9C107D2EF7F4}.Release|Any CPU.Build.0 = Release|Any CPU
		{003A388F-8D78-43AA-8703-9C107D2EF7F4}.Release|ARM.ActiveCfg = Release|Any CPU
		{003A388F-8D78-43AA-8703-9C107D2EF7F4}.Release|ARM.Build.0 = Release|Any CPU
		{003A388F-8D78-43AA-8703-9C107D2EF7F4}.Release|iPhone.ActiveCfg = Release|Any CPU
		{003A388F-8D78-43AA-8703-9C107D2EF7F4}.Release|iPhone.Build.0 = Release|Any CPU
		{003A388F-8D78-43AA-8703-9C107D2EF7F4}.Release|iPhoneSimulator.ActiveCfg = Release|Any CPU
		{003A388F-8D78-43AA-8703-9C107D2EF7F4}.Release|iPhoneSimulator.Build.0 = Release|Any CPU
		{003A388F-8D78-43AA-8703-9C107D2EF7F4}.Release|x86.ActiveCfg = Release|Any CPU
		{003A388F-8D78-43AA-8703-9C107D2EF7F4}.Release|x86.Build.0 = Release|Any CPU
		{D4437B00-489A-496C-A521-CB77D9EF6F48}.Debug|Any CPU.ActiveCfg = Debug|Any CPU
		{D4437B00-489A-496C-A521-CB77D9EF6F48}.Debug|Any CPU.Build.0 = Debug|Any CPU
		{D4437B00-489A-496C-A521-CB77D9EF6F48}.Debug|ARM.ActiveCfg = Debug|Any CPU
		{D4437B00-489A-496C-A521-CB77D9EF6F48}.Debug|ARM.Build.0 = Debug|Any CPU
		{D4437B00-489A-496C-A521-CB77D9EF6F48}.Debug|iPhone.ActiveCfg = Debug|Any CPU
		{D4437B00-489A-496C-A521-CB77D9EF6F48}.Debug|iPhone.Build.0 = Debug|Any CPU
		{D4437B00-489A-496C-A521-CB77D9EF6F48}.Debug|iPhoneSimulator.ActiveCfg = Debug|Any CPU
		{D4437B00-489A-496C-A521-CB77D9EF6F48}.Debug|iPhoneSimulator.Build.0 = Debug|Any CPU
		{D4437B00-489A-496C-A521-CB77D9EF6F48}.Debug|x86.ActiveCfg = Debug|Any CPU
		{D4437B00-489A-496C-A521-CB77D9EF6F48}.Debug|x86.Build.0 = Debug|Any CPU
		{D4437B00-489A-496C-A521-CB77D9EF6F48}.Release|Any CPU.ActiveCfg = Release|Any CPU
		{D4437B00-489A-496C-A521-CB77D9EF6F48}.Release|Any CPU.Build.0 = Release|Any CPU
		{D4437B00-489A-496C-A521-CB77D9EF6F48}.Release|ARM.ActiveCfg = Release|Any CPU
		{D4437B00-489A-496C-A521-CB77D9EF6F48}.Release|ARM.Build.0 = Release|Any CPU
		{D4437B00-489A-496C-A521-CB77D9EF6F48}.Release|iPhone.ActiveCfg = Release|Any CPU
		{D4437B00-489A-496C-A521-CB77D9EF6F48}.Release|iPhone.Build.0 = Release|Any CPU
		{D4437B00-489A-496C-A521-CB77D9EF6F48}.Release|iPhoneSimulator.ActiveCfg = Release|Any CPU
		{D4437B00-489A-496C-A521-CB77D9EF6F48}.Release|iPhoneSimulator.Build.0 = Release|Any CPU
		{D4437B00-489A-496C-A521-CB77D9EF6F48}.Release|x86.ActiveCfg = Release|Any CPU
		{D4437B00-489A-496C-A521-CB77D9EF6F48}.Release|x86.Build.0 = Release|Any CPU
		{F225181C-C68B-42B0-868B-35CF9EE2EC9E}.Debug|Any CPU.ActiveCfg = Debug|Any CPU
		{F225181C-C68B-42B0-868B-35CF9EE2EC9E}.Debug|Any CPU.Build.0 = Debug|Any CPU
		{F225181C-C68B-42B0-868B-35CF9EE2EC9E}.Debug|ARM.ActiveCfg = Debug|Any CPU
		{F225181C-C68B-42B0-868B-35CF9EE2EC9E}.Debug|ARM.Build.0 = Debug|Any CPU
		{F225181C-C68B-42B0-868B-35CF9EE2EC9E}.Debug|iPhone.ActiveCfg = Debug|Any CPU
		{F225181C-C68B-42B0-868B-35CF9EE2EC9E}.Debug|iPhone.Build.0 = Debug|Any CPU
		{F225181C-C68B-42B0-868B-35CF9EE2EC9E}.Debug|iPhoneSimulator.ActiveCfg = Debug|Any CPU
		{F225181C-C68B-42B0-868B-35CF9EE2EC9E}.Debug|iPhoneSimulator.Build.0 = Debug|Any CPU
		{F225181C-C68B-42B0-868B-35CF9EE2EC9E}.Debug|x86.ActiveCfg = Debug|Any CPU
		{F225181C-C68B-42B0-868B-35CF9EE2EC9E}.Debug|x86.Build.0 = Debug|Any CPU
		{F225181C-C68B-42B0-868B-35CF9EE2EC9E}.Release|Any CPU.ActiveCfg = Release|Any CPU
		{F225181C-C68B-42B0-868B-35CF9EE2EC9E}.Release|Any CPU.Build.0 = Release|Any CPU
		{F225181C-C68B-42B0-868B-35CF9EE2EC9E}.Release|ARM.ActiveCfg = Release|Any CPU
		{F225181C-C68B-42B0-868B-35CF9EE2EC9E}.Release|ARM.Build.0 = Release|Any CPU
		{F225181C-C68B-42B0-868B-35CF9EE2EC9E}.Release|iPhone.ActiveCfg = Release|Any CPU
		{F225181C-C68B-42B0-868B-35CF9EE2EC9E}.Release|iPhone.Build.0 = Release|Any CPU
		{F225181C-C68B-42B0-868B-35CF9EE2EC9E}.Release|iPhoneSimulator.ActiveCfg = Release|Any CPU
		{F225181C-C68B-42B0-868B-35CF9EE2EC9E}.Release|iPhoneSimulator.Build.0 = Release|Any CPU
		{F225181C-C68B-42B0-868B-35CF9EE2EC9E}.Release|x86.ActiveCfg = Release|Any CPU
		{F225181C-C68B-42B0-868B-35CF9EE2EC9E}.Release|x86.Build.0 = Release|Any CPU
		{1A7D6030-3307-40F4-B83C-87626BE09EF2}.Debug|Any CPU.ActiveCfg = Debug|Any CPU
		{1A7D6030-3307-40F4-B83C-87626BE09EF2}.Debug|Any CPU.Build.0 = Debug|Any CPU
		{1A7D6030-3307-40F4-B83C-87626BE09EF2}.Debug|Any CPU.Deploy.0 = Debug|Any CPU
		{1A7D6030-3307-40F4-B83C-87626BE09EF2}.Debug|ARM.ActiveCfg = Debug|Any CPU
		{1A7D6030-3307-40F4-B83C-87626BE09EF2}.Debug|ARM.Build.0 = Debug|Any CPU
		{1A7D6030-3307-40F4-B83C-87626BE09EF2}.Debug|ARM.Deploy.0 = Debug|Any CPU
		{1A7D6030-3307-40F4-B83C-87626BE09EF2}.Debug|iPhone.ActiveCfg = Debug|Any CPU
		{1A7D6030-3307-40F4-B83C-87626BE09EF2}.Debug|iPhone.Build.0 = Debug|Any CPU
		{1A7D6030-3307-40F4-B83C-87626BE09EF2}.Debug|iPhone.Deploy.0 = Debug|Any CPU
		{1A7D6030-3307-40F4-B83C-87626BE09EF2}.Debug|iPhoneSimulator.ActiveCfg = Debug|Any CPU
		{1A7D6030-3307-40F4-B83C-87626BE09EF2}.Debug|iPhoneSimulator.Build.0 = Debug|Any CPU
		{1A7D6030-3307-40F4-B83C-87626BE09EF2}.Debug|iPhoneSimulator.Deploy.0 = Debug|Any CPU
		{1A7D6030-3307-40F4-B83C-87626BE09EF2}.Debug|x86.ActiveCfg = Debug|Any CPU
		{1A7D6030-3307-40F4-B83C-87626BE09EF2}.Debug|x86.Build.0 = Debug|Any CPU
		{1A7D6030-3307-40F4-B83C-87626BE09EF2}.Debug|x86.Deploy.0 = Debug|Any CPU
		{1A7D6030-3307-40F4-B83C-87626BE09EF2}.Release|Any CPU.ActiveCfg = Release|Any CPU
		{1A7D6030-3307-40F4-B83C-87626BE09EF2}.Release|Any CPU.Build.0 = Release|Any CPU
		{1A7D6030-3307-40F4-B83C-87626BE09EF2}.Release|Any CPU.Deploy.0 = Release|Any CPU
		{1A7D6030-3307-40F4-B83C-87626BE09EF2}.Release|ARM.ActiveCfg = Release|Any CPU
		{1A7D6030-3307-40F4-B83C-87626BE09EF2}.Release|ARM.Build.0 = Release|Any CPU
		{1A7D6030-3307-40F4-B83C-87626BE09EF2}.Release|ARM.Deploy.0 = Release|Any CPU
		{1A7D6030-3307-40F4-B83C-87626BE09EF2}.Release|iPhone.ActiveCfg = Release|Any CPU
		{1A7D6030-3307-40F4-B83C-87626BE09EF2}.Release|iPhone.Build.0 = Release|Any CPU
		{1A7D6030-3307-40F4-B83C-87626BE09EF2}.Release|iPhone.Deploy.0 = Release|Any CPU
		{1A7D6030-3307-40F4-B83C-87626BE09EF2}.Release|iPhoneSimulator.ActiveCfg = Release|Any CPU
		{1A7D6030-3307-40F4-B83C-87626BE09EF2}.Release|iPhoneSimulator.Build.0 = Release|Any CPU
		{1A7D6030-3307-40F4-B83C-87626BE09EF2}.Release|iPhoneSimulator.Deploy.0 = Release|Any CPU
		{1A7D6030-3307-40F4-B83C-87626BE09EF2}.Release|x86.ActiveCfg = Release|Any CPU
		{1A7D6030-3307-40F4-B83C-87626BE09EF2}.Release|x86.Build.0 = Release|Any CPU
		{1A7D6030-3307-40F4-B83C-87626BE09EF2}.Release|x86.Deploy.0 = Release|Any CPU
		{82DCC446-9B30-4076-8993-A529A5CEC8EE}.Debug|Any CPU.ActiveCfg = Debug|iPhone
		{82DCC446-9B30-4076-8993-A529A5CEC8EE}.Debug|ARM.ActiveCfg = Debug|iPhone
		{82DCC446-9B30-4076-8993-A529A5CEC8EE}.Debug|iPhone.ActiveCfg = Debug|iPhone
		{82DCC446-9B30-4076-8993-A529A5CEC8EE}.Debug|iPhone.Build.0 = Debug|iPhone
		{82DCC446-9B30-4076-8993-A529A5CEC8EE}.Debug|iPhoneSimulator.ActiveCfg = Debug|iPhoneSimulator
		{82DCC446-9B30-4076-8993-A529A5CEC8EE}.Debug|iPhoneSimulator.Build.0 = Debug|iPhoneSimulator
		{82DCC446-9B30-4076-8993-A529A5CEC8EE}.Debug|x86.ActiveCfg = Debug|iPhone
		{82DCC446-9B30-4076-8993-A529A5CEC8EE}.Release|Any CPU.ActiveCfg = Release|iPhone
		{82DCC446-9B30-4076-8993-A529A5CEC8EE}.Release|ARM.ActiveCfg = Release|iPhone
		{82DCC446-9B30-4076-8993-A529A5CEC8EE}.Release|iPhone.ActiveCfg = Release|iPhone
		{82DCC446-9B30-4076-8993-A529A5CEC8EE}.Release|iPhone.Build.0 = Release|iPhone
		{82DCC446-9B30-4076-8993-A529A5CEC8EE}.Release|iPhoneSimulator.ActiveCfg = Release|iPhoneSimulator
		{82DCC446-9B30-4076-8993-A529A5CEC8EE}.Release|iPhoneSimulator.Build.0 = Release|iPhoneSimulator
		{82DCC446-9B30-4076-8993-A529A5CEC8EE}.Release|x86.ActiveCfg = Release|iPhone
		{3F4232CA-8E37-4FE3-890C-84197178786D}.Debug|Any CPU.ActiveCfg = Debug|Any CPU
		{3F4232CA-8E37-4FE3-890C-84197178786D}.Debug|Any CPU.Build.0 = Debug|Any CPU
		{3F4232CA-8E37-4FE3-890C-84197178786D}.Debug|ARM.ActiveCfg = Debug|Any CPU
		{3F4232CA-8E37-4FE3-890C-84197178786D}.Debug|ARM.Build.0 = Debug|Any CPU
		{3F4232CA-8E37-4FE3-890C-84197178786D}.Debug|iPhone.ActiveCfg = Debug|Any CPU
		{3F4232CA-8E37-4FE3-890C-84197178786D}.Debug|iPhone.Build.0 = Debug|Any CPU
		{3F4232CA-8E37-4FE3-890C-84197178786D}.Debug|iPhoneSimulator.ActiveCfg = Debug|Any CPU
		{3F4232CA-8E37-4FE3-890C-84197178786D}.Debug|iPhoneSimulator.Build.0 = Debug|Any CPU
		{3F4232CA-8E37-4FE3-890C-84197178786D}.Debug|x86.ActiveCfg = Debug|Any CPU
		{3F4232CA-8E37-4FE3-890C-84197178786D}.Debug|x86.Build.0 = Debug|Any CPU
		{3F4232CA-8E37-4FE3-890C-84197178786D}.Release|Any CPU.ActiveCfg = Release|Any CPU
		{3F4232CA-8E37-4FE3-890C-84197178786D}.Release|Any CPU.Build.0 = Release|Any CPU
		{3F4232CA-8E37-4FE3-890C-84197178786D}.Release|ARM.ActiveCfg = Release|Any CPU
		{3F4232CA-8E37-4FE3-890C-84197178786D}.Release|ARM.Build.0 = Release|Any CPU
		{3F4232CA-8E37-4FE3-890C-84197178786D}.Release|iPhone.ActiveCfg = Release|Any CPU
		{3F4232CA-8E37-4FE3-890C-84197178786D}.Release|iPhone.Build.0 = Release|Any CPU
		{3F4232CA-8E37-4FE3-890C-84197178786D}.Release|iPhoneSimulator.ActiveCfg = Release|Any CPU
		{3F4232CA-8E37-4FE3-890C-84197178786D}.Release|iPhoneSimulator.Build.0 = Release|Any CPU
		{3F4232CA-8E37-4FE3-890C-84197178786D}.Release|x86.ActiveCfg = Release|Any CPU
		{3F4232CA-8E37-4FE3-890C-84197178786D}.Release|x86.Build.0 = Release|Any CPU
	EndGlobalSection
	GlobalSection(SolutionProperties) = preSolution
		HideSolutionNode = FALSE
	EndGlobalSection
	GlobalSection(NestedProjects) = preSolution
		{EA60F26B-6F88-4F75-846B-5F79EBDA3CBA} = {65D654D0-15D3-4222-A5D2-0AE0C7053D17}
		{6BD5297F-A1B9-49D4-9C51-35BA5786CB3A} = {BD568057-A36E-4FD8-BADD-9F5DFC27170E}
		{19226A97-188F-4F1A-A074-958AEB1ACD5E} = {BD568057-A36E-4FD8-BADD-9F5DFC27170E}
		{FAA3FB6F-2EBA-4D6A-9CFF-A0E10FBD8B66} = {A614CD30-DBA5-4586-AE81-7E7701644F43}
		{E24C20DD-B3D6-440E-B33B-EA0593F93F04} = {070EF366-2D8B-4B1C-BCFD-790FE7A3B272}
		{EC893986-9FC4-4EE1-AD9E-0A25419A5254} = {070EF366-2D8B-4B1C-BCFD-790FE7A3B272}
		{2AE06B83-C426-45E5-9EA5-61C09D245407} = {070EF366-2D8B-4B1C-BCFD-790FE7A3B272}
		{CC41A1D9-28A3-4D2E-BC9F-C5C575BF40AB} = {070EF366-2D8B-4B1C-BCFD-790FE7A3B272}
		{F01F0F60-3672-436D-AAAA-AD068E1FCB12} = {070EF366-2D8B-4B1C-BCFD-790FE7A3B272}
		{D74ED08A-F51E-40EC-89A8-7531F33B1435} = {070EF366-2D8B-4B1C-BCFD-790FE7A3B272}
		{F31D0C38-5719-4914-A8E9-7A4DD7FD57BF} = {070EF366-2D8B-4B1C-BCFD-790FE7A3B272}
		{A368CBF9-7CA2-448A-AD3C-16EDCA991395} = {070EF366-2D8B-4B1C-BCFD-790FE7A3B272}
		{776BE8E4-FC5F-4413-993B-A96F26F8E844} = {070EF366-2D8B-4B1C-BCFD-790FE7A3B272}
		{27EAD967-36B3-4E18-AEB6-4CFA03E8F1C9} = {070EF366-2D8B-4B1C-BCFD-790FE7A3B272}
		{84420EB4-60A1-407A-80CA-12E55404F92E} = {070EF366-2D8B-4B1C-BCFD-790FE7A3B272}
		{7CEE3373-0A98-4F3A-881E-86B7E0ED03C9} = {070EF366-2D8B-4B1C-BCFD-790FE7A3B272}
		{CEA88A85-862A-416F-B624-A045A852726D} = {070EF366-2D8B-4B1C-BCFD-790FE7A3B272}
		{F9D24A8B-DD68-4C93-9D34-3C07C82C916A} = {070EF366-2D8B-4B1C-BCFD-790FE7A3B272}
		{45E8A2AE-9BCB-4B94-ABB2-453B201C3E1E} = {070EF366-2D8B-4B1C-BCFD-790FE7A3B272}
		{933C2786-C7A8-492D-80FD-74DA856B6C7F} = {070EF366-2D8B-4B1C-BCFD-790FE7A3B272}
		{D2740F77-B659-4185-8A0B-9AE046C0E976} = {070EF366-2D8B-4B1C-BCFD-790FE7A3B272}
		{98B44678-5D38-40FE-9745-9B8DFC8E7388} = {070EF366-2D8B-4B1C-BCFD-790FE7A3B272}
		{0FF4C2A5-CEA1-474F-B9AB-95B09D5DAF61} = {070EF366-2D8B-4B1C-BCFD-790FE7A3B272}
		{C35A00E6-4C6F-4FE0-926D-847245D471BE} = {B2EBB4AE-F2C0-4718-9BFD-3D784468E300}
		{0133378E-ACF3-48A5-9CF9-4010B7BA7C55} = {B2EBB4AE-F2C0-4718-9BFD-3D784468E300}
		{EB9C94B9-91B4-4F66-9763-6CE637901145} = {A60F1FA1-4D8E-4522-B99C-97055D5495D1}
		{D035B064-E2F3-4885-8604-D0D8F6409CD7} = {B2EBB4AE-F2C0-4718-9BFD-3D784468E300}
		{1D97FB53-04EE-47CA-B789-ABAA5165B9FA} = {B75CB631-8429-4639-A8F4-4487455FA3A6}
		{EF8D737D-D7AD-417A-9081-F74A63F06643} = {070EF366-2D8B-4B1C-BCFD-790FE7A3B272}
		{AB606E4F-F0ED-469D-AB3D-63C3EE05492E} = {807E34C1-EC7B-4FB7-BD8A-A151469C9F9E}
		{2FF5BF37-DFD0-4EB0-9DDD-BF8253ABAE81} = {807E34C1-EC7B-4FB7-BD8A-A151469C9F9E}
	EndGlobalSection
	GlobalSection(ExtensibilityGlobals) = postSolution
		SolutionGuid = {0D0E4436-BED6-4E07-888A-B58FBC6C42DB}
	EndGlobalSection
EndGlobal
