
Microsoft Visual Studio Solution File, Format Version 12.00
# Visual Studio 14
VisualStudioVersion = 14.0.25420.1
MinimumVisualStudioVersion = 10.0.40219.1
Project("{FAE04EC0-301F-11D3-BF4B-00C04F79EFBC}") = "Collection", "Collection\Collection.csproj", "{661EE932-04C7-4C07-948B-E5814A507D83}"
EndProject
Project("{FAE04EC0-301F-11D3-BF4B-00C04F79EFBC}") = "MSMQMessaging", "MSMQMessaging\MSMQMessaging.csproj", "{E053C350-DC3F-4A04-8E80-8F0E9928324D}"
EndProject
Project("{FAE04EC0-301F-11D3-BF4B-00C04F79EFBC}") = "IMessaging", "IMessaging\IMessaging.csproj", "{ED064B53-2679-4922-8D40-6DD1106E3F96}"
EndProject
Project("{FAE04EC0-301F-11D3-BF4B-00C04F79EFBC}") = "Model", "Model\Model.csproj", "{02A3B0DC-CCE9-4B0E-8C06-783537912526}"
EndProject
Project("{FAE04EC0-301F-11D3-BF4B-00C04F79EFBC}") = "OrderProcessor", "OrderProcessor\OrderProcessor.csproj", "{5B61A427-3C1C-4DA6-9129-4C2068E02367}"
EndProject
Project("{FAE04EC0-301F-11D3-BF4B-00C04F79EFBC}") = "BLL", "BLL\BLL.csproj", "{2BE0959D-B862-4111-B0EB-F6E40C03CE6E}"
EndProject
Project("{FAE04EC0-301F-11D3-BF4B-00C04F79EFBC}") = "DALFactory", "DALFactory\DALFactory.csproj", "{07604E86-2F2B-4330-BB24-3D92AFC02EFF}"
EndProject
Project("{FAE04EC0-301F-11D3-BF4B-00C04F79EFBC}") = "IBllStrategy", "IBllStrategy\IBllStrategy.csproj", "{3A136EC1-30B6-4D2A-930C-5A54F020BD6E}"
EndProject
Project("{FAE04EC0-301F-11D3-BF4B-00C04F79EFBC}") = "IDAL", "IDAL\IDAL.csproj", "{9EEE9D29-716F-4B0C-BFDC-E7D17CE53B66}"
EndProject
Project("{FAE04EC0-301F-11D3-BF4B-00C04F79EFBC}") = "DAL", "DAL\DAL.csproj", "{B72C1D79-F2D2-4255-BC26-453254FC5A1F}"
EndProject
Project("{FAE04EC0-301F-11D3-BF4B-00C04F79EFBC}") = "ConsoleApplication1", "ConsoleApplication1\ConsoleApplication1.csproj", "{DFBB5CED-1C89-4A46-B01E-A178AF513418}"
EndProject
Project("{FAE04EC0-301F-11D3-BF4B-00C04F79EFBC}") = "Core", "Core\Core.csproj", "{5E0BBABF-C69E-4589-86A4-7B5F4AD0F059}"
EndProject
Project("{FAE04EC0-301F-11D3-BF4B-00C04F79EFBC}") = "Process", "Process\Process.csproj", "{EA60F26B-6F88-4F75-846B-5F79EBDA3CBA}"
EndProject
Project("{FAE04EC0-301F-11D3-BF4B-00C04F79EFBC}") = "Messaging", "Messaging\Messaging.csproj", "{CEA862E4-EE93-47D7-847A-4D0EE5153883}"
EndProject
Project("{FAE04EC0-301F-11D3-BF4B-00C04F79EFBC}") = "SocketClient", "SocketClient\SocketClient.csproj", "{6BD5297F-A1B9-49D4-9C51-35BA5786CB3A}"
EndProject
Project("{FAE04EC0-301F-11D3-BF4B-00C04F79EFBC}") = "SocketServer", "SocketServer\SocketServer.csproj", "{19226A97-188F-4F1A-A074-958AEB1ACD5E}"
EndProject
Project("{FAE04EC0-301F-11D3-BF4B-00C04F79EFBC}") = "PCCHAT", "PCCHAT\PCCHAT.csproj", "{FAA3FB6F-2EBA-4D6A-9CFF-A0E10FBD8B66}"
EndProject
Project("{FAE04EC0-301F-11D3-BF4B-00C04F79EFBC}") = "Observer", "Observer\Observer.csproj", "{E24C20DD-B3D6-440E-B33B-EA0593F93F04}"
EndProject
Project("{2150E333-8FDC-42A3-9474-1A3956D46DE8}") = "23", "23", "{070EF366-2D8B-4B1C-BCFD-790FE7A3B272}"
EndProject
Project("{FAE04EC0-301F-11D3-BF4B-00C04F79EFBC}") = "Builder", "Builder\Builder.csproj", "{EC893986-9FC4-4EE1-AD9E-0A25419A5254}"
EndProject
Project("{FAE04EC0-301F-11D3-BF4B-00C04F79EFBC}") = "Prototype", "Prototype\Prototype.csproj", "{2AE06B83-C426-45E5-9EA5-61C09D245407}"
EndProject
Project("{FAE04EC0-301F-11D3-BF4B-00C04F79EFBC}") = "Adapter", "Adapter\Adapter.csproj", "{CC41A1D9-28A3-4D2E-BC9F-C5C575BF40AB}"
EndProject
Project("{FAE04EC0-301F-11D3-BF4B-00C04F79EFBC}") = "Remote", "Remote\Remote.csproj", "{F01F0F60-3672-436D-AAAA-AD068E1FCB12}"
EndProject
Project("{FAE04EC0-301F-11D3-BF4B-00C04F79EFBC}") = "Decorator", "Decorator\Decorator.csproj", "{D74ED08A-F51E-40EC-89A8-7531F33B1435}"
EndProject
Project("{FAE04EC0-301F-11D3-BF4B-00C04F79EFBC}") = "Composite", "Composite\Composite.csproj", "{F31D0C38-5719-4914-A8E9-7A4DD7FD57BF}"
EndProject
Project("{FAE04EC0-301F-11D3-BF4B-00C04F79EFBC}") = "Facade", "Facade\Facade.csproj", "{A368CBF9-7CA2-448A-AD3C-16EDCA991395}"
EndProject
Project("{FAE04EC0-301F-11D3-BF4B-00C04F79EFBC}") = "FlyWeight", "FlyWeight\FlyWeight.csproj", "{776BE8E4-FC5F-4413-993B-A96F26F8E844}"
EndProject
Project("{FAE04EC0-301F-11D3-BF4B-00C04F79EFBC}") = "Proxy", "Proxy\Proxy.csproj", "{27EAD967-36B3-4E18-AEB6-4CFA03E8F1C9}"
EndProject
Project("{FAE04EC0-301F-11D3-BF4B-00C04F79EFBC}") = "Template", "Template\Template.csproj", "{84420EB4-60A1-407A-80CA-12E55404F92E}"
EndProject
Project("{FAE04EC0-301F-11D3-BF4B-00C04F79EFBC}") = "Command", "Command\Command.csproj", "{7CEE3373-0A98-4F3A-881E-86B7E0ED03C9}"
EndProject
Project("{FAE04EC0-301F-11D3-BF4B-00C04F79EFBC}") = "Iterator", "Iterator\Iterator.csproj", "{CEA88A85-862A-416F-B624-A045A852726D}"
EndProject
Project("{FAE04EC0-301F-11D3-BF4B-00C04F79EFBC}") = "Mediator", "Mediator\Mediator.csproj", "{F9D24A8B-DD68-4C93-9D34-3C07C82C916A}"
EndProject
Project("{FAE04EC0-301F-11D3-BF4B-00C04F79EFBC}") = "State", "State\State.csproj", "{45E8A2AE-9BCB-4B94-ABB2-453B201C3E1E}"
EndProject
Project("{FAE04EC0-301F-11D3-BF4B-00C04F79EFBC}") = "Strategy", "Strategy\Strategy.csproj", "{933C2786-C7A8-492D-80FD-74DA856B6C7F}"
EndProject
Project("{FAE04EC0-301F-11D3-BF4B-00C04F79EFBC}") = "ChainOfResponsibility", "ChainOfResponsibility\ChainOfResponsibility.csproj", "{D2740F77-B659-4185-8A0B-9AE046C0E976}"
EndProject
Project("{FAE04EC0-301F-11D3-BF4B-00C04F79EFBC}") = "Vistor", "Vistor\Vistor.csproj", "{98B44678-5D38-40FE-9745-9B8DFC8E7388}"
EndProject
Project("{FAE04EC0-301F-11D3-BF4B-00C04F79EFBC}") = "Memento", "Memento\Memento.csproj", "{0FF4C2A5-CEA1-474F-B9AB-95B09D5DAF61}"
EndProject
Project("{2150E333-8FDC-42A3-9474-1A3956D46DE8}") = "DDD", "DDD", "{4297B82F-50AD-4C59-9981-BF550C9CC59A}"
EndProject
Project("{FAE04EC0-301F-11D3-BF4B-00C04F79EFBC}") = "WCFServer", "WCFServer\WCFServer.csproj", "{C35A00E6-4C6F-4FE0-926D-847245D471BE}"
EndProject
Project("{2150E333-8FDC-42A3-9474-1A3956D46DE8}") = "Socket", "Socket", "{BD568057-A36E-4FD8-BADD-9F5DFC27170E}"
EndProject
Project("{2150E333-8FDC-42A3-9474-1A3956D46DE8}") = "WCF", "WCF", "{B2EBB4AE-F2C0-4718-9BFD-3D784468E300}"
EndProject
Project("{FAE04EC0-301F-11D3-BF4B-00C04F79EFBC}") = "WCFClient", "WCFClient\WCFClient.csproj", "{0133378E-ACF3-48A5-9CF9-4010B7BA7C55}"
	ProjectSection(ProjectDependencies) = postProject
		{C35A00E6-4C6F-4FE0-926D-847245D471BE} = {C35A00E6-4C6F-4FE0-926D-847245D471BE}
	EndProjectSection
EndProject
Project("{2150E333-8FDC-42A3-9474-1A3956D46DE8}") = "WF", "WF", "{A60F1FA1-4D8E-4522-B99C-97055D5495D1}"
EndProject
Project("{FAE04EC0-301F-11D3-BF4B-00C04F79EFBC}") = "WFConsole", "WFConsole\WFConsole.csproj", "{EB9C94B9-91B4-4F66-9763-6CE637901145}"
EndProject
Project("{2150E333-8FDC-42A3-9474-1A3956D46DE8}") = "WPF", "WPF", "{A614CD30-DBA5-4586-AE81-7E7701644F43}"
EndProject
Project("{FAE04EC0-301F-11D3-BF4B-00C04F79EFBC}") = "WcfDemo", "WcfDemo\WcfDemo.csproj", "{D035B064-E2F3-4885-8604-D0D8F6409CD7}"
EndProject
Project("{2150E333-8FDC-42A3-9474-1A3956D46DE8}") = "PetShopFrame", "PetShopFrame", "{BC7FA316-8B07-42CB-93C8-90F14DAFD4B8}"
EndProject
Project("{2150E333-8FDC-42A3-9474-1A3956D46DE8}") = "MSMQ", "MSMQ", "{65D654D0-15D3-4222-A5D2-0AE0C7053D17}"
EndProject
Project("{2150E333-8FDC-42A3-9474-1A3956D46DE8}") = "Mongdb", "Mongdb", "{B75CB631-8429-4639-A8F4-4487455FA3A6}"
EndProject
Project("{FAE04EC0-301F-11D3-BF4B-00C04F79EFBC}") = "Mongdb", "Mongdb\Mongdb.csproj", "{1D97FB53-04EE-47CA-B789-ABAA5165B9FA}"
EndProject
Project("{2150E333-8FDC-42A3-9474-1A3956D46DE8}") = "frame", "frame", "{C3A27FDB-C590-4EAF-8666-40EC6786538C}"
EndProject
Project("{FAE04EC0-301F-11D3-BF4B-00C04F79EFBC}") = "Singleton", "Singleton\Singleton.csproj", "{EF8D737D-D7AD-417A-9081-F74A63F06643}"
EndProject
Project("{FAE04EC0-301F-11D3-BF4B-00C04F79EFBC}") = "Common", "Common\Common.csproj", "{96D20A96-2AC3-4C9F-80D6-E70E27B672D9}"
EndProject
Project("{2150E333-8FDC-42A3-9474-1A3956D46DE8}") = "RabbitMQ", "RabbitMQ", "{807E34C1-EC7B-4FB7-BD8A-A151469C9F9E}"
EndProject
Project("{FAE04EC0-301F-11D3-BF4B-00C04F79EFBC}") = "RabbitMQSend", "RabbitMQ\RabbitMQSend.csproj", "{AB606E4F-F0ED-469D-AB3D-63C3EE05492E}"
EndProject
Project("{FAE04EC0-301F-11D3-BF4B-00C04F79EFBC}") = "RabbitMQReceiving", "RabbitMQReceiving\RabbitMQReceiving.csproj", "{2FF5BF37-DFD0-4EB0-9DDD-BF8253ABAE81}"
EndProject
Global
	GlobalSection(SolutionConfigurationPlatforms) = preSolution
		Debug|Any CPU = Debug|Any CPU
		Debug|ARM = Debug|ARM
		Debug|x86 = Debug|x86
		Release|Any CPU = Release|Any CPU
		Release|ARM = Release|ARM
		Release|x86 = Release|x86
	EndGlobalSection
	GlobalSection(ProjectConfigurationPlatforms) = postSolution
		{661EE932-04C7-4C07-948B-E5814A507D83}.Debug|Any CPU.ActiveCfg = Debug|Any CPU
		{661EE932-04C7-4C07-948B-E5814A507D83}.Debug|Any CPU.Build.0 = Debug|Any CPU
		{661EE932-04C7-4C07-948B-E5814A507D83}.Debug|ARM.ActiveCfg = Debug|Any CPU
		{661EE932-04C7-4C07-948B-E5814A507D83}.Debug|ARM.Build.0 = Debug|Any CPU
		{661EE932-04C7-4C07-948B-E5814A507D83}.Debug|x86.ActiveCfg = Debug|Any CPU
		{661EE932-04C7-4C07-948B-E5814A507D83}.Debug|x86.Build.0 = Debug|Any CPU
		{661EE932-04C7-4C07-948B-E5814A507D83}.Release|Any CPU.ActiveCfg = Release|Any CPU
		{661EE932-04C7-4C07-948B-E5814A507D83}.Release|Any CPU.Build.0 = Release|Any CPU
		{661EE932-04C7-4C07-948B-E5814A507D83}.Release|ARM.ActiveCfg = Release|Any CPU
		{661EE932-04C7-4C07-948B-E5814A507D83}.Release|ARM.Build.0 = Release|Any CPU
		{661EE932-04C7-4C07-948B-E5814A507D83}.Release|x86.ActiveCfg = Release|Any CPU
		{661EE932-04C7-4C07-948B-E5814A507D83}.Release|x86.Build.0 = Release|Any CPU
		{E053C350-DC3F-4A04-8E80-8F0E9928324D}.Debug|Any CPU.ActiveCfg = Debug|Any CPU
		{E053C350-DC3F-4A04-8E80-8F0E9928324D}.Debug|Any CPU.Build.0 = Debug|Any CPU
		{E053C350-DC3F-4A04-8E80-8F0E9928324D}.Debug|ARM.ActiveCfg = Debug|Any CPU
		{E053C350-DC3F-4A04-8E80-8F0E9928324D}.Debug|ARM.Build.0 = Debug|Any CPU
		{E053C350-DC3F-4A04-8E80-8F0E9928324D}.Debug|x86.ActiveCfg = Debug|Any CPU
		{E053C350-DC3F-4A04-8E80-8F0E9928324D}.Debug|x86.Build.0 = Debug|Any CPU
		{E053C350-DC3F-4A04-8E80-8F0E9928324D}.Release|Any CPU.ActiveCfg = Release|Any CPU
		{E053C350-DC3F-4A04-8E80-8F0E9928324D}.Release|Any CPU.Build.0 = Release|Any CPU
		{E053C350-DC3F-4A04-8E80-8F0E9928324D}.Release|ARM.ActiveCfg = Release|Any CPU
		{E053C350-DC3F-4A04-8E80-8F0E9928324D}.Release|ARM.Build.0 = Release|Any CPU
		{E053C350-DC3F-4A04-8E80-8F0E9928324D}.Release|x86.ActiveCfg = Release|Any CPU
		{E053C350-DC3F-4A04-8E80-8F0E9928324D}.Release|x86.Build.0 = Release|Any CPU
		{ED064B53-2679-4922-8D40-6DD1106E3F96}.Debug|Any CPU.ActiveCfg = Debug|Any CPU
		{ED064B53-2679-4922-8D40-6DD1106E3F96}.Debug|Any CPU.Build.0 = Debug|Any CPU
		{ED064B53-2679-4922-8D40-6DD1106E3F96}.Debug|ARM.ActiveCfg = Debug|Any CPU
		{ED064B53-2679-4922-8D40-6DD1106E3F96}.Debug|ARM.Build.0 = Debug|Any CPU
		{ED064B53-2679-4922-8D40-6DD1106E3F96}.Debug|x86.ActiveCfg = Debug|Any CPU
		{ED064B53-2679-4922-8D40-6DD1106E3F96}.Debug|x86.Build.0 = Debug|Any CPU
		{ED064B53-2679-4922-8D40-6DD1106E3F96}.Release|Any CPU.ActiveCfg = Release|Any CPU
		{ED064B53-2679-4922-8D40-6DD1106E3F96}.Release|Any CPU.Build.0 = Release|Any CPU
		{ED064B53-2679-4922-8D40-6DD1106E3F96}.Release|ARM.ActiveCfg = Release|Any CPU
		{ED064B53-2679-4922-8D40-6DD1106E3F96}.Release|ARM.Build.0 = Release|Any CPU
		{ED064B53-2679-4922-8D40-6DD1106E3F96}.Release|x86.ActiveCfg = Release|Any CPU
		{ED064B53-2679-4922-8D40-6DD1106E3F96}.Release|x86.Build.0 = Release|Any CPU
		{02A3B0DC-CCE9-4B0E-8C06-783537912526}.Debug|Any CPU.ActiveCfg = Debug|Any CPU
		{02A3B0DC-CCE9-4B0E-8C06-783537912526}.Debug|Any CPU.Build.0 = Debug|Any CPU
		{02A3B0DC-CCE9-4B0E-8C06-783537912526}.Debug|ARM.ActiveCfg = Debug|Any CPU
		{02A3B0DC-CCE9-4B0E-8C06-783537912526}.Debug|ARM.Build.0 = Debug|Any CPU
		{02A3B0DC-CCE9-4B0E-8C06-783537912526}.Debug|x86.ActiveCfg = Debug|Any CPU
		{02A3B0DC-CCE9-4B0E-8C06-783537912526}.Debug|x86.Build.0 = Debug|Any CPU
		{02A3B0DC-CCE9-4B0E-8C06-783537912526}.Release|Any CPU.ActiveCfg = Release|Any CPU
		{02A3B0DC-CCE9-4B0E-8C06-783537912526}.Release|Any CPU.Build.0 = Release|Any CPU
		{02A3B0DC-CCE9-4B0E-8C06-783537912526}.Release|ARM.ActiveCfg = Release|Any CPU
		{02A3B0DC-CCE9-4B0E-8C06-783537912526}.Release|ARM.Build.0 = Release|Any CPU
		{02A3B0DC-CCE9-4B0E-8C06-783537912526}.Release|x86.ActiveCfg = Release|Any CPU
		{02A3B0DC-CCE9-4B0E-8C06-783537912526}.Release|x86.Build.0 = Release|Any CPU
		{5B61A427-3C1C-4DA6-9129-4C2068E02367}.Debug|Any CPU.ActiveCfg = Debug|Any CPU
		{5B61A427-3C1C-4DA6-9129-4C2068E02367}.Debug|Any CPU.Build.0 = Debug|Any CPU
		{5B61A427-3C1C-4DA6-9129-4C2068E02367}.Debug|ARM.ActiveCfg = Debug|Any CPU
		{5B61A427-3C1C-4DA6-9129-4C2068E02367}.Debug|ARM.Build.0 = Debug|Any CPU
		{5B61A427-3C1C-4DA6-9129-4C2068E02367}.Debug|x86.ActiveCfg = Debug|Any CPU
		{5B61A427-3C1C-4DA6-9129-4C2068E02367}.Debug|x86.Build.0 = Debug|Any CPU
		{5B61A427-3C1C-4DA6-9129-4C2068E02367}.Release|Any CPU.ActiveCfg = Release|Any CPU
		{5B61A427-3C1C-4DA6-9129-4C2068E02367}.Release|Any CPU.Build.0 = Release|Any CPU
		{5B61A427-3C1C-4DA6-9129-4C2068E02367}.Release|ARM.ActiveCfg = Release|Any CPU
		{5B61A427-3C1C-4DA6-9129-4C2068E02367}.Release|ARM.Build.0 = Release|Any CPU
		{5B61A427-3C1C-4DA6-9129-4C2068E02367}.Release|x86.ActiveCfg = Release|Any CPU
		{5B61A427-3C1C-4DA6-9129-4C2068E02367}.Release|x86.Build.0 = Release|Any CPU
		{2BE0959D-B862-4111-B0EB-F6E40C03CE6E}.Debug|Any CPU.ActiveCfg = Debug|Any CPU
		{2BE0959D-B862-4111-B0EB-F6E40C03CE6E}.Debug|Any CPU.Build.0 = Debug|Any CPU
		{2BE0959D-B862-4111-B0EB-F6E40C03CE6E}.Debug|ARM.ActiveCfg = Debug|Any CPU
		{2BE0959D-B862-4111-B0EB-F6E40C03CE6E}.Debug|ARM.Build.0 = Debug|Any CPU
		{2BE0959D-B862-4111-B0EB-F6E40C03CE6E}.Debug|x86.ActiveCfg = Debug|Any CPU
		{2BE0959D-B862-4111-B0EB-F6E40C03CE6E}.Debug|x86.Build.0 = Debug|Any CPU
		{2BE0959D-B862-4111-B0EB-F6E40C03CE6E}.Release|Any CPU.ActiveCfg = Release|Any CPU
		{2BE0959D-B862-4111-B0EB-F6E40C03CE6E}.Release|Any CPU.Build.0 = Release|Any CPU
		{2BE0959D-B862-4111-B0EB-F6E40C03CE6E}.Release|ARM.ActiveCfg = Release|Any CPU
		{2BE0959D-B862-4111-B0EB-F6E40C03CE6E}.Release|ARM.Build.0 = Release|Any CPU
		{2BE0959D-B862-4111-B0EB-F6E40C03CE6E}.Release|x86.ActiveCfg = Release|Any CPU
		{2BE0959D-B862-4111-B0EB-F6E40C03CE6E}.Release|x86.Build.0 = Release|Any CPU
		{07604E86-2F2B-4330-BB24-3D92AFC02EFF}.Debug|Any CPU.ActiveCfg = Debug|Any CPU
		{07604E86-2F2B-4330-BB24-3D92AFC02EFF}.Debug|Any CPU.Build.0 = Debug|Any CPU
		{07604E86-2F2B-4330-BB24-3D92AFC02EFF}.Debug|ARM.ActiveCfg = Debug|Any CPU
		{07604E86-2F2B-4330-BB24-3D92AFC02EFF}.Debug|ARM.Build.0 = Debug|Any CPU
		{07604E86-2F2B-4330-BB24-3D92AFC02EFF}.Debug|x86.ActiveCfg = Debug|Any CPU
		{07604E86-2F2B-4330-BB24-3D92AFC02EFF}.Debug|x86.Build.0 = Debug|Any CPU
		{07604E86-2F2B-4330-BB24-3D92AFC02EFF}.Release|Any CPU.ActiveCfg = Release|Any CPU
		{07604E86-2F2B-4330-BB24-3D92AFC02EFF}.Release|Any CPU.Build.0 = Release|Any CPU
		{07604E86-2F2B-4330-BB24-3D92AFC02EFF}.Release|ARM.ActiveCfg = Release|Any CPU
		{07604E86-2F2B-4330-BB24-3D92AFC02EFF}.Release|ARM.Build.0 = Release|Any CPU
		{07604E86-2F2B-4330-BB24-3D92AFC02EFF}.Release|x86.ActiveCfg = Release|Any CPU
		{07604E86-2F2B-4330-BB24-3D92AFC02EFF}.Release|x86.Build.0 = Release|Any CPU
		{3A136EC1-30B6-4D2A-930C-5A54F020BD6E}.Debug|Any CPU.ActiveCfg = Debug|Any CPU
		{3A136EC1-30B6-4D2A-930C-5A54F020BD6E}.Debug|Any CPU.Build.0 = Debug|Any CPU
		{3A136EC1-30B6-4D2A-930C-5A54F020BD6E}.Debug|ARM.ActiveCfg = Debug|Any CPU
		{3A136EC1-30B6-4D2A-930C-5A54F020BD6E}.Debug|ARM.Build.0 = Debug|Any CPU
		{3A136EC1-30B6-4D2A-930C-5A54F020BD6E}.Debug|x86.ActiveCfg = Debug|Any CPU
		{3A136EC1-30B6-4D2A-930C-5A54F020BD6E}.Debug|x86.Build.0 = Debug|Any CPU
		{3A136EC1-30B6-4D2A-930C-5A54F020BD6E}.Release|Any CPU.ActiveCfg = Release|Any CPU
		{3A136EC1-30B6-4D2A-930C-5A54F020BD6E}.Release|Any CPU.Build.0 = Release|Any CPU
		{3A136EC1-30B6-4D2A-930C-5A54F020BD6E}.Release|ARM.ActiveCfg = Release|Any CPU
		{3A136EC1-30B6-4D2A-930C-5A54F020BD6E}.Release|ARM.Build.0 = Release|Any CPU
		{3A136EC1-30B6-4D2A-930C-5A54F020BD6E}.Release|x86.ActiveCfg = Release|Any CPU
		{3A136EC1-30B6-4D2A-930C-5A54F020BD6E}.Release|x86.Build.0 = Release|Any CPU
		{9EEE9D29-716F-4B0C-BFDC-E7D17CE53B66}.Debug|Any CPU.ActiveCfg = Debug|Any CPU
		{9EEE9D29-716F-4B0C-BFDC-E7D17CE53B66}.Debug|Any CPU.Build.0 = Debug|Any CPU
		{9EEE9D29-716F-4B0C-BFDC-E7D17CE53B66}.Debug|ARM.ActiveCfg = Debug|Any CPU
		{9EEE9D29-716F-4B0C-BFDC-E7D17CE53B66}.Debug|ARM.Build.0 = Debug|Any CPU
		{9EEE9D29-716F-4B0C-BFDC-E7D17CE53B66}.Debug|x86.ActiveCfg = Debug|Any CPU
		{9EEE9D29-716F-4B0C-BFDC-E7D17CE53B66}.Debug|x86.Build.0 = Debug|Any CPU
		{9EEE9D29-716F-4B0C-BFDC-E7D17CE53B66}.Release|Any CPU.ActiveCfg = Release|Any CPU
		{9EEE9D29-716F-4B0C-BFDC-E7D17CE53B66}.Release|Any CPU.Build.0 = Release|Any CPU
		{9EEE9D29-716F-4B0C-BFDC-E7D17CE53B66}.Release|ARM.ActiveCfg = Release|Any CPU
		{9EEE9D29-716F-4B0C-BFDC-E7D17CE53B66}.Release|ARM.Build.0 = Release|Any CPU
		{9EEE9D29-716F-4B0C-BFDC-E7D17CE53B66}.Release|x86.ActiveCfg = Release|Any CPU
		{9EEE9D29-716F-4B0C-BFDC-E7D17CE53B66}.Release|x86.Build.0 = Release|Any CPU
		{B72C1D79-F2D2-4255-BC26-453254FC5A1F}.Debug|Any CPU.ActiveCfg = Debug|Any CPU
		{B72C1D79-F2D2-4255-BC26-453254FC5A1F}.Debug|Any CPU.Build.0 = Debug|Any CPU
		{B72C1D79-F2D2-4255-BC26-453254FC5A1F}.Debug|ARM.ActiveCfg = Debug|Any CPU
		{B72C1D79-F2D2-4255-BC26-453254FC5A1F}.Debug|ARM.Build.0 = Debug|Any CPU
		{B72C1D79-F2D2-4255-BC26-453254FC5A1F}.Debug|x86.ActiveCfg = Debug|Any CPU
		{B72C1D79-F2D2-4255-BC26-453254FC5A1F}.Debug|x86.Build.0 = Debug|Any CPU
		{B72C1D79-F2D2-4255-BC26-453254FC5A1F}.Release|Any CPU.ActiveCfg = Release|Any CPU
		{B72C1D79-F2D2-4255-BC26-453254FC5A1F}.Release|Any CPU.Build.0 = Release|Any CPU
		{B72C1D79-F2D2-4255-BC26-453254FC5A1F}.Release|ARM.ActiveCfg = Release|Any CPU
		{B72C1D79-F2D2-4255-BC26-453254FC5A1F}.Release|ARM.Build.0 = Release|Any CPU
		{B72C1D79-F2D2-4255-BC26-453254FC5A1F}.Release|x86.ActiveCfg = Release|Any CPU
		{B72C1D79-F2D2-4255-BC26-453254FC5A1F}.Release|x86.Build.0 = Release|Any CPU
		{DFBB5CED-1C89-4A46-B01E-A178AF513418}.Debug|Any CPU.ActiveCfg = Debug|Any CPU
		{DFBB5CED-1C89-4A46-B01E-A178AF513418}.Debug|Any CPU.Build.0 = Debug|Any CPU
		{DFBB5CED-1C89-4A46-B01E-A178AF513418}.Debug|ARM.ActiveCfg = Debug|Any CPU
		{DFBB5CED-1C89-4A46-B01E-A178AF513418}.Debug|ARM.Build.0 = Debug|Any CPU
		{DFBB5CED-1C89-4A46-B01E-A178AF513418}.Debug|x86.ActiveCfg = Debug|Any CPU
		{DFBB5CED-1C89-4A46-B01E-A178AF513418}.Debug|x86.Build.0 = Debug|Any CPU
		{DFBB5CED-1C89-4A46-B01E-A178AF513418}.Release|Any CPU.ActiveCfg = Release|Any CPU
		{DFBB5CED-1C89-4A46-B01E-A178AF513418}.Release|Any CPU.Build.0 = Release|Any CPU
		{DFBB5CED-1C89-4A46-B01E-A178AF513418}.Release|ARM.ActiveCfg = Release|Any CPU
		{DFBB5CED-1C89-4A46-B01E-A178AF513418}.Release|ARM.Build.0 = Release|Any CPU
		{DFBB5CED-1C89-4A46-B01E-A178AF513418}.Release|x86.ActiveCfg = Release|Any CPU
		{DFBB5CED-1C89-4A46-B01E-A178AF513418}.Release|x86.Build.0 = Release|Any CPU
		{5E0BBABF-C69E-4589-86A4-7B5F4AD0F059}.Debug|Any CPU.ActiveCfg = Debug|Any CPU
		{5E0BBABF-C69E-4589-86A4-7B5F4AD0F059}.Debug|Any CPU.Build.0 = Debug|Any CPU
		{5E0BBABF-C69E-4589-86A4-7B5F4AD0F059}.Debug|ARM.ActiveCfg = Debug|Any CPU
		{5E0BBABF-C69E-4589-86A4-7B5F4AD0F059}.Debug|ARM.Build.0 = Debug|Any CPU
		{5E0BBABF-C69E-4589-86A4-7B5F4AD0F059}.Debug|x86.ActiveCfg = Debug|Any CPU
		{5E0BBABF-C69E-4589-86A4-7B5F4AD0F059}.Debug|x86.Build.0 = Debug|Any CPU
		{5E0BBABF-C69E-4589-86A4-7B5F4AD0F059}.Release|Any CPU.ActiveCfg = Release|Any CPU
		{5E0BBABF-C69E-4589-86A4-7B5F4AD0F059}.Release|Any CPU.Build.0 = Release|Any CPU
		{5E0BBABF-C69E-4589-86A4-7B5F4AD0F059}.Release|ARM.ActiveCfg = Release|Any CPU
		{5E0BBABF-C69E-4589-86A4-7B5F4AD0F059}.Release|ARM.Build.0 = Release|Any CPU
		{5E0BBABF-C69E-4589-86A4-7B5F4AD0F059}.Release|x86.ActiveCfg = Release|Any CPU
		{5E0BBABF-C69E-4589-86A4-7B5F4AD0F059}.Release|x86.Build.0 = Release|Any CPU
		{EA60F26B-6F88-4F75-846B-5F79EBDA3CBA}.Debug|Any CPU.ActiveCfg = Debug|Any CPU
		{EA60F26B-6F88-4F75-846B-5F79EBDA3CBA}.Debug|Any CPU.Build.0 = Debug|Any CPU
		{EA60F26B-6F88-4F75-846B-5F79EBDA3CBA}.Debug|ARM.ActiveCfg = Debug|Any CPU
		{EA60F26B-6F88-4F75-846B-5F79EBDA3CBA}.Debug|ARM.Build.0 = Debug|Any CPU
		{EA60F26B-6F88-4F75-846B-5F79EBDA3CBA}.Debug|x86.ActiveCfg = Debug|Any CPU
		{EA60F26B-6F88-4F75-846B-5F79EBDA3CBA}.Debug|x86.Build.0 = Debug|Any CPU
		{EA60F26B-6F88-4F75-846B-5F79EBDA3CBA}.Release|Any CPU.ActiveCfg = Release|Any CPU
		{EA60F26B-6F88-4F75-846B-5F79EBDA3CBA}.Release|Any CPU.Build.0 = Release|Any CPU
		{EA60F26B-6F88-4F75-846B-5F79EBDA3CBA}.Release|ARM.ActiveCfg = Release|Any CPU
		{EA60F26B-6F88-4F75-846B-5F79EBDA3CBA}.Release|ARM.Build.0 = Release|Any CPU
		{EA60F26B-6F88-4F75-846B-5F79EBDA3CBA}.Release|x86.ActiveCfg = Release|Any CPU
		{EA60F26B-6F88-4F75-846B-5F79EBDA3CBA}.Release|x86.Build.0 = Release|Any CPU
		{CEA862E4-EE93-47D7-847A-4D0EE5153883}.Debug|Any CPU.ActiveCfg = Debug|Any CPU
		{CEA862E4-EE93-47D7-847A-4D0EE5153883}.Debug|Any CPU.Build.0 = Debug|Any CPU
		{CEA862E4-EE93-47D7-847A-4D0EE5153883}.Debug|ARM.ActiveCfg = Debug|Any CPU
		{CEA862E4-EE93-47D7-847A-4D0EE5153883}.Debug|ARM.Build.0 = Debug|Any CPU
		{CEA862E4-EE93-47D7-847A-4D0EE5153883}.Debug|x86.ActiveCfg = Debug|Any CPU
		{CEA862E4-EE93-47D7-847A-4D0EE5153883}.Debug|x86.Build.0 = Debug|Any CPU
		{CEA862E4-EE93-47D7-847A-4D0EE5153883}.Release|Any CPU.ActiveCfg = Release|Any CPU
		{CEA862E4-EE93-47D7-847A-4D0EE5153883}.Release|Any CPU.Build.0 = Release|Any CPU
		{CEA862E4-EE93-47D7-847A-4D0EE5153883}.Release|ARM.ActiveCfg = Release|Any CPU
		{CEA862E4-EE93-47D7-847A-4D0EE5153883}.Release|ARM.Build.0 = Release|Any CPU
		{CEA862E4-EE93-47D7-847A-4D0EE5153883}.Release|x86.ActiveCfg = Release|Any CPU
		{CEA862E4-EE93-47D7-847A-4D0EE5153883}.Release|x86.Build.0 = Release|Any CPU
		{6BD5297F-A1B9-49D4-9C51-35BA5786CB3A}.Debug|Any CPU.ActiveCfg = Debug|Any CPU
		{6BD5297F-A1B9-49D4-9C51-35BA5786CB3A}.Debug|Any CPU.Build.0 = Debug|Any CPU
		{6BD5297F-A1B9-49D4-9C51-35BA5786CB3A}.Debug|ARM.ActiveCfg = Debug|Any CPU
		{6BD5297F-A1B9-49D4-9C51-35BA5786CB3A}.Debug|ARM.Build.0 = Debug|Any CPU
		{6BD5297F-A1B9-49D4-9C51-35BA5786CB3A}.Debug|x86.ActiveCfg = Debug|Any CPU
		{6BD5297F-A1B9-49D4-9C51-35BA5786CB3A}.Debug|x86.Build.0 = Debug|Any CPU
		{6BD5297F-A1B9-49D4-9C51-35BA5786CB3A}.Release|Any CPU.ActiveCfg = Release|Any CPU
		{6BD5297F-A1B9-49D4-9C51-35BA5786CB3A}.Release|Any CPU.Build.0 = Release|Any CPU
		{6BD5297F-A1B9-49D4-9C51-35BA5786CB3A}.Release|ARM.ActiveCfg = Release|Any CPU
		{6BD5297F-A1B9-49D4-9C51-35BA5786CB3A}.Release|ARM.Build.0 = Release|Any CPU
		{6BD5297F-A1B9-49D4-9C51-35BA5786CB3A}.Release|x86.ActiveCfg = Release|Any CPU
		{6BD5297F-A1B9-49D4-9C51-35BA5786CB3A}.Release|x86.Build.0 = Release|Any CPU
		{19226A97-188F-4F1A-A074-958AEB1ACD5E}.Debug|Any CPU.ActiveCfg = Debug|Any CPU
		{19226A97-188F-4F1A-A074-958AEB1ACD5E}.Debug|Any CPU.Build.0 = Debug|Any CPU
		{19226A97-188F-4F1A-A074-958AEB1ACD5E}.Debug|ARM.ActiveCfg = Debug|Any CPU
		{19226A97-188F-4F1A-A074-958AEB1ACD5E}.Debug|ARM.Build.0 = Debug|Any CPU
		{19226A97-188F-4F1A-A074-958AEB1ACD5E}.Debug|x86.ActiveCfg = Debug|Any CPU
		{19226A97-188F-4F1A-A074-958AEB1ACD5E}.Debug|x86.Build.0 = Debug|Any CPU
		{19226A97-188F-4F1A-A074-958AEB1ACD5E}.Release|Any CPU.ActiveCfg = Release|Any CPU
		{19226A97-188F-4F1A-A074-958AEB1ACD5E}.Release|Any CPU.Build.0 = Release|Any CPU
		{19226A97-188F-4F1A-A074-958AEB1ACD5E}.Release|ARM.ActiveCfg = Release|Any CPU
		{19226A97-188F-4F1A-A074-958AEB1ACD5E}.Release|ARM.Build.0 = Release|Any CPU
		{19226A97-188F-4F1A-A074-958AEB1ACD5E}.Release|x86.ActiveCfg = Release|Any CPU
		{19226A97-188F-4F1A-A074-958AEB1ACD5E}.Release|x86.Build.0 = Release|Any CPU
		{FAA3FB6F-2EBA-4D6A-9CFF-A0E10FBD8B66}.Debug|Any CPU.ActiveCfg = Debug|Any CPU
		{FAA3FB6F-2EBA-4D6A-9CFF-A0E10FBD8B66}.Debug|Any CPU.Build.0 = Debug|Any CPU
		{FAA3FB6F-2EBA-4D6A-9CFF-A0E10FBD8B66}.Debug|ARM.ActiveCfg = Debug|Any CPU
		{FAA3FB6F-2EBA-4D6A-9CFF-A0E10FBD8B66}.Debug|ARM.Build.0 = Debug|Any CPU
		{FAA3FB6F-2EBA-4D6A-9CFF-A0E10FBD8B66}.Debug|x86.ActiveCfg = Debug|Any CPU
		{FAA3FB6F-2EBA-4D6A-9CFF-A0E10FBD8B66}.Debug|x86.Build.0 = Debug|Any CPU
		{FAA3FB6F-2EBA-4D6A-9CFF-A0E10FBD8B66}.Release|Any CPU.ActiveCfg = Release|Any CPU
		{FAA3FB6F-2EBA-4D6A-9CFF-A0E10FBD8B66}.Release|Any CPU.Build.0 = Release|Any CPU
		{FAA3FB6F-2EBA-4D6A-9CFF-A0E10FBD8B66}.Release|ARM.ActiveCfg = Release|Any CPU
		{FAA3FB6F-2EBA-4D6A-9CFF-A0E10FBD8B66}.Release|ARM.Build.0 = Release|Any CPU
		{FAA3FB6F-2EBA-4D6A-9CFF-A0E10FBD8B66}.Release|x86.ActiveCfg = Release|Any CPU
		{FAA3FB6F-2EBA-4D6A-9CFF-A0E10FBD8B66}.Release|x86.Build.0 = Release|Any CPU
		{E24C20DD-B3D6-440E-B33B-EA0593F93F04}.Debug|Any CPU.ActiveCfg = Debug|Any CPU
		{E24C20DD-B3D6-440E-B33B-EA0593F93F04}.Debug|Any CPU.Build.0 = Debug|Any CPU
		{E24C20DD-B3D6-440E-B33B-EA0593F93F04}.Debug|ARM.ActiveCfg = Debug|Any CPU
		{E24C20DD-B3D6-440E-B33B-EA0593F93F04}.Debug|ARM.Build.0 = Debug|Any CPU
		{E24C20DD-B3D6-440E-B33B-EA0593F93F04}.Debug|x86.ActiveCfg = Debug|Any CPU
		{E24C20DD-B3D6-440E-B33B-EA0593F93F04}.Debug|x86.Build.0 = Debug|Any CPU
		{E24C20DD-B3D6-440E-B33B-EA0593F93F04}.Release|Any CPU.ActiveCfg = Release|Any CPU
		{E24C20DD-B3D6-440E-B33B-EA0593F93F04}.Release|Any CPU.Build.0 = Release|Any CPU
		{E24C20DD-B3D6-440E-B33B-EA0593F93F04}.Release|ARM.ActiveCfg = Release|Any CPU
		{E24C20DD-B3D6-440E-B33B-EA0593F93F04}.Release|ARM.Build.0 = Release|Any CPU
		{E24C20DD-B3D6-440E-B33B-EA0593F93F04}.Release|x86.ActiveCfg = Release|Any CPU
		{E24C20DD-B3D6-440E-B33B-EA0593F93F04}.Release|x86.Build.0 = Release|Any CPU
		{EC893986-9FC4-4EE1-AD9E-0A25419A5254}.Debug|Any CPU.ActiveCfg = Debug|Any CPU
		{EC893986-9FC4-4EE1-AD9E-0A25419A5254}.Debug|Any CPU.Build.0 = Debug|Any CPU
		{EC893986-9FC4-4EE1-AD9E-0A25419A5254}.Debug|ARM.ActiveCfg = Debug|Any CPU
		{EC893986-9FC4-4EE1-AD9E-0A25419A5254}.Debug|ARM.Build.0 = Debug|Any CPU
		{EC893986-9FC4-4EE1-AD9E-0A25419A5254}.Debug|x86.ActiveCfg = Debug|Any CPU
		{EC893986-9FC4-4EE1-AD9E-0A25419A5254}.Debug|x86.Build.0 = Debug|Any CPU
		{EC893986-9FC4-4EE1-AD9E-0A25419A5254}.Release|Any CPU.ActiveCfg = Release|Any CPU
		{EC893986-9FC4-4EE1-AD9E-0A25419A5254}.Release|Any CPU.Build.0 = Release|Any CPU
		{EC893986-9FC4-4EE1-AD9E-0A25419A5254}.Release|ARM.ActiveCfg = Release|Any CPU
		{EC893986-9FC4-4EE1-AD9E-0A25419A5254}.Release|ARM.Build.0 = Release|Any CPU
		{EC893986-9FC4-4EE1-AD9E-0A25419A5254}.Release|x86.ActiveCfg = Release|Any CPU
		{EC893986-9FC4-4EE1-AD9E-0A25419A5254}.Release|x86.Build.0 = Release|Any CPU
		{2AE06B83-C426-45E5-9EA5-61C09D245407}.Debug|Any CPU.ActiveCfg = Debug|Any CPU
		{2AE06B83-C426-45E5-9EA5-61C09D245407}.Debug|Any CPU.Build.0 = Debug|Any CPU
		{2AE06B83-C426-45E5-9EA5-61C09D245407}.Debug|ARM.ActiveCfg = Debug|Any CPU
		{2AE06B83-C426-45E5-9EA5-61C09D245407}.Debug|ARM.Build.0 = Debug|Any CPU
		{2AE06B83-C426-45E5-9EA5-61C09D245407}.Debug|x86.ActiveCfg = Debug|Any CPU
		{2AE06B83-C426-45E5-9EA5-61C09D245407}.Debug|x86.Build.0 = Debug|Any CPU
		{2AE06B83-C426-45E5-9EA5-61C09D245407}.Release|Any CPU.ActiveCfg = Release|Any CPU
		{2AE06B83-C426-45E5-9EA5-61C09D245407}.Release|Any CPU.Build.0 = Release|Any CPU
		{2AE06B83-C426-45E5-9EA5-61C09D245407}.Release|ARM.ActiveCfg = Release|Any CPU
		{2AE06B83-C426-45E5-9EA5-61C09D245407}.Release|ARM.Build.0 = Release|Any CPU
		{2AE06B83-C426-45E5-9EA5-61C09D245407}.Release|x86.ActiveCfg = Release|Any CPU
		{2AE06B83-C426-45E5-9EA5-61C09D245407}.Release|x86.Build.0 = Release|Any CPU
		{CC41A1D9-28A3-4D2E-BC9F-C5C575BF40AB}.Debug|Any CPU.ActiveCfg = Debug|Any CPU
		{CC41A1D9-28A3-4D2E-BC9F-C5C575BF40AB}.Debug|Any CPU.Build.0 = Debug|Any CPU
		{CC41A1D9-28A3-4D2E-BC9F-C5C575BF40AB}.Debug|ARM.ActiveCfg = Debug|Any CPU
		{CC41A1D9-28A3-4D2E-BC9F-C5C575BF40AB}.Debug|ARM.Build.0 = Debug|Any CPU
		{CC41A1D9-28A3-4D2E-BC9F-C5C575BF40AB}.Debug|x86.ActiveCfg = Debug|Any CPU
		{CC41A1D9-28A3-4D2E-BC9F-C5C575BF40AB}.Debug|x86.Build.0 = Debug|Any CPU
		{CC41A1D9-28A3-4D2E-BC9F-C5C575BF40AB}.Release|Any CPU.ActiveCfg = Release|Any CPU
		{CC41A1D9-28A3-4D2E-BC9F-C5C575BF40AB}.Release|Any CPU.Build.0 = Release|Any CPU
		{CC41A1D9-28A3-4D2E-BC9F-C5C575BF40AB}.Release|ARM.ActiveCfg = Release|Any CPU
		{CC41A1D9-28A3-4D2E-BC9F-C5C575BF40AB}.Release|ARM.Build.0 = Release|Any CPU
		{CC41A1D9-28A3-4D2E-BC9F-C5C575BF40AB}.Release|x86.ActiveCfg = Release|Any CPU
		{CC41A1D9-28A3-4D2E-BC9F-C5C575BF40AB}.Release|x86.Build.0 = Release|Any CPU
		{F01F0F60-3672-436D-AAAA-AD068E1FCB12}.Debug|Any CPU.ActiveCfg = Debug|Any CPU
		{F01F0F60-3672-436D-AAAA-AD068E1FCB12}.Debug|Any CPU.Build.0 = Debug|Any CPU
		{F01F0F60-3672-436D-AAAA-AD068E1FCB12}.Debug|ARM.ActiveCfg = Debug|Any CPU
		{F01F0F60-3672-436D-AAAA-AD068E1FCB12}.Debug|ARM.Build.0 = Debug|Any CPU
		{F01F0F60-3672-436D-AAAA-AD068E1FCB12}.Debug|x86.ActiveCfg = Debug|Any CPU
		{F01F0F60-3672-436D-AAAA-AD068E1FCB12}.Debug|x86.Build.0 = Debug|Any CPU
		{F01F0F60-3672-436D-AAAA-AD068E1FCB12}.Release|Any CPU.ActiveCfg = Release|Any CPU
		{F01F0F60-3672-436D-AAAA-AD068E1FCB12}.Release|Any CPU.Build.0 = Release|Any CPU
		{F01F0F60-3672-436D-AAAA-AD068E1FCB12}.Release|ARM.ActiveCfg = Release|Any CPU
		{F01F0F60-3672-436D-AAAA-AD068E1FCB12}.Release|ARM.Build.0 = Release|Any CPU
		{F01F0F60-3672-436D-AAAA-AD068E1FCB12}.Release|x86.ActiveCfg = Release|Any CPU
		{F01F0F60-3672-436D-AAAA-AD068E1FCB12}.Release|x86.Build.0 = Release|Any CPU
		{D74ED08A-F51E-40EC-89A8-7531F33B1435}.Debug|Any CPU.ActiveCfg = Debug|Any CPU
		{D74ED08A-F51E-40EC-89A8-7531F33B1435}.Debug|Any CPU.Build.0 = Debug|Any CPU
		{D74ED08A-F51E-40EC-89A8-7531F33B1435}.Debug|ARM.ActiveCfg = Debug|Any CPU
		{D74ED08A-F51E-40EC-89A8-7531F33B1435}.Debug|ARM.Build.0 = Debug|Any CPU
		{D74ED08A-F51E-40EC-89A8-7531F33B1435}.Debug|x86.ActiveCfg = Debug|Any CPU
		{D74ED08A-F51E-40EC-89A8-7531F33B1435}.Debug|x86.Build.0 = Debug|Any CPU
		{D74ED08A-F51E-40EC-89A8-7531F33B1435}.Release|Any CPU.ActiveCfg = Release|Any CPU
		{D74ED08A-F51E-40EC-89A8-7531F33B1435}.Release|Any CPU.Build.0 = Release|Any CPU
		{D74ED08A-F51E-40EC-89A8-7531F33B1435}.Release|ARM.ActiveCfg = Release|Any CPU
		{D74ED08A-F51E-40EC-89A8-7531F33B1435}.Release|ARM.Build.0 = Release|Any CPU
		{D74ED08A-F51E-40EC-89A8-7531F33B1435}.Release|x86.ActiveCfg = Release|Any CPU
		{D74ED08A-F51E-40EC-89A8-7531F33B1435}.Release|x86.Build.0 = Release|Any CPU
		{F31D0C38-5719-4914-A8E9-7A4DD7FD57BF}.Debug|Any CPU.ActiveCfg = Debug|Any CPU
		{F31D0C38-5719-4914-A8E9-7A4DD7FD57BF}.Debug|Any CPU.Build.0 = Debug|Any CPU
		{F31D0C38-5719-4914-A8E9-7A4DD7FD57BF}.Debug|ARM.ActiveCfg = Debug|Any CPU
		{F31D0C38-5719-4914-A8E9-7A4DD7FD57BF}.Debug|ARM.Build.0 = Debug|Any CPU
		{F31D0C38-5719-4914-A8E9-7A4DD7FD57BF}.Debug|x86.ActiveCfg = Debug|Any CPU
		{F31D0C38-5719-4914-A8E9-7A4DD7FD57BF}.Debug|x86.Build.0 = Debug|Any CPU
		{F31D0C38-5719-4914-A8E9-7A4DD7FD57BF}.Release|Any CPU.ActiveCfg = Release|Any CPU
		{F31D0C38-5719-4914-A8E9-7A4DD7FD57BF}.Release|Any CPU.Build.0 = Release|Any CPU
		{F31D0C38-5719-4914-A8E9-7A4DD7FD57BF}.Release|ARM.ActiveCfg = Release|Any CPU
		{F31D0C38-5719-4914-A8E9-7A4DD7FD57BF}.Release|ARM.Build.0 = Release|Any CPU
		{F31D0C38-5719-4914-A8E9-7A4DD7FD57BF}.Release|x86.ActiveCfg = Release|Any CPU
		{F31D0C38-5719-4914-A8E9-7A4DD7FD57BF}.Release|x86.Build.0 = Release|Any CPU
		{A368CBF9-7CA2-448A-AD3C-16EDCA991395}.Debug|Any CPU.ActiveCfg = Debug|Any CPU
		{A368CBF9-7CA2-448A-AD3C-16EDCA991395}.Debug|Any CPU.Build.0 = Debug|Any CPU
		{A368CBF9-7CA2-448A-AD3C-16EDCA991395}.Debug|ARM.ActiveCfg = Debug|Any CPU
		{A368CBF9-7CA2-448A-AD3C-16EDCA991395}.Debug|ARM.Build.0 = Debug|Any CPU
		{A368CBF9-7CA2-448A-AD3C-16EDCA991395}.Debug|x86.ActiveCfg = Debug|Any CPU
		{A368CBF9-7CA2-448A-AD3C-16EDCA991395}.Debug|x86.Build.0 = Debug|Any CPU
		{A368CBF9-7CA2-448A-AD3C-16EDCA991395}.Release|Any CPU.ActiveCfg = Release|Any CPU
		{A368CBF9-7CA2-448A-AD3C-16EDCA991395}.Release|Any CPU.Build.0 = Release|Any CPU
		{A368CBF9-7CA2-448A-AD3C-16EDCA991395}.Release|ARM.ActiveCfg = Release|Any CPU
		{A368CBF9-7CA2-448A-AD3C-16EDCA991395}.Release|ARM.Build.0 = Release|Any CPU
		{A368CBF9-7CA2-448A-AD3C-16EDCA991395}.Release|x86.ActiveCfg = Release|Any CPU
		{A368CBF9-7CA2-448A-AD3C-16EDCA991395}.Release|x86.Build.0 = Release|Any CPU
		{776BE8E4-FC5F-4413-993B-A96F26F8E844}.Debug|Any CPU.ActiveCfg = Debug|Any CPU
		{776BE8E4-FC5F-4413-993B-A96F26F8E844}.Debug|Any CPU.Build.0 = Debug|Any CPU
		{776BE8E4-FC5F-4413-993B-A96F26F8E844}.Debug|ARM.ActiveCfg = Debug|Any CPU
		{776BE8E4-FC5F-4413-993B-A96F26F8E844}.Debug|ARM.Build.0 = Debug|Any CPU
		{776BE8E4-FC5F-4413-993B-A96F26F8E844}.Debug|x86.ActiveCfg = Debug|Any CPU
		{776BE8E4-FC5F-4413-993B-A96F26F8E844}.Debug|x86.Build.0 = Debug|Any CPU
		{776BE8E4-FC5F-4413-993B-A96F26F8E844}.Release|Any CPU.ActiveCfg = Release|Any CPU
		{776BE8E4-FC5F-4413-993B-A96F26F8E844}.Release|Any CPU.Build.0 = Release|Any CPU
		{776BE8E4-FC5F-4413-993B-A96F26F8E844}.Release|ARM.ActiveCfg = Release|Any CPU
		{776BE8E4-FC5F-4413-993B-A96F26F8E844}.Release|ARM.Build.0 = Release|Any CPU
		{776BE8E4-FC5F-4413-993B-A96F26F8E844}.Release|x86.ActiveCfg = Release|Any CPU
		{776BE8E4-FC5F-4413-993B-A96F26F8E844}.Release|x86.Build.0 = Release|Any CPU
		{27EAD967-36B3-4E18-AEB6-4CFA03E8F1C9}.Debug|Any CPU.ActiveCfg = Debug|Any CPU
		{27EAD967-36B3-4E18-AEB6-4CFA03E8F1C9}.Debug|Any CPU.Build.0 = Debug|Any CPU
		{27EAD967-36B3-4E18-AEB6-4CFA03E8F1C9}.Debug|ARM.ActiveCfg = Debug|Any CPU
		{27EAD967-36B3-4E18-AEB6-4CFA03E8F1C9}.Debug|ARM.Build.0 = Debug|Any CPU
		{27EAD967-36B3-4E18-AEB6-4CFA03E8F1C9}.Debug|x86.ActiveCfg = Debug|Any CPU
		{27EAD967-36B3-4E18-AEB6-4CFA03E8F1C9}.Debug|x86.Build.0 = Debug|Any CPU
		{27EAD967-36B3-4E18-AEB6-4CFA03E8F1C9}.Release|Any CPU.ActiveCfg = Release|Any CPU
		{27EAD967-36B3-4E18-AEB6-4CFA03E8F1C9}.Release|Any CPU.Build.0 = Release|Any CPU
		{27EAD967-36B3-4E18-AEB6-4CFA03E8F1C9}.Release|ARM.ActiveCfg = Release|Any CPU
		{27EAD967-36B3-4E18-AEB6-4CFA03E8F1C9}.Release|ARM.Build.0 = Release|Any CPU
		{27EAD967-36B3-4E18-AEB6-4CFA03E8F1C9}.Release|x86.ActiveCfg = Release|Any CPU
		{27EAD967-36B3-4E18-AEB6-4CFA03E8F1C9}.Release|x86.Build.0 = Release|Any CPU
		{84420EB4-60A1-407A-80CA-12E55404F92E}.Debug|Any CPU.ActiveCfg = Debug|Any CPU
		{84420EB4-60A1-407A-80CA-12E55404F92E}.Debug|Any CPU.Build.0 = Debug|Any CPU
		{84420EB4-60A1-407A-80CA-12E55404F92E}.Debug|ARM.ActiveCfg = Debug|Any CPU
		{84420EB4-60A1-407A-80CA-12E55404F92E}.Debug|ARM.Build.0 = Debug|Any CPU
		{84420EB4-60A1-407A-80CA-12E55404F92E}.Debug|x86.ActiveCfg = Debug|Any CPU
		{84420EB4-60A1-407A-80CA-12E55404F92E}.Debug|x86.Build.0 = Debug|Any CPU
		{84420EB4-60A1-407A-80CA-12E55404F92E}.Release|Any CPU.ActiveCfg = Release|Any CPU
		{84420EB4-60A1-407A-80CA-12E55404F92E}.Release|Any CPU.Build.0 = Release|Any CPU
		{84420EB4-60A1-407A-80CA-12E55404F92E}.Release|ARM.ActiveCfg = Release|Any CPU
		{84420EB4-60A1-407A-80CA-12E55404F92E}.Release|ARM.Build.0 = Release|Any CPU
		{84420EB4-60A1-407A-80CA-12E55404F92E}.Release|x86.ActiveCfg = Release|Any CPU
		{84420EB4-60A1-407A-80CA-12E55404F92E}.Release|x86.Build.0 = Release|Any CPU
		{7CEE3373-0A98-4F3A-881E-86B7E0ED03C9}.Debug|Any CPU.ActiveCfg = Debug|Any CPU
		{7CEE3373-0A98-4F3A-881E-86B7E0ED03C9}.Debug|Any CPU.Build.0 = Debug|Any CPU
		{7CEE3373-0A98-4F3A-881E-86B7E0ED03C9}.Debug|ARM.ActiveCfg = Debug|Any CPU
		{7CEE3373-0A98-4F3A-881E-86B7E0ED03C9}.Debug|ARM.Build.0 = Debug|Any CPU
		{7CEE3373-0A98-4F3A-881E-86B7E0ED03C9}.Debug|x86.ActiveCfg = Debug|Any CPU
		{7CEE3373-0A98-4F3A-881E-86B7E0ED03C9}.Debug|x86.Build.0 = Debug|Any CPU
		{7CEE3373-0A98-4F3A-881E-86B7E0ED03C9}.Release|Any CPU.ActiveCfg = Release|Any CPU
		{7CEE3373-0A98-4F3A-881E-86B7E0ED03C9}.Release|Any CPU.Build.0 = Release|Any CPU
		{7CEE3373-0A98-4F3A-881E-86B7E0ED03C9}.Release|ARM.ActiveCfg = Release|Any CPU
		{7CEE3373-0A98-4F3A-881E-86B7E0ED03C9}.Release|ARM.Build.0 = Release|Any CPU
		{7CEE3373-0A98-4F3A-881E-86B7E0ED03C9}.Release|x86.ActiveCfg = Release|Any CPU
		{7CEE3373-0A98-4F3A-881E-86B7E0ED03C9}.Release|x86.Build.0 = Release|Any CPU
		{CEA88A85-862A-416F-B624-A045A852726D}.Debug|Any CPU.ActiveCfg = Debug|Any CPU
		{CEA88A85-862A-416F-B624-A045A852726D}.Debug|Any CPU.Build.0 = Debug|Any CPU
		{CEA88A85-862A-416F-B624-A045A852726D}.Debug|ARM.ActiveCfg = Debug|Any CPU
		{CEA88A85-862A-416F-B624-A045A852726D}.Debug|ARM.Build.0 = Debug|Any CPU
		{CEA88A85-862A-416F-B624-A045A852726D}.Debug|x86.ActiveCfg = Debug|Any CPU
		{CEA88A85-862A-416F-B624-A045A852726D}.Debug|x86.Build.0 = Debug|Any CPU
		{CEA88A85-862A-416F-B624-A045A852726D}.Release|Any CPU.ActiveCfg = Release|Any CPU
		{CEA88A85-862A-416F-B624-A045A852726D}.Release|Any CPU.Build.0 = Release|Any CPU
		{CEA88A85-862A-416F-B624-A045A852726D}.Release|ARM.ActiveCfg = Release|Any CPU
		{CEA88A85-862A-416F-B624-A045A852726D}.Release|ARM.Build.0 = Release|Any CPU
		{CEA88A85-862A-416F-B624-A045A852726D}.Release|x86.ActiveCfg = Release|Any CPU
		{CEA88A85-862A-416F-B624-A045A852726D}.Release|x86.Build.0 = Release|Any CPU
		{F9D24A8B-DD68-4C93-9D34-3C07C82C916A}.Debug|Any CPU.ActiveCfg = Debug|Any CPU
		{F9D24A8B-DD68-4C93-9D34-3C07C82C916A}.Debug|Any CPU.Build.0 = Debug|Any CPU
		{F9D24A8B-DD68-4C93-9D34-3C07C82C916A}.Debug|ARM.ActiveCfg = Debug|Any CPU
		{F9D24A8B-DD68-4C93-9D34-3C07C82C916A}.Debug|ARM.Build.0 = Debug|Any CPU
		{F9D24A8B-DD68-4C93-9D34-3C07C82C916A}.Debug|x86.ActiveCfg = Debug|Any CPU
		{F9D24A8B-DD68-4C93-9D34-3C07C82C916A}.Debug|x86.Build.0 = Debug|Any CPU
		{F9D24A8B-DD68-4C93-9D34-3C07C82C916A}.Release|Any CPU.ActiveCfg = Release|Any CPU
		{F9D24A8B-DD68-4C93-9D34-3C07C82C916A}.Release|Any CPU.Build.0 = Release|Any CPU
		{F9D24A8B-DD68-4C93-9D34-3C07C82C916A}.Release|ARM.ActiveCfg = Release|Any CPU
		{F9D24A8B-DD68-4C93-9D34-3C07C82C916A}.Release|ARM.Build.0 = Release|Any CPU
		{F9D24A8B-DD68-4C93-9D34-3C07C82C916A}.Release|x86.ActiveCfg = Release|Any CPU
		{F9D24A8B-DD68-4C93-9D34-3C07C82C916A}.Release|x86.Build.0 = Release|Any CPU
		{45E8A2AE-9BCB-4B94-ABB2-453B201C3E1E}.Debug|Any CPU.ActiveCfg = Debug|Any CPU
		{45E8A2AE-9BCB-4B94-ABB2-453B201C3E1E}.Debug|Any CPU.Build.0 = Debug|Any CPU
		{45E8A2AE-9BCB-4B94-ABB2-453B201C3E1E}.Debug|ARM.ActiveCfg = Debug|Any CPU
		{45E8A2AE-9BCB-4B94-ABB2-453B201C3E1E}.Debug|ARM.Build.0 = Debug|Any CPU
		{45E8A2AE-9BCB-4B94-ABB2-453B201C3E1E}.Debug|x86.ActiveCfg = Debug|Any CPU
		{45E8A2AE-9BCB-4B94-ABB2-453B201C3E1E}.Debug|x86.Build.0 = Debug|Any CPU
		{45E8A2AE-9BCB-4B94-ABB2-453B201C3E1E}.Release|Any CPU.ActiveCfg = Release|Any CPU
		{45E8A2AE-9BCB-4B94-ABB2-453B201C3E1E}.Release|Any CPU.Build.0 = Release|Any CPU
		{45E8A2AE-9BCB-4B94-ABB2-453B201C3E1E}.Release|ARM.ActiveCfg = Release|Any CPU
		{45E8A2AE-9BCB-4B94-ABB2-453B201C3E1E}.Release|ARM.Build.0 = Release|Any CPU
		{45E8A2AE-9BCB-4B94-ABB2-453B201C3E1E}.Release|x86.ActiveCfg = Release|Any CPU
		{45E8A2AE-9BCB-4B94-ABB2-453B201C3E1E}.Release|x86.Build.0 = Release|Any CPU
		{933C2786-C7A8-492D-80FD-74DA856B6C7F}.Debug|Any CPU.ActiveCfg = Debug|Any CPU
		{933C2786-C7A8-492D-80FD-74DA856B6C7F}.Debug|Any CPU.Build.0 = Debug|Any CPU
		{933C2786-C7A8-492D-80FD-74DA856B6C7F}.Debug|ARM.ActiveCfg = Debug|Any CPU
		{933C2786-C7A8-492D-80FD-74DA856B6C7F}.Debug|ARM.Build.0 = Debug|Any CPU
		{933C2786-C7A8-492D-80FD-74DA856B6C7F}.Debug|x86.ActiveCfg = Debug|Any CPU
		{933C2786-C7A8-492D-80FD-74DA856B6C7F}.Debug|x86.Build.0 = Debug|Any CPU
		{933C2786-C7A8-492D-80FD-74DA856B6C7F}.Release|Any CPU.ActiveCfg = Release|Any CPU
		{933C2786-C7A8-492D-80FD-74DA856B6C7F}.Release|Any CPU.Build.0 = Release|Any CPU
		{933C2786-C7A8-492D-80FD-74DA856B6C7F}.Release|ARM.ActiveCfg = Release|Any CPU
		{933C2786-C7A8-492D-80FD-74DA856B6C7F}.Release|ARM.Build.0 = Release|Any CPU
		{933C2786-C7A8-492D-80FD-74DA856B6C7F}.Release|x86.ActiveCfg = Release|Any CPU
		{933C2786-C7A8-492D-80FD-74DA856B6C7F}.Release|x86.Build.0 = Release|Any CPU
		{D2740F77-B659-4185-8A0B-9AE046C0E976}.Debug|Any CPU.ActiveCfg = Debug|Any CPU
		{D2740F77-B659-4185-8A0B-9AE046C0E976}.Debug|Any CPU.Build.0 = Debug|Any CPU
		{D2740F77-B659-4185-8A0B-9AE046C0E976}.Debug|ARM.ActiveCfg = Debug|Any CPU
		{D2740F77-B659-4185-8A0B-9AE046C0E976}.Debug|ARM.Build.0 = Debug|Any CPU
		{D2740F77-B659-4185-8A0B-9AE046C0E976}.Debug|x86.ActiveCfg = Debug|Any CPU
		{D2740F77-B659-4185-8A0B-9AE046C0E976}.Debug|x86.Build.0 = Debug|Any CPU
		{D2740F77-B659-4185-8A0B-9AE046C0E976}.Release|Any CPU.ActiveCfg = Release|Any CPU
		{D2740F77-B659-4185-8A0B-9AE046C0E976}.Release|Any CPU.Build.0 = Release|Any CPU
		{D2740F77-B659-4185-8A0B-9AE046C0E976}.Release|ARM.ActiveCfg = Release|Any CPU
		{D2740F77-B659-4185-8A0B-9AE046C0E976}.Release|ARM.Build.0 = Release|Any CPU
		{D2740F77-B659-4185-8A0B-9AE046C0E976}.Release|x86.ActiveCfg = Release|Any CPU
		{D2740F77-B659-4185-8A0B-9AE046C0E976}.Release|x86.Build.0 = Release|Any CPU
		{98B44678-5D38-40FE-9745-9B8DFC8E7388}.Debug|Any CPU.ActiveCfg = Debug|Any CPU
		{98B44678-5D38-40FE-9745-9B8DFC8E7388}.Debug|Any CPU.Build.0 = Debug|Any CPU
		{98B44678-5D38-40FE-9745-9B8DFC8E7388}.Debug|ARM.ActiveCfg = Debug|Any CPU
		{98B44678-5D38-40FE-9745-9B8DFC8E7388}.Debug|ARM.Build.0 = Debug|Any CPU
		{98B44678-5D38-40FE-9745-9B8DFC8E7388}.Debug|x86.ActiveCfg = Debug|Any CPU
		{98B44678-5D38-40FE-9745-9B8DFC8E7388}.Debug|x86.Build.0 = Debug|Any CPU
		{98B44678-5D38-40FE-9745-9B8DFC8E7388}.Release|Any CPU.ActiveCfg = Release|Any CPU
		{98B44678-5D38-40FE-9745-9B8DFC8E7388}.Release|Any CPU.Build.0 = Release|Any CPU
		{98B44678-5D38-40FE-9745-9B8DFC8E7388}.Release|ARM.ActiveCfg = Release|Any CPU
		{98B44678-5D38-40FE-9745-9B8DFC8E7388}.Release|ARM.Build.0 = Release|Any CPU
		{98B44678-5D38-40FE-9745-9B8DFC8E7388}.Release|x86.ActiveCfg = Release|Any CPU
		{98B44678-5D38-40FE-9745-9B8DFC8E7388}.Release|x86.Build.0 = Release|Any CPU
		{0FF4C2A5-CEA1-474F-B9AB-95B09D5DAF61}.Debug|Any CPU.ActiveCfg = Debug|Any CPU
		{0FF4C2A5-CEA1-474F-B9AB-95B09D5DAF61}.Debug|Any CPU.Build.0 = Debug|Any CPU
		{0FF4C2A5-CEA1-474F-B9AB-95B09D5DAF61}.Debug|ARM.ActiveCfg = Debug|Any CPU
		{0FF4C2A5-CEA1-474F-B9AB-95B09D5DAF61}.Debug|ARM.Build.0 = Debug|Any CPU
		{0FF4C2A5-CEA1-474F-B9AB-95B09D5DAF61}.Debug|x86.ActiveCfg = Debug|Any CPU
		{0FF4C2A5-CEA1-474F-B9AB-95B09D5DAF61}.Debug|x86.Build.0 = Debug|Any CPU
		{0FF4C2A5-CEA1-474F-B9AB-95B09D5DAF61}.Release|Any CPU.ActiveCfg = Release|Any CPU
		{0FF4C2A5-CEA1-474F-B9AB-95B09D5DAF61}.Release|Any CPU.Build.0 = Release|Any CPU
		{0FF4C2A5-CEA1-474F-B9AB-95B09D5DAF61}.Release|ARM.ActiveCfg = Release|Any CPU
		{0FF4C2A5-CEA1-474F-B9AB-95B09D5DAF61}.Release|ARM.Build.0 = Release|Any CPU
		{0FF4C2A5-CEA1-474F-B9AB-95B09D5DAF61}.Release|x86.ActiveCfg = Release|Any CPU
		{0FF4C2A5-CEA1-474F-B9AB-95B09D5DAF61}.Release|x86.Build.0 = Release|Any CPU
		{C35A00E6-4C6F-4FE0-926D-847245D471BE}.Debug|Any CPU.ActiveCfg = Debug|Any CPU
		{C35A00E6-4C6F-4FE0-926D-847245D471BE}.Debug|Any CPU.Build.0 = Debug|Any CPU
		{C35A00E6-4C6F-4FE0-926D-847245D471BE}.Debug|ARM.ActiveCfg = Debug|Any CPU
		{C35A00E6-4C6F-4FE0-926D-847245D471BE}.Debug|ARM.Build.0 = Debug|Any CPU
		{C35A00E6-4C6F-4FE0-926D-847245D471BE}.Debug|x86.ActiveCfg = Debug|Any CPU
		{C35A00E6-4C6F-4FE0-926D-847245D471BE}.Debug|x86.Build.0 = Debug|Any CPU
		{C35A00E6-4C6F-4FE0-926D-847245D471BE}.Release|Any CPU.ActiveCfg = Release|Any CPU
		{C35A00E6-4C6F-4FE0-926D-847245D471BE}.Release|Any CPU.Build.0 = Release|Any CPU
		{C35A00E6-4C6F-4FE0-926D-847245D471BE}.Release|ARM.ActiveCfg = Release|Any CPU
		{C35A00E6-4C6F-4FE0-926D-847245D471BE}.Release|ARM.Build.0 = Release|Any CPU
		{C35A00E6-4C6F-4FE0-926D-847245D471BE}.Release|x86.ActiveCfg = Release|Any CPU
		{C35A00E6-4C6F-4FE0-926D-847245D471BE}.Release|x86.Build.0 = Release|Any CPU
		{0133378E-ACF3-48A5-9CF9-4010B7BA7C55}.Debug|Any CPU.ActiveCfg = Debug|Any CPU
		{0133378E-ACF3-48A5-9CF9-4010B7BA7C55}.Debug|Any CPU.Build.0 = Debug|Any CPU
		{0133378E-ACF3-48A5-9CF9-4010B7BA7C55}.Debug|ARM.ActiveCfg = Debug|Any CPU
		{0133378E-ACF3-48A5-9CF9-4010B7BA7C55}.Debug|ARM.Build.0 = Debug|Any CPU
		{0133378E-ACF3-48A5-9CF9-4010B7BA7C55}.Debug|x86.ActiveCfg = Debug|Any CPU
		{0133378E-ACF3-48A5-9CF9-4010B7BA7C55}.Debug|x86.Build.0 = Debug|Any CPU
		{0133378E-ACF3-48A5-9CF9-4010B7BA7C55}.Release|Any CPU.ActiveCfg = Release|Any CPU
		{0133378E-ACF3-48A5-9CF9-4010B7BA7C55}.Release|Any CPU.Build.0 = Release|Any CPU
		{0133378E-ACF3-48A5-9CF9-4010B7BA7C55}.Release|ARM.ActiveCfg = Release|Any CPU
		{0133378E-ACF3-48A5-9CF9-4010B7BA7C55}.Release|ARM.Build.0 = Release|Any CPU
		{0133378E-ACF3-48A5-9CF9-4010B7BA7C55}.Release|x86.ActiveCfg = Release|Any CPU
		{0133378E-ACF3-48A5-9CF9-4010B7BA7C55}.Release|x86.Build.0 = Release|Any CPU
		{EB9C94B9-91B4-4F66-9763-6CE637901145}.Debug|Any CPU.ActiveCfg = Debug|x86
		{EB9C94B9-91B4-4F66-9763-6CE637901145}.Debug|ARM.ActiveCfg = Debug|x86
		{EB9C94B9-91B4-4F66-9763-6CE637901145}.Debug|x86.ActiveCfg = Debug|x86
		{EB9C94B9-91B4-4F66-9763-6CE637901145}.Debug|x86.Build.0 = Debug|x86
		{EB9C94B9-91B4-4F66-9763-6CE637901145}.Release|Any CPU.ActiveCfg = Release|x86
		{EB9C94B9-91B4-4F66-9763-6CE637901145}.Release|ARM.ActiveCfg = Release|x86
		{EB9C94B9-91B4-4F66-9763-6CE637901145}.Release|x86.ActiveCfg = Release|x86
		{EB9C94B9-91B4-4F66-9763-6CE637901145}.Release|x86.Build.0 = Release|x86
		{D035B064-E2F3-4885-8604-D0D8F6409CD7}.Debug|Any CPU.ActiveCfg = Debug|Any CPU
		{D035B064-E2F3-4885-8604-D0D8F6409CD7}.Debug|Any CPU.Build.0 = Debug|Any CPU
		{D035B064-E2F3-4885-8604-D0D8F6409CD7}.Debug|ARM.ActiveCfg = Debug|Any CPU
		{D035B064-E2F3-4885-8604-D0D8F6409CD7}.Debug|ARM.Build.0 = Debug|Any CPU
		{D035B064-E2F3-4885-8604-D0D8F6409CD7}.Debug|x86.ActiveCfg = Debug|Any CPU
		{D035B064-E2F3-4885-8604-D0D8F6409CD7}.Debug|x86.Build.0 = Debug|Any CPU
		{D035B064-E2F3-4885-8604-D0D8F6409CD7}.Release|Any CPU.ActiveCfg = Release|Any CPU
		{D035B064-E2F3-4885-8604-D0D8F6409CD7}.Release|Any CPU.Build.0 = Release|Any CPU
		{D035B064-E2F3-4885-8604-D0D8F6409CD7}.Release|ARM.ActiveCfg = Release|Any CPU
		{D035B064-E2F3-4885-8604-D0D8F6409CD7}.Release|ARM.Build.0 = Release|Any CPU
		{D035B064-E2F3-4885-8604-D0D8F6409CD7}.Release|x86.ActiveCfg = Release|Any CPU
		{D035B064-E2F3-4885-8604-D0D8F6409CD7}.Release|x86.Build.0 = Release|Any CPU
		{1D97FB53-04EE-47CA-B789-ABAA5165B9FA}.Debug|Any CPU.ActiveCfg = Debug|Any CPU
		{1D97FB53-04EE-47CA-B789-ABAA5165B9FA}.Debug|Any CPU.Build.0 = Debug|Any CPU
		{1D97FB53-04EE-47CA-B789-ABAA5165B9FA}.Debug|ARM.ActiveCfg = Debug|Any CPU
		{1D97FB53-04EE-47CA-B789-ABAA5165B9FA}.Debug|ARM.Build.0 = Debug|Any CPU
		{1D97FB53-04EE-47CA-B789-ABAA5165B9FA}.Debug|x86.ActiveCfg = Debug|Any CPU
		{1D97FB53-04EE-47CA-B789-ABAA5165B9FA}.Debug|x86.Build.0 = Debug|Any CPU
		{1D97FB53-04EE-47CA-B789-ABAA5165B9FA}.Release|Any CPU.ActiveCfg = Release|Any CPU
		{1D97FB53-04EE-47CA-B789-ABAA5165B9FA}.Release|Any CPU.Build.0 = Release|Any CPU
		{1D97FB53-04EE-47CA-B789-ABAA5165B9FA}.Release|ARM.ActiveCfg = Release|Any CPU
		{1D97FB53-04EE-47CA-B789-ABAA5165B9FA}.Release|ARM.Build.0 = Release|Any CPU
		{1D97FB53-04EE-47CA-B789-ABAA5165B9FA}.Release|x86.ActiveCfg = Release|Any CPU
		{1D97FB53-04EE-47CA-B789-ABAA5165B9FA}.Release|x86.Build.0 = Release|Any CPU
		{EF8D737D-D7AD-417A-9081-F74A63F06643}.Debug|Any CPU.ActiveCfg = Debug|Any CPU
		{EF8D737D-D7AD-417A-9081-F74A63F06643}.Debug|Any CPU.Build.0 = Debug|Any CPU
		{EF8D737D-D7AD-417A-9081-F74A63F06643}.Debug|ARM.ActiveCfg = Debug|Any CPU
		{EF8D737D-D7AD-417A-9081-F74A63F06643}.Debug|ARM.Build.0 = Debug|Any CPU
		{EF8D737D-D7AD-417A-9081-F74A63F06643}.Debug|x86.ActiveCfg = Debug|Any CPU
		{EF8D737D-D7AD-417A-9081-F74A63F06643}.Debug|x86.Build.0 = Debug|Any CPU
		{EF8D737D-D7AD-417A-9081-F74A63F06643}.Release|Any CPU.ActiveCfg = Release|Any CPU
		{EF8D737D-D7AD-417A-9081-F74A63F06643}.Release|Any CPU.Build.0 = Release|Any CPU
		{EF8D737D-D7AD-417A-9081-F74A63F06643}.Release|ARM.ActiveCfg = Release|Any CPU
		{EF8D737D-D7AD-417A-9081-F74A63F06643}.Release|ARM.Build.0 = Release|Any CPU
		{EF8D737D-D7AD-417A-9081-F74A63F06643}.Release|x86.ActiveCfg = Release|Any CPU
		{EF8D737D-D7AD-417A-9081-F74A63F06643}.Release|x86.Build.0 = Release|Any CPU
		{96D20A96-2AC3-4C9F-80D6-E70E27B672D9}.Debug|Any CPU.ActiveCfg = Debug|Any CPU
		{96D20A96-2AC3-4C9F-80D6-E70E27B672D9}.Debug|Any CPU.Build.0 = Debug|Any CPU
		{96D20A96-2AC3-4C9F-80D6-E70E27B672D9}.Debug|ARM.ActiveCfg = Debug|Any CPU
		{96D20A96-2AC3-4C9F-80D6-E70E27B672D9}.Debug|ARM.Build.0 = Debug|Any CPU
		{96D20A96-2AC3-4C9F-80D6-E70E27B672D9}.Debug|x86.ActiveCfg = Debug|Any CPU
		{96D20A96-2AC3-4C9F-80D6-E70E27B672D9}.Debug|x86.Build.0 = Debug|Any CPU
		{96D20A96-2AC3-4C9F-80D6-E70E27B672D9}.Release|Any CPU.ActiveCfg = Release|Any CPU
		{96D20A96-2AC3-4C9F-80D6-E70E27B672D9}.Release|Any CPU.Build.0 = Release|Any CPU
		{96D20A96-2AC3-4C9F-80D6-E70E27B672D9}.Release|ARM.ActiveCfg = Release|Any CPU
		{96D20A96-2AC3-4C9F-80D6-E70E27B672D9}.Release|ARM.Build.0 = Release|Any CPU
		{96D20A96-2AC3-4C9F-80D6-E70E27B672D9}.Release|x86.ActiveCfg = Release|Any CPU
		{96D20A96-2AC3-4C9F-80D6-E70E27B672D9}.Release|x86.Build.0 = Release|Any CPU
		{AB606E4F-F0ED-469D-AB3D-63C3EE05492E}.Debug|Any CPU.ActiveCfg = Debug|Any CPU
		{AB606E4F-F0ED-469D-AB3D-63C3EE05492E}.Debug|Any CPU.Build.0 = Debug|Any CPU
		{AB606E4F-F0ED-469D-AB3D-63C3EE05492E}.Debug|ARM.ActiveCfg = Debug|Any CPU
		{AB606E4F-F0ED-469D-AB3D-63C3EE05492E}.Debug|ARM.Build.0 = Debug|Any CPU
		{AB606E4F-F0ED-469D-AB3D-63C3EE05492E}.Debug|x86.ActiveCfg = Debug|Any CPU
		{AB606E4F-F0ED-469D-AB3D-63C3EE05492E}.Debug|x86.Build.0 = Debug|Any CPU
		{AB606E4F-F0ED-469D-AB3D-63C3EE05492E}.Release|Any CPU.ActiveCfg = Release|Any CPU
		{AB606E4F-F0ED-469D-AB3D-63C3EE05492E}.Release|Any CPU.Build.0 = Release|Any CPU
		{AB606E4F-F0ED-469D-AB3D-63C3EE05492E}.Release|ARM.ActiveCfg = Release|Any CPU
		{AB606E4F-F0ED-469D-AB3D-63C3EE05492E}.Release|ARM.Build.0 = Release|Any CPU
		{AB606E4F-F0ED-469D-AB3D-63C3EE05492E}.Release|x86.ActiveCfg = Release|Any CPU
		{AB606E4F-F0ED-469D-AB3D-63C3EE05492E}.Release|x86.Build.0 = Release|Any CPU
		{2FF5BF37-DFD0-4EB0-9DDD-BF8253ABAE81}.Debug|Any CPU.ActiveCfg = Debug|Any CPU
		{2FF5BF37-DFD0-4EB0-9DDD-BF8253ABAE81}.Debug|Any CPU.Build.0 = Debug|Any CPU
		{2FF5BF37-DFD0-4EB0-9DDD-BF8253ABAE81}.Debug|ARM.ActiveCfg = Debug|Any CPU
		{2FF5BF37-DFD0-4EB0-9DDD-BF8253ABAE81}.Debug|ARM.Build.0 = Debug|Any CPU
		{2FF5BF37-DFD0-4EB0-9DDD-BF8253ABAE81}.Debug|x86.ActiveCfg = Debug|Any CPU
		{2FF5BF37-DFD0-4EB0-9DDD-BF8253ABAE81}.Debug|x86.Build.0 = Debug|Any CPU
		{2FF5BF37-DFD0-4EB0-9DDD-BF8253ABAE81}.Release|Any CPU.ActiveCfg = Release|Any CPU
		{2FF5BF37-DFD0-4EB0-9DDD-BF8253ABAE81}.Release|Any CPU.Build.0 = Release|Any CPU
		{2FF5BF37-DFD0-4EB0-9DDD-BF8253ABAE81}.Release|ARM.ActiveCfg = Release|Any CPU
		{2FF5BF37-DFD0-4EB0-9DDD-BF8253ABAE81}.Release|ARM.Build.0 = Release|Any CPU
		{2FF5BF37-DFD0-4EB0-9DDD-BF8253ABAE81}.Release|x86.ActiveCfg = Release|Any CPU
		{2FF5BF37-DFD0-4EB0-9DDD-BF8253ABAE81}.Release|x86.Build.0 = Release|Any CPU
	EndGlobalSection
	GlobalSection(SolutionProperties) = preSolution
		HideSolutionNode = FALSE
	EndGlobalSection
	GlobalSection(NestedProjects) = preSolution
		{661EE932-04C7-4C07-948B-E5814A507D83} = {BC7FA316-8B07-42CB-93C8-90F14DAFD4B8}
		{E053C350-DC3F-4A04-8E80-8F0E9928324D} = {BC7FA316-8B07-42CB-93C8-90F14DAFD4B8}
		{ED064B53-2679-4922-8D40-6DD1106E3F96} = {BC7FA316-8B07-42CB-93C8-90F14DAFD4B8}
		{02A3B0DC-CCE9-4B0E-8C06-783537912526} = {BC7FA316-8B07-42CB-93C8-90F14DAFD4B8}
		{5B61A427-3C1C-4DA6-9129-4C2068E02367} = {BC7FA316-8B07-42CB-93C8-90F14DAFD4B8}
		{2BE0959D-B862-4111-B0EB-F6E40C03CE6E} = {BC7FA316-8B07-42CB-93C8-90F14DAFD4B8}
		{07604E86-2F2B-4330-BB24-3D92AFC02EFF} = {BC7FA316-8B07-42CB-93C8-90F14DAFD4B8}
		{3A136EC1-30B6-4D2A-930C-5A54F020BD6E} = {BC7FA316-8B07-42CB-93C8-90F14DAFD4B8}
		{9EEE9D29-716F-4B0C-BFDC-E7D17CE53B66} = {BC7FA316-8B07-42CB-93C8-90F14DAFD4B8}
		{B72C1D79-F2D2-4255-BC26-453254FC5A1F} = {BC7FA316-8B07-42CB-93C8-90F14DAFD4B8}
		{DFBB5CED-1C89-4A46-B01E-A178AF513418} = {BC7FA316-8B07-42CB-93C8-90F14DAFD4B8}
		{5E0BBABF-C69E-4589-86A4-7B5F4AD0F059} = {BC7FA316-8B07-42CB-93C8-90F14DAFD4B8}
		{EA60F26B-6F88-4F75-846B-5F79EBDA3CBA} = {65D654D0-15D3-4222-A5D2-0AE0C7053D17}
		{CEA862E4-EE93-47D7-847A-4D0EE5153883} = {BC7FA316-8B07-42CB-93C8-90F14DAFD4B8}
		{6BD5297F-A1B9-49D4-9C51-35BA5786CB3A} = {BD568057-A36E-4FD8-BADD-9F5DFC27170E}
		{19226A97-188F-4F1A-A074-958AEB1ACD5E} = {BD568057-A36E-4FD8-BADD-9F5DFC27170E}
		{FAA3FB6F-2EBA-4D6A-9CFF-A0E10FBD8B66} = {A614CD30-DBA5-4586-AE81-7E7701644F43}
		{E24C20DD-B3D6-440E-B33B-EA0593F93F04} = {070EF366-2D8B-4B1C-BCFD-790FE7A3B272}
		{EC893986-9FC4-4EE1-AD9E-0A25419A5254} = {070EF366-2D8B-4B1C-BCFD-790FE7A3B272}
		{2AE06B83-C426-45E5-9EA5-61C09D245407} = {070EF366-2D8B-4B1C-BCFD-790FE7A3B272}
		{CC41A1D9-28A3-4D2E-BC9F-C5C575BF40AB} = {070EF366-2D8B-4B1C-BCFD-790FE7A3B272}
		{F01F0F60-3672-436D-AAAA-AD068E1FCB12} = {070EF366-2D8B-4B1C-BCFD-790FE7A3B272}
		{D74ED08A-F51E-40EC-89A8-7531F33B1435} = {070EF366-2D8B-4B1C-BCFD-790FE7A3B272}
		{F31D0C38-5719-4914-A8E9-7A4DD7FD57BF} = {070EF366-2D8B-4B1C-BCFD-790FE7A3B272}
		{A368CBF9-7CA2-448A-AD3C-16EDCA991395} = {070EF366-2D8B-4B1C-BCFD-790FE7A3B272}
		{776BE8E4-FC5F-4413-993B-A96F26F8E844} = {070EF366-2D8B-4B1C-BCFD-790FE7A3B272}
		{27EAD967-36B3-4E18-AEB6-4CFA03E8F1C9} = {070EF366-2D8B-4B1C-BCFD-790FE7A3B272}
		{84420EB4-60A1-407A-80CA-12E55404F92E} = {070EF366-2D8B-4B1C-BCFD-790FE7A3B272}
		{7CEE3373-0A98-4F3A-881E-86B7E0ED03C9} = {070EF366-2D8B-4B1C-BCFD-790FE7A3B272}
		{CEA88A85-862A-416F-B624-A045A852726D} = {070EF366-2D8B-4B1C-BCFD-790FE7A3B272}
		{F9D24A8B-DD68-4C93-9D34-3C07C82C916A} = {070EF366-2D8B-4B1C-BCFD-790FE7A3B272}
		{45E8A2AE-9BCB-4B94-ABB2-453B201C3E1E} = {070EF366-2D8B-4B1C-BCFD-790FE7A3B272}
		{933C2786-C7A8-492D-80FD-74DA856B6C7F} = {070EF366-2D8B-4B1C-BCFD-790FE7A3B272}
		{D2740F77-B659-4185-8A0B-9AE046C0E976} = {070EF366-2D8B-4B1C-BCFD-790FE7A3B272}
		{98B44678-5D38-40FE-9745-9B8DFC8E7388} = {070EF366-2D8B-4B1C-BCFD-790FE7A3B272}
		{0FF4C2A5-CEA1-474F-B9AB-95B09D5DAF61} = {070EF366-2D8B-4B1C-BCFD-790FE7A3B272}
		{C35A00E6-4C6F-4FE0-926D-847245D471BE} = {B2EBB4AE-F2C0-4718-9BFD-3D784468E300}
		{0133378E-ACF3-48A5-9CF9-4010B7BA7C55} = {B2EBB4AE-F2C0-4718-9BFD-3D784468E300}
		{EB9C94B9-91B4-4F66-9763-6CE637901145} = {A60F1FA1-4D8E-4522-B99C-97055D5495D1}
		{D035B064-E2F3-4885-8604-D0D8F6409CD7} = {B2EBB4AE-F2C0-4718-9BFD-3D784468E300}
		{1D97FB53-04EE-47CA-B789-ABAA5165B9FA} = {B75CB631-8429-4639-A8F4-4487455FA3A6}
		{EF8D737D-D7AD-417A-9081-F74A63F06643} = {070EF366-2D8B-4B1C-BCFD-790FE7A3B272}
		{AB606E4F-F0ED-469D-AB3D-63C3EE05492E} = {807E34C1-EC7B-4FB7-BD8A-A151469C9F9E}
		{2FF5BF37-DFD0-4EB0-9DDD-BF8253ABAE81} = {807E34C1-EC7B-4FB7-BD8A-A151469C9F9E}
	EndGlobalSection
EndGlobal
